// !$*UTF8*$!
{
	archiveVersion = 1;
	classes = {
	};
	objectVersion = 50;
	objects = {

/* Begin PBXBuildFile section */
		8D9BD5FE219F732000489488 /* CK550CommandEffects.swift in Sources */ = {isa = PBXBuildFile; fileRef = 8D9BD5FD219F732000489488 /* CK550CommandEffects.swift */; };
		8D9BD600219F7B5100489488 /* CK550CommandProfiles.swift in Sources */ = {isa = PBXBuildFile; fileRef = 8D9BD5FF219F7B5100489488 /* CK550CommandProfiles.swift */; };
		8DADC2AD219857FA008F0641 /* main.swift in Sources */ = {isa = PBXBuildFile; fileRef = 8DADC2AC219857FA008F0641 /* main.swift */; };
		8DADC2B521985882008F0641 /* HIDRaw.swift in Sources */ = {isa = PBXBuildFile; fileRef = 8DADC2B321985881008F0641 /* HIDRaw.swift */; };
		8DADC2B7219858D1008F0641 /* Data.swift in Sources */ = {isa = PBXBuildFile; fileRef = 8DADC2B6219858D1008F0641 /* Data.swift */; };
		8DADC2B92198AD50008F0641 /* CK550Command.swift in Sources */ = {isa = PBXBuildFile; fileRef = 8DADC2B82198AD50008F0641 /* CK550Command.swift */; };
		8DADC2BF2198B151008F0641 /* HIDDevice.swift in Sources */ = {isa = PBXBuildFile; fileRef = 8DADC2BE2198B151008F0641 /* HIDDevice.swift */; };
/* End PBXBuildFile section */

/* Begin PBXCopyFilesBuildPhase section */
		8DADC2A7219857FA008F0641 /* CopyFiles */ = {
			isa = PBXCopyFilesBuildPhase;
			buildActionMask = 2147483647;
			dstPath = /usr/share/man/man1/;
			dstSubfolderSpec = 0;
			files = (
			);
			runOnlyForDeploymentPostprocessing = 1;
		};
/* End PBXCopyFilesBuildPhase section */

/* Begin PBXFileReference section */
		8D9BD5FD219F732000489488 /* CK550CommandEffects.swift */ = {isa = PBXFileReference; lastKnownFileType = sourcecode.swift; name = CK550CommandEffects.swift; path = ../../CK550CommandEffects.swift; sourceTree = "<group>"; };
		8D9BD5FF219F7B5100489488 /* CK550CommandProfiles.swift */ = {isa = PBXFileReference; lastKnownFileType = sourcecode.swift; name = CK550CommandProfiles.swift; path = ../../CK550CommandProfiles.swift; sourceTree = "<group>"; };
		8DADC2A9219857FA008F0641 /* ck550-cli */ = {isa = PBXFileReference; explicitFileType = "compiled.mach-o.executable"; includeInIndex = 0; path = "ck550-cli"; sourceTree = BUILT_PRODUCTS_DIR; };
		8DADC2AC219857FA008F0641 /* main.swift */ = {isa = PBXFileReference; lastKnownFileType = sourcecode.swift; path = main.swift; sourceTree = "<group>"; };
		8DADC2B321985881008F0641 /* HIDRaw.swift */ = {isa = PBXFileReference; fileEncoding = 4; lastKnownFileType = sourcecode.swift; name = HIDRaw.swift; path = ../../HIDRaw.swift; sourceTree = "<group>"; };
		8DADC2B421985881008F0641 /* Bridging-Header.h */ = {isa = PBXFileReference; fileEncoding = 4; lastKnownFileType = sourcecode.c.h; name = "Bridging-Header.h"; path = "../../Bridging-Header.h"; sourceTree = "<group>"; };
		8DADC2B6219858D1008F0641 /* Data.swift */ = {isa = PBXFileReference; fileEncoding = 4; lastKnownFileType = sourcecode.swift; name = Data.swift; path = ../../Data.swift; sourceTree = "<group>"; };
		8DADC2B82198AD50008F0641 /* CK550Command.swift */ = {isa = PBXFileReference; lastKnownFileType = sourcecode.swift; name = CK550Command.swift; path = ../../CK550Command.swift; sourceTree = "<group>"; };
		8DADC2BE2198B151008F0641 /* HIDDevice.swift */ = {isa = PBXFileReference; lastKnownFileType = sourcecode.swift; name = HIDDevice.swift; path = ../../HIDDevice.swift; sourceTree = "<group>"; };
/* End PBXFileReference section */

/* Begin PBXFrameworksBuildPhase section */
		8DADC2A6219857FA008F0641 /* Frameworks */ = {
			isa = PBXFrameworksBuildPhase;
			buildActionMask = 2147483647;
			files = (
			);
			runOnlyForDeploymentPostprocessing = 0;
		};
/* End PBXFrameworksBuildPhase section */

/* Begin PBXGroup section */
		8DADC2A0219857FA008F0641 = {
			isa = PBXGroup;
			children = (
				8DADC2AB219857FA008F0641 /* ck550-cli */,
				8DADC2AA219857FA008F0641 /* Products */,
			);
			sourceTree = "<group>";
		};
		8DADC2AA219857FA008F0641 /* Products */ = {
			isa = PBXGroup;
			children = (
				8DADC2A9219857FA008F0641 /* ck550-cli */,
			);
			name = Products;
			sourceTree = "<group>";
		};
		8DADC2AB219857FA008F0641 /* ck550-cli */ = {
			isa = PBXGroup;
			children = (
				8DADC2B6219858D1008F0641 /* Data.swift */,
				8DADC2B421985881008F0641 /* Bridging-Header.h */,
				8DADC2B321985881008F0641 /* HIDRaw.swift */,
				8DADC2AC219857FA008F0641 /* main.swift */,
				8DADC2B82198AD50008F0641 /* CK550Command.swift */,
				8DADC2BE2198B151008F0641 /* HIDDevice.swift */,
				8D9BD5FD219F732000489488 /* CK550CommandEffects.swift */,
				8D9BD5FF219F7B5100489488 /* CK550CommandProfiles.swift */,
			);
			path = "ck550-cli";
			sourceTree = "<group>";
		};
/* End PBXGroup section */

/* Begin PBXNativeTarget section */
		8DADC2A8219857FA008F0641 /* ck550-cli */ = {
			isa = PBXNativeTarget;
			buildConfigurationList = 8DADC2B0219857FA008F0641 /* Build configuration list for PBXNativeTarget "ck550-cli" */;
			buildPhases = (
				8DADC2A5219857FA008F0641 /* Sources */,
				8DADC2A6219857FA008F0641 /* Frameworks */,
				8DADC2A7219857FA008F0641 /* CopyFiles */,
			);
			buildRules = (
			);
			dependencies = (
			);
			name = "ck550-cli";
			productName = "ck550-cli";
			productReference = 8DADC2A9219857FA008F0641 /* ck550-cli */;
			productType = "com.apple.product-type.tool";
		};
/* End PBXNativeTarget section */

/* Begin PBXProject section */
		8DADC2A1219857FA008F0641 /* Project object */ = {
			isa = PBXProject;
			attributes = {
				LastSwiftUpdateCheck = 1000;
				LastUpgradeCheck = 1000;
				ORGANIZATIONNAME = "Michal Duda";
				TargetAttributes = {
					8DADC2A8219857FA008F0641 = {
						CreatedOnToolsVersion = 10.0;
					};
				};
			};
			buildConfigurationList = 8DADC2A4219857FA008F0641 /* Build configuration list for PBXProject "ck550-cli" */;
			compatibilityVersion = "Xcode 9.3";
			developmentRegion = en;
			hasScannedForEncodings = 0;
			knownRegions = (
				en,
			);
			mainGroup = 8DADC2A0219857FA008F0641;
			productRefGroup = 8DADC2AA219857FA008F0641 /* Products */;
			projectDirPath = "";
			projectRoot = "";
			targets = (
				8DADC2A8219857FA008F0641 /* ck550-cli */,
			);
		};
/* End PBXProject section */

/* Begin PBXSourcesBuildPhase section */
		8DADC2A5219857FA008F0641 /* Sources */ = {
			isa = PBXSourcesBuildPhase;
			buildActionMask = 2147483647;
			files = (
				8DADC2B92198AD50008F0641 /* CK550Command.swift in Sources */,
				8DADC2B521985882008F0641 /* HIDRaw.swift in Sources */,
				8DADC2BF2198B151008F0641 /* HIDDevice.swift in Sources */,
				8DADC2B7219858D1008F0641 /* Data.swift in Sources */,
				8D9BD600219F7B5100489488 /* CK550CommandProfiles.swift in Sources */,
				8DADC2AD219857FA008F0641 /* main.swift in Sources */,
				8D9BD5FE219F732000489488 /* CK550CommandEffects.swift in Sources */,
			);
			runOnlyForDeploymentPostprocessing = 0;
		};
/* End PBXSourcesBuildPhase section */

/* Begin XCBuildConfiguration section */
		8DADC2AE219857FA008F0641 /* Debug */ = {
			isa = XCBuildConfiguration;
			buildSettings = {
				ALWAYS_SEARCH_USER_PATHS = NO;
				CLANG_ANALYZER_NONNULL = YES;
				CLANG_ANALYZER_NUMBER_OBJECT_CONVERSION = YES_AGGRESSIVE;
				CLANG_CXX_LANGUAGE_STANDARD = "gnu++14";
				CLANG_CXX_LIBRARY = "libc++";
				CLANG_ENABLE_MODULES = YES;
				CLANG_ENABLE_OBJC_ARC = YES;
				CLANG_ENABLE_OBJC_WEAK = YES;
				CLANG_WARN_BLOCK_CAPTURE_AUTORELEASING = YES;
				CLANG_WARN_BOOL_CONVERSION = YES;
				CLANG_WARN_COMMA = YES;
				CLANG_WARN_CONSTANT_CONVERSION = YES;
				CLANG_WARN_DEPRECATED_OBJC_IMPLEMENTATIONS = YES;
				CLANG_WARN_DIRECT_OBJC_ISA_USAGE = YES_ERROR;
				CLANG_WARN_DOCUMENTATION_COMMENTS = YES;
				CLANG_WARN_EMPTY_BODY = YES;
				CLANG_WARN_ENUM_CONVERSION = YES;
				CLANG_WARN_INFINITE_RECURSION = YES;
				CLANG_WARN_INT_CONVERSION = YES;
				CLANG_WARN_NON_LITERAL_NULL_CONVERSION = YES;
				CLANG_WARN_OBJC_IMPLICIT_RETAIN_SELF = YES;
				CLANG_WARN_OBJC_LITERAL_CONVERSION = YES;
				CLANG_WARN_OBJC_ROOT_CLASS = YES_ERROR;
				CLANG_WARN_RANGE_LOOP_ANALYSIS = YES;
				CLANG_WARN_STRICT_PROTOTYPES = YES;
				CLANG_WARN_SUSPICIOUS_MOVE = YES;
				CLANG_WARN_UNGUARDED_AVAILABILITY = YES_AGGRESSIVE;
				CLANG_WARN_UNREACHABLE_CODE = YES;
				CLANG_WARN__DUPLICATE_METHOD_MATCH = YES;
				CODE_SIGN_IDENTITY = "Mac Developer";
				COPY_PHASE_STRIP = NO;
				DEBUG_INFORMATION_FORMAT = dwarf;
				ENABLE_STRICT_OBJC_MSGSEND = YES;
				ENABLE_TESTABILITY = YES;
				GCC_C_LANGUAGE_STANDARD = gnu11;
				GCC_DYNAMIC_NO_PIC = NO;
				GCC_NO_COMMON_BLOCKS = YES;
				GCC_OPTIMIZATION_LEVEL = 0;
				GCC_PREPROCESSOR_DEFINITIONS = (
					"DEBUG=1",
					"$(inherited)",
				);
				GCC_WARN_64_TO_32_BIT_CONVERSION = YES;
				GCC_WARN_ABOUT_RETURN_TYPE = YES_ERROR;
				GCC_WARN_UNDECLARED_SELECTOR = YES;
				GCC_WARN_UNINITIALIZED_AUTOS = YES_AGGRESSIVE;
				GCC_WARN_UNUSED_FUNCTION = YES;
				GCC_WARN_UNUSED_VARIABLE = YES;
				MACOSX_DEPLOYMENT_TARGET = 10.14;
				MTL_ENABLE_DEBUG_INFO = INCLUDE_SOURCE;
				MTL_FAST_MATH = YES;
				ONLY_ACTIVE_ARCH = YES;
				SDKROOT = macosx;
				SWIFT_ACTIVE_COMPILATION_CONDITIONS = DEBUG;
				SWIFT_OBJC_BRIDGING_HEADER = "../Bridging-Header.h";
				SWIFT_OPTIMIZATION_LEVEL = "-Onone";
			};
			name = Debug;
		};
		8DADC2AF219857FA008F0641 /* Release */ = {
			isa = XCBuildConfiguration;
			buildSettings = {
				ALWAYS_SEARCH_USER_PATHS = NO;
				CLANG_ANALYZER_NONNULL = YES;
				CLANG_ANALYZER_NUMBER_OBJECT_CONVERSION = YES_AGGRESSIVE;
				CLANG_CXX_LANGUAGE_STANDARD = "gnu++14";
				CLANG_CXX_LIBRARY = "libc++";
				CLANG_ENABLE_MODULES = YES;
				CLANG_ENABLE_OBJC_ARC = YES;
				CLANG_ENABLE_OBJC_WEAK = YES;
				CLANG_WARN_BLOCK_CAPTURE_AUTORELEASING = YES;
				CLANG_WARN_BOOL_CONVERSION = YES;
				CLANG_WARN_COMMA = YES;
				CLANG_WARN_CONSTANT_CONVERSION = YES;
				CLANG_WARN_DEPRECATED_OBJC_IMPLEMENTATIONS = YES;
				CLANG_WARN_DIRECT_OBJC_ISA_USAGE = YES_ERROR;
				CLANG_WARN_DOCUMENTATION_COMMENTS = YES;
				CLANG_WARN_EMPTY_BODY = YES;
				CLANG_WARN_ENUM_CONVERSION = YES;
				CLANG_WARN_INFINITE_RECURSION = YES;
				CLANG_WARN_INT_CONVERSION = YES;
				CLANG_WARN_NON_LITERAL_NULL_CONVERSION = YES;
				CLANG_WARN_OBJC_IMPLICIT_RETAIN_SELF = YES;
				CLANG_WARN_OBJC_LITERAL_CONVERSION = YES;
				CLANG_WARN_OBJC_ROOT_CLASS = YES_ERROR;
				CLANG_WARN_RANGE_LOOP_ANALYSIS = YES;
				CLANG_WARN_STRICT_PROTOTYPES = YES;
				CLANG_WARN_SUSPICIOUS_MOVE = YES;
				CLANG_WARN_UNGUARDED_AVAILABILITY = YES_AGGRESSIVE;
				CLANG_WARN_UNREACHABLE_CODE = YES;
				CLANG_WARN__DUPLICATE_METHOD_MATCH = YES;
				CODE_SIGN_IDENTITY = "Mac Developer";
				COPY_PHASE_STRIP = NO;
				DEBUG_INFORMATION_FORMAT = "dwarf-with-dsym";
				ENABLE_NS_ASSERTIONS = NO;
				ENABLE_STRICT_OBJC_MSGSEND = YES;
				GCC_C_LANGUAGE_STANDARD = gnu11;
				GCC_NO_COMMON_BLOCKS = YES;
				GCC_WARN_64_TO_32_BIT_CONVERSION = YES;
				GCC_WARN_ABOUT_RETURN_TYPE = YES_ERROR;
				GCC_WARN_UNDECLARED_SELECTOR = YES;
				GCC_WARN_UNINITIALIZED_AUTOS = YES_AGGRESSIVE;
				GCC_WARN_UNUSED_FUNCTION = YES;
				GCC_WARN_UNUSED_VARIABLE = YES;
				MACOSX_DEPLOYMENT_TARGET = 10.14;
				MTL_ENABLE_DEBUG_INFO = NO;
				MTL_FAST_MATH = YES;
				SDKROOT = macosx;
				SWIFT_COMPILATION_MODE = wholemodule;
				SWIFT_OBJC_BRIDGING_HEADER = "../Bridging-Header.h";
				SWIFT_OPTIMIZATION_LEVEL = "-O";
			};
			name = Release;
		};
		8DADC2B1219857FA008F0641 /* Debug */ = {
			isa = XCBuildConfiguration;
			buildSettings = {
				CODE_SIGN_STYLE = Automatic;
				DEVELOPMENT_TEAM = 3HRQ8E2SZ4;
				PRODUCT_NAME = "$(TARGET_NAME)";
				SWIFT_VERSION = 4.2;
			};
			name = Debug;
		};
		8DADC2B2219857FA008F0641 /* Release */ = {
			isa = XCBuildConfiguration;
			buildSettings = {
				CODE_SIGN_STYLE = Automatic;
				DEVELOPMENT_TEAM = 3HRQ8E2SZ4;
				PRODUCT_NAME = "$(TARGET_NAME)";
				SWIFT_VERSION = 4.2;
			};
			name = Release;
		};
/* End XCBuildConfiguration section */

/* Begin XCConfigurationList section */
		8DADC2A4219857FA008F0641 /* Build configuration list for PBXProject "ck550-cli" */ = {
			isa = XCConfigurationList;
			buildConfigurations = (
				8DADC2AE219857FA008F0641 /* Debug */,
				8DADC2AF219857FA008F0641 /* Release */,
			);
			defaultConfigurationIsVisible = 0;
			defaultConfigurationName = Release;
		};
		8DADC2B0219857FA008F0641 /* Build configuration list for PBXNativeTarget "ck550-cli" */ = {
			isa = XCConfigurationList;
			buildConfigurations = (
				8DADC2B1219857FA008F0641 /* Debug */,
				8DADC2B2219857FA008F0641 /* Release */,
			);
			defaultConfigurationIsVisible = 0;
			defaultConfigurationName = Release;
		};
/* End XCConfigurationList section */
	};
	rootObject = 8DADC2A1219857FA008F0641 /* Project object */;
}
