// !$*UTF8*$!
{
	archiveVersion = 1;
	classes = {
	};
	objectVersion = 50;
	objects = {

/* Begin PBXBuildFile section */
		8D109A3821BC80D9007F2C30 /* SwiftyJSON.framework in Frameworks */ = {isa = PBXBuildFile; fileRef = 8D109A2821BC7794007F2C30 /* SwiftyJSON.framework */; };
		8D109A3921BC80D9007F2C30 /* SwiftyJSON.framework in Embed Frameworks */ = {isa = PBXBuildFile; fileRef = 8D109A2821BC7794007F2C30 /* SwiftyJSON.framework */; settings = {ATTRIBUTES = (CodeSignOnCopy, RemoveHeadersOnCopy, ); }; };
		8D20654A21BC7394000FF8E4 /* CK550CommandBreathing.swift in Sources */ = {isa = PBXBuildFile; fileRef = 8D49DCA521B5BD1500BAC6F8 /* CK550CommandBreathing.swift */; };
		8D20654B21BC7394000FF8E4 /* CK550CommandCircleSpectrum.swift in Sources */ = {isa = PBXBuildFile; fileRef = 8D4281FF21B4842100EB1F76 /* CK550CommandCircleSpectrum.swift */; };
		8D20654C21BC7394000FF8E4 /* CK550CommandColorCycle.swift in Sources */ = {isa = PBXBuildFile; fileRef = 8D4281F721B4684500EB1F76 /* CK550CommandColorCycle.swift */; };
		8D20654D21BC7394000FF8E4 /* CK550CommandCustomization.swift in Sources */ = {isa = PBXBuildFile; fileRef = 8D34C6B721AD6393007746B6 /* CK550CommandCustomization.swift */; };
		8D20654E21BC7394000FF8E4 /* CK550CommandOff.swift in Sources */ = {isa = PBXBuildFile; fileRef = 8D49DCA321B5A9AC00BAC6F8 /* CK550CommandOff.swift */; };
		8D20654F21BC7394000FF8E4 /* CK550CommandReactiveTornado.swift in Sources */ = {isa = PBXBuildFile; fileRef = 8D4281FD21B47F9D00EB1F76 /* CK550CommandReactiveTornado.swift */; };
		8D20655021BC7394000FF8E4 /* CK550CommandRipple.swift in Sources */ = {isa = PBXBuildFile; fileRef = 8D34C71D21B32665007746B6 /* CK550CommandRipple.swift */; };
		8D20655121BC7394000FF8E4 /* CK550CommandSingleKey.swift in Sources */ = {isa = PBXBuildFile; fileRef = 8D34C71921B1E125007746B6 /* CK550CommandSingleKey.swift */; };
		8D20655221BC7394000FF8E4 /* CK550CommandSnowing.swift in Sources */ = {isa = PBXBuildFile; fileRef = 8D4281F921B46B2D00EB1F76 /* CK550CommandSnowing.swift */; };
		8D20655321BC7394000FF8E4 /* CK550CommandStars.swift in Sources */ = {isa = PBXBuildFile; fileRef = 8D4281FB21B4738E00EB1F76 /* CK550CommandStars.swift */; };
		8D20655421BC7394000FF8E4 /* CK550CommandStatic.swift in Sources */ = {isa = PBXBuildFile; fileRef = 8D49DCA121B5A8B900BAC6F8 /* CK550CommandStatic.swift */; };
		8D20655521BC7394000FF8E4 /* CK550CommandWave.swift in Sources */ = {isa = PBXBuildFile; fileRef = 8D34C71B21B315A1007746B6 /* CK550CommandWave.swift */; };
		8D20655621BC7394000FF8E4 /* CK550Command.swift in Sources */ = {isa = PBXBuildFile; fileRef = 8D34C6B521AD6393007746B6 /* CK550Command.swift */; };
		8D20655721BC7394000FF8E4 /* CK550CommandEffects.swift in Sources */ = {isa = PBXBuildFile; fileRef = 8D34C6B621AD6393007746B6 /* CK550CommandEffects.swift */; };
		8D20655821BC7394000FF8E4 /* CK550CommandFirmware.swift in Sources */ = {isa = PBXBuildFile; fileRef = 8D34C6B421AD6393007746B6 /* CK550CommandFirmware.swift */; };
		8D20655921BC7394000FF8E4 /* CK550CommandProfiles.swift in Sources */ = {isa = PBXBuildFile; fileRef = 8D34C6B821AD6393007746B6 /* CK550CommandProfiles.swift */; };
		8D20655A21BC7394000FF8E4 /* CK550HIDDeviceCommand.swift in Sources */ = {isa = PBXBuildFile; fileRef = 8D34C71221AF168F007746B6 /* CK550HIDDeviceCommand.swift */; };
		8D20655B21BC7394000FF8E4 /* CK550HIDClientCommand.swift in Sources */ = {isa = PBXBuildFile; fileRef = 8D34C71421AF173C007746B6 /* CK550HIDClientCommand.swift */; };
		8D20655C21BC7394000FF8E4 /* CK550HIDCommand.swift in Sources */ = {isa = PBXBuildFile; fileRef = 8D34C70921AED604007746B6 /* CK550HIDCommand.swift */; };
		8D20655D21BC7394000FF8E4 /* CK550HIDDevice.swift in Sources */ = {isa = PBXBuildFile; fileRef = 8D34C70721ADF458007746B6 /* CK550HIDDevice.swift */; };
		8D20655E21BC7394000FF8E4 /* Queue.swift in Sources */ = {isa = PBXBuildFile; fileRef = 8D34C71021AEDC19007746B6 /* Queue.swift */; };
		8D20655F21BC7394000FF8E4 /* HIDDeviceProtocol.swift in Sources */ = {isa = PBXBuildFile; fileRef = 8D34C70221ADE932007746B6 /* HIDDeviceProtocol.swift */; };
		8D20656021BC7394000FF8E4 /* HIDDevice.swift in Sources */ = {isa = PBXBuildFile; fileRef = 8D34C6BF21AD63A6007746B6 /* HIDDevice.swift */; };
		8D20656121BC7394000FF8E4 /* HIDRaw.swift in Sources */ = {isa = PBXBuildFile; fileRef = 8D34C6BE21AD63A6007746B6 /* HIDRaw.swift */; };
		8D20656221BC7394000FF8E4 /* HIDEnumerationNotification.swift in Sources */ = {isa = PBXBuildFile; fileRef = 8D34C6C221AD63B2007746B6 /* HIDEnumerationNotification.swift */; };
		8D20656321BC7394000FF8E4 /* Data.swift in Sources */ = {isa = PBXBuildFile; fileRef = 8D34C6C421AD63BB007746B6 /* Data.swift */; };
		8D20656421BC7394000FF8E4 /* Logging.swift in Sources */ = {isa = PBXBuildFile; fileRef = 8D34C6C521AD63BB007746B6 /* Logging.swift */; };
		8D20656521BC7469000FF8E4 /* main.swift in Sources */ = {isa = PBXBuildFile; fileRef = 8D34C6CF21AD64A7007746B6 /* main.swift */; };
		8D2214C921C8362B006609D3 /* CK550OffEffectCustomizationLayout.swift in Sources */ = {isa = PBXBuildFile; fileRef = 8D2214C821C8362B006609D3 /* CK550OffEffectCustomizationLayout.swift */; };
		8D2214CB21C83718006609D3 /* CK550OffEffectCustomizationLayoutUS.swift in Sources */ = {isa = PBXBuildFile; fileRef = 8D2214CA21C83718006609D3 /* CK550OffEffectCustomizationLayoutUS.swift */; };
		8D6FB4C721C9A4B400C25DA6 /* AboutWindow.xib in Resources */ = {isa = PBXBuildFile; fileRef = 8D6FB4C621C9A4B400C25DA6 /* AboutWindow.xib */; };
		8D6FB4C921CA614E00C25DA6 /* AboutWindowController.swift in Sources */ = {isa = PBXBuildFile; fileRef = 8D6FB4C821CA614E00C25DA6 /* AboutWindowController.swift */; };
		8D6FB4CC21CA774B00C25DA6 /* LicenseWindow.xib in Resources */ = {isa = PBXBuildFile; fileRef = 8D6FB4CB21CA774B00C25DA6 /* LicenseWindow.xib */; };
		8D6FB4CE21CA77E100C25DA6 /* LicenseWindowController.swift in Sources */ = {isa = PBXBuildFile; fileRef = 8D6FB4CD21CA77E100C25DA6 /* LicenseWindowController.swift */; };
		8D6FB4D021CAB7BD00C25DA6 /* ReleaseNotesWindowController.swift in Sources */ = {isa = PBXBuildFile; fileRef = 8D6FB4CF21CAB7BD00C25DA6 /* ReleaseNotesWindowController.swift */; };
		8D6FB4D221CAB8C700C25DA6 /* ReleaseNotesWindow.xib in Resources */ = {isa = PBXBuildFile; fileRef = 8D6FB4D121CAB8C700C25DA6 /* ReleaseNotesWindow.xib */; };
		8D6FB4D621CAEEEA00C25DA6 /* EffectMenuView.xib in Resources */ = {isa = PBXBuildFile; fileRef = 8D6FB4D521CAEEEA00C25DA6 /* EffectMenuView.xib */; };
		8D6FB4D821CAEF6E00C25DA6 /* EffectMenuViewController.swift in Sources */ = {isa = PBXBuildFile; fileRef = 8D6FB4D721CAEF6E00C25DA6 /* EffectMenuViewController.swift */; };
		8D6FB4DA21CBC6F600C25DA6 /* SupportedEffects.swift in Sources */ = {isa = PBXBuildFile; fileRef = 8D6FB4D921CBC6F600C25DA6 /* SupportedEffects.swift */; };
		8D6FB4DC21CBD79C00C25DA6 /* NSViewExtension.swift in Sources */ = {isa = PBXBuildFile; fileRef = 8D6FB4DB21CBD79C00C25DA6 /* NSViewExtension.swift */; };
		8D6FB4DE21CC142D00C25DA6 /* EffectToggledNotification.swift in Sources */ = {isa = PBXBuildFile; fileRef = 8D6FB4DD21CC142D00C25DA6 /* EffectToggledNotification.swift */; };
		8D6FB4E021CD89B400C25DA6 /* NSStoryboardExtension.swift in Sources */ = {isa = PBXBuildFile; fileRef = 8D6FB4DF21CD89B400C25DA6 /* NSStoryboardExtension.swift */; };
		8D72819321C2F5DB00963B1D /* EvaluationSupport.swift in Sources */ = {isa = PBXBuildFile; fileRef = 8D72819021C2F27A00963B1D /* EvaluationSupport.swift */; };
		8D72819621C307CD00963B1D /* CommonArguments.swift in Sources */ = {isa = PBXBuildFile; fileRef = 8D72819421C307B100963B1D /* CommonArguments.swift */; };
		8D72819821C30EA900963B1D /* SingleKeyCommand.swift in Sources */ = {isa = PBXBuildFile; fileRef = 8D72819721C30EA900963B1D /* SingleKeyCommand.swift */; };
		8D72819A21C3CEBD00963B1D /* CommonColors.swift in Sources */ = {isa = PBXBuildFile; fileRef = 8D72819921C3CEBD00963B1D /* CommonColors.swift */; };
		8D72819E21C3D13E00963B1D /* WaveCommand.swift in Sources */ = {isa = PBXBuildFile; fileRef = 8D72819D21C3D13E00963B1D /* WaveCommand.swift */; };
		8D7281A021C3E98700963B1D /* RippleCommand.swift in Sources */ = {isa = PBXBuildFile; fileRef = 8D72819F21C3E98700963B1D /* RippleCommand.swift */; };
		8D7281A221C3EA8B00963B1D /* StaticCommand.swift in Sources */ = {isa = PBXBuildFile; fileRef = 8D7281A121C3EA8B00963B1D /* StaticCommand.swift */; };
		8D7281A421C3EB5600963B1D /* OffCommand.swift in Sources */ = {isa = PBXBuildFile; fileRef = 8D7281A321C3EB5600963B1D /* OffCommand.swift */; };
		8D7281A621C3EC8900963B1D /* SnowingCommand.swift in Sources */ = {isa = PBXBuildFile; fileRef = 8D7281A521C3EC8900963B1D /* SnowingCommand.swift */; };
		8D7281A821C4269000963B1D /* AssembleCommandReactiveTornado.swift in Sources */ = {isa = PBXBuildFile; fileRef = 8D7281A721C4269000963B1D /* AssembleCommandReactiveTornado.swift */; };
		8D7281AA21C4289F00963B1D /* AssembleCommandCircleSpectrum.swift in Sources */ = {isa = PBXBuildFile; fileRef = 8D7281A921C4289F00963B1D /* AssembleCommandCircleSpectrum.swift */; };
		8D7281AC21C429BD00963B1D /* AssembleCommandStars.swift in Sources */ = {isa = PBXBuildFile; fileRef = 8D7281AB21C429BD00963B1D /* AssembleCommandStars.swift */; };
		8D7281AE21C42FE500963B1D /* ReactiveTornadoCommand.swift in Sources */ = {isa = PBXBuildFile; fileRef = 8D7281AD21C42FE500963B1D /* ReactiveTornadoCommand.swift */; };
		8D7281B021C4323300963B1D /* CircleSpectrumCommand.swift in Sources */ = {isa = PBXBuildFile; fileRef = 8D7281AF21C4323300963B1D /* CircleSpectrumCommand.swift */; };
		8D7281B221C4346300963B1D /* StarsCommand.swift in Sources */ = {isa = PBXBuildFile; fileRef = 8D7281B121C4346300963B1D /* StarsCommand.swift */; };
		8D73C64921CE82310021FA4B /* PreferencesViewController.swift in Sources */ = {isa = PBXBuildFile; fileRef = 8D73C64821CE82310021FA4B /* PreferencesViewController.swift */; };
		8D73C64B21CFDBB30021FA4B /* EffectPreferenceView.xib in Resources */ = {isa = PBXBuildFile; fileRef = 8D73C64A21CFDBB30021FA4B /* EffectPreferenceView.xib */; };
		8D73C64D21CFED820021FA4B /* EffectPreferenceViewController.swift in Sources */ = {isa = PBXBuildFile; fileRef = 8D73C64C21CFED820021FA4B /* EffectPreferenceViewController.swift */; };
		8D73C64F21D01C4F0021FA4B /* EffectNoPreferenceView.xib in Resources */ = {isa = PBXBuildFile; fileRef = 8D73C64E21D01C4F0021FA4B /* EffectNoPreferenceView.xib */; };
		8D73C65121D022910021FA4B /* EffectNoPreferenceViewController.swift in Sources */ = {isa = PBXBuildFile; fileRef = 8D73C65021D022910021FA4B /* EffectNoPreferenceViewController.swift */; };
		8D73C65321D0DE520021FA4B /* PreferencesViewControllerOutline.swift in Sources */ = {isa = PBXBuildFile; fileRef = 8D73C65221D0DE520021FA4B /* PreferencesViewControllerOutline.swift */; };
		8D73C65521D179D00021FA4B /* Defaults.swift in Sources */ = {isa = PBXBuildFile; fileRef = 8D73C65421D179D00021FA4B /* Defaults.swift */; };
		8D73C65621D1855C0021FA4B /* SwiftyJSON.framework in Frameworks */ = {isa = PBXBuildFile; fileRef = 8D109A2821BC7794007F2C30 /* SwiftyJSON.framework */; };
		8D73C65721D1855C0021FA4B /* SwiftyJSON.framework in Embed Frameworks */ = {isa = PBXBuildFile; fileRef = 8D109A2821BC7794007F2C30 /* SwiftyJSON.framework */; settings = {ATTRIBUTES = (CodeSignOnCopy, RemoveHeadersOnCopy, ); }; };
		8D73C65A21D2C45D0021FA4B /* RGBColorExtension.swift in Sources */ = {isa = PBXBuildFile; fileRef = 8D73C65921D2C45D0021FA4B /* RGBColorExtension.swift */; };
		8D73C65C21D40E240021FA4B /* NSColorExtension.swift in Sources */ = {isa = PBXBuildFile; fileRef = 8D73C65B21D40E240021FA4B /* NSColorExtension.swift */; };
		8D73C65E21D420330021FA4B /* EffectsPreferenceView.xib in Resources */ = {isa = PBXBuildFile; fileRef = 8D73C65D21D420330021FA4B /* EffectsPreferenceView.xib */; };
		8D73C66021D4252E0021FA4B /* EffectsPreferenceViewController.swift in Sources */ = {isa = PBXBuildFile; fileRef = 8D73C65F21D4252E0021FA4B /* EffectsPreferenceViewController.swift */; };
		8D73C66221D6705F0021FA4B /* EffectConfigureNotification.swift in Sources */ = {isa = PBXBuildFile; fileRef = 8D73C66121D6705F0021FA4B /* EffectConfigureNotification.swift */; };
		8D73C66421D670920021FA4B /* EffectSelectConfigurationNotification.swift in Sources */ = {isa = PBXBuildFile; fileRef = 8D73C66321D670920021FA4B /* EffectSelectConfigurationNotification.swift */; };
		8D73C66621D671120021FA4B /* EffectDefaultConfigurationNotification.swift in Sources */ = {isa = PBXBuildFile; fileRef = 8D73C66521D671120021FA4B /* EffectDefaultConfigurationNotification.swift */; };
		8D73C66821D6BBDB0021FA4B /* AppPreferences.swift in Sources */ = {isa = PBXBuildFile; fileRef = 8D73C66721D6BBDB0021FA4B /* AppPreferences.swift */; };
		8D75FABA21C5480A00574CF1 /* CK550CommandWaterRipple.swift in Sources */ = {isa = PBXBuildFile; fileRef = 8D75FAB921C5480A00574CF1 /* CK550CommandWaterRipple.swift */; };
		8D75FABC21C5518F00574CF1 /* CK550CommandFireball.swift in Sources */ = {isa = PBXBuildFile; fileRef = 8D75FABB21C5518F00574CF1 /* CK550CommandFireball.swift */; };
		8D75FABE21C5538E00574CF1 /* CK550CommandReactivePunch.swift in Sources */ = {isa = PBXBuildFile; fileRef = 8D75FABD21C5538E00574CF1 /* CK550CommandReactivePunch.swift */; };
		8D75FAC021C58A5300574CF1 /* CK550CommandHeartbeat.swift in Sources */ = {isa = PBXBuildFile; fileRef = 8D75FABF21C58A5300574CF1 /* CK550CommandHeartbeat.swift */; };
		8D75FAC221C592B400574CF1 /* FireballCommand.swift in Sources */ = {isa = PBXBuildFile; fileRef = 8D75FAC121C592B400574CF1 /* FireballCommand.swift */; };
		8D75FAC421C595C100574CF1 /* HeartbeatCommand.swift in Sources */ = {isa = PBXBuildFile; fileRef = 8D75FAC321C595C100574CF1 /* HeartbeatCommand.swift */; };
		8D75FAC621C5964E00574CF1 /* ReactivePunchCommand.swift in Sources */ = {isa = PBXBuildFile; fileRef = 8D75FAC521C5964E00574CF1 /* ReactivePunchCommand.swift */; };
		8D75FAC821C596BB00574CF1 /* WaterRippleCommand.swift in Sources */ = {isa = PBXBuildFile; fileRef = 8D75FAC721C596BB00574CF1 /* WaterRippleCommand.swift */; };
		8D75FACA21C597DA00574CF1 /* AssembleCommandFireball.swift in Sources */ = {isa = PBXBuildFile; fileRef = 8D75FAC921C597DA00574CF1 /* AssembleCommandFireball.swift */; };
		8D75FACC21C5988800574CF1 /* AssembleCommandHeartbeat.swift in Sources */ = {isa = PBXBuildFile; fileRef = 8D75FACB21C5988800574CF1 /* AssembleCommandHeartbeat.swift */; };
		8D75FACE21C598A700574CF1 /* AssembleCommandReactivePunch.swift in Sources */ = {isa = PBXBuildFile; fileRef = 8D75FACD21C598A700574CF1 /* AssembleCommandReactivePunch.swift */; };
		8D75FAD021C598C300574CF1 /* AssembleCommandWaterRipple.swift in Sources */ = {isa = PBXBuildFile; fileRef = 8D75FACF21C598C300574CF1 /* AssembleCommandWaterRipple.swift */; };
		8D75FAD221C5A4A800574CF1 /* CK550CommandCrosshair.swift in Sources */ = {isa = PBXBuildFile; fileRef = 8D75FAD121C5A4A800574CF1 /* CK550CommandCrosshair.swift */; };
		8D75FAD421C5A6FC00574CF1 /* AssembleCommandCrosshair.swift in Sources */ = {isa = PBXBuildFile; fileRef = 8D75FAD321C5A6FC00574CF1 /* AssembleCommandCrosshair.swift */; };
		8D75FAD621C5A88300574CF1 /* CrosshairCommand.swift in Sources */ = {isa = PBXBuildFile; fileRef = 8D75FAD521C5A88300574CF1 /* CrosshairCommand.swift */; };
		8D84AAC521C970CE00087947 /* AppDelegate.swift in Sources */ = {isa = PBXBuildFile; fileRef = 8D84AAC421C970CE00087947 /* AppDelegate.swift */; };
		8D84AAC921C970D300087947 /* Assets.xcassets in Resources */ = {isa = PBXBuildFile; fileRef = 8D84AAC821C970D300087947 /* Assets.xcassets */; };
		8D84AACC21C970D300087947 /* Preferences.storyboard in Resources */ = {isa = PBXBuildFile; fileRef = 8D84AACA21C970D300087947 /* Preferences.storyboard */; };
		8D84AAD321C9723600087947 /* MainMenu.xib in Resources */ = {isa = PBXBuildFile; fileRef = 8D84AAD221C9723600087947 /* MainMenu.xib */; };
		8D84AAD721C9799C00087947 /* StatusMenuController.swift in Sources */ = {isa = PBXBuildFile; fileRef = 8D84AAD621C9799C00087947 /* StatusMenuController.swift */; };
		8D84AAD921C9824D00087947 /* BundleExtension.swift in Sources */ = {isa = PBXBuildFile; fileRef = 8D84AAD821C9824D00087947 /* BundleExtension.swift */; };
		8D84AADC21C989CE00087947 /* ToggleMonitoringViewController.swift in Sources */ = {isa = PBXBuildFile; fileRef = 8D84AADB21C989CE00087947 /* ToggleMonitoringViewController.swift */; };
		8D84AADF21C9932E00087947 /* MonitoringNotification.swift in Sources */ = {isa = PBXBuildFile; fileRef = 8D84AADE21C9932E00087947 /* MonitoringNotification.swift */; };
		8D84AAE021C994FE00087947 /* Logging.swift in Sources */ = {isa = PBXBuildFile; fileRef = 8D34C6C521AD63BB007746B6 /* Logging.swift */; };
		8D966E3421BF03A5009AF6E6 /* AssembleCommandBreathing.swift in Sources */ = {isa = PBXBuildFile; fileRef = 8D966E3321BF03A5009AF6E6 /* AssembleCommandBreathing.swift */; };
		8D966E3621BF0535009AF6E6 /* AssembleCommandRipple.swift in Sources */ = {isa = PBXBuildFile; fileRef = 8D966E3521BF0535009AF6E6 /* AssembleCommandRipple.swift */; };
		8D966E3821BF0667009AF6E6 /* AssembleCommandWave.swift in Sources */ = {isa = PBXBuildFile; fileRef = 8D966E3721BF0667009AF6E6 /* AssembleCommandWave.swift */; };
		8D966E3A21BF0745009AF6E6 /* AssembleCommandSingleKey.swift in Sources */ = {isa = PBXBuildFile; fileRef = 8D966E3921BF0745009AF6E6 /* AssembleCommandSingleKey.swift */; };
		8D966E3C21BF0826009AF6E6 /* AssembleCommandFirmwareVersion.swift in Sources */ = {isa = PBXBuildFile; fileRef = 8D966E3B21BF0826009AF6E6 /* AssembleCommandFirmwareVersion.swift */; };
		8D966E3E21BF0A68009AF6E6 /* AssembleCommandColorCycle.swift in Sources */ = {isa = PBXBuildFile; fileRef = 8D966E3D21BF0A68009AF6E6 /* AssembleCommandColorCycle.swift */; };
		8D966E4021BF0B8A009AF6E6 /* AssembleCommandStatic.swift in Sources */ = {isa = PBXBuildFile; fileRef = 8D966E3F21BF0B8A009AF6E6 /* AssembleCommandStatic.swift */; };
		8D966E4221BF0C07009AF6E6 /* AssembleCommandOff.swift in Sources */ = {isa = PBXBuildFile; fileRef = 8D966E4121BF0C07009AF6E6 /* AssembleCommandOff.swift */; };
		8D966E4421BF0C93009AF6E6 /* AssembleCommandSnowing.swift in Sources */ = {isa = PBXBuildFile; fileRef = 8D966E4321BF0C93009AF6E6 /* AssembleCommandSnowing.swift */; };
		8D966E4621C031C5009AF6E6 /* AssembleCommandProfile.swift in Sources */ = {isa = PBXBuildFile; fileRef = 8D966E4521C031C5009AF6E6 /* AssembleCommandProfile.swift */; };
		8D966E4821C035C8009AF6E6 /* PrettyColors.framework in Frameworks */ = {isa = PBXBuildFile; fileRef = 8D966E4721C035C8009AF6E6 /* PrettyColors.framework */; };
		8D966E4A21C0375F009AF6E6 /* Terminal.swift in Sources */ = {isa = PBXBuildFile; fileRef = 8D966E4921C0375F009AF6E6 /* Terminal.swift */; };
		8D966E4C21C18425009AF6E6 /* Commandant.framework in Frameworks */ = {isa = PBXBuildFile; fileRef = 8D966E4B21C18425009AF6E6 /* Commandant.framework */; };
		8D966E4D21C18490009AF6E6 /* Commandant.framework in Embed Frameworks */ = {isa = PBXBuildFile; fileRef = 8D966E4B21C18425009AF6E6 /* Commandant.framework */; settings = {ATTRIBUTES = (CodeSignOnCopy, RemoveHeadersOnCopy, ); }; };
		8D966E4E21C18490009AF6E6 /* PrettyColors.framework in Embed Frameworks */ = {isa = PBXBuildFile; fileRef = 8D966E4721C035C8009AF6E6 /* PrettyColors.framework */; settings = {ATTRIBUTES = (CodeSignOnCopy, RemoveHeadersOnCopy, ); }; };
		8D966E5021C1859C009AF6E6 /* Result.framework in Frameworks */ = {isa = PBXBuildFile; fileRef = 8D966E4F21C1859C009AF6E6 /* Result.framework */; };
		8D966E5121C185DD009AF6E6 /* Result.framework in Embed Frameworks */ = {isa = PBXBuildFile; fileRef = 8D966E4F21C1859C009AF6E6 /* Result.framework */; settings = {ATTRIBUTES = (CodeSignOnCopy, RemoveHeadersOnCopy, ); }; };
		8D966E5421C186A3009AF6E6 /* VersionCommand.swift in Sources */ = {isa = PBXBuildFile; fileRef = 8D966E5321C186A3009AF6E6 /* VersionCommand.swift */; };
		8D966E5621C18B79009AF6E6 /* MonitorCommand.swift in Sources */ = {isa = PBXBuildFile; fileRef = 8D966E5521C18B79009AF6E6 /* MonitorCommand.swift */; };
		8D966E5821C19993009AF6E6 /* Curry.framework in Frameworks */ = {isa = PBXBuildFile; fileRef = 8D966E5721C19993009AF6E6 /* Curry.framework */; };
		8D966E5921C199D4009AF6E6 /* Curry.framework in Embed Frameworks */ = {isa = PBXBuildFile; fileRef = 8D966E5721C19993009AF6E6 /* Curry.framework */; settings = {ATTRIBUTES = (CodeSignOnCopy, RemoveHeadersOnCopy, ); }; };
		8D966E5B21C19A75009AF6E6 /* CustomizationCommand.swift in Sources */ = {isa = PBXBuildFile; fileRef = 8D966E5A21C19A75009AF6E6 /* CustomizationCommand.swift */; };
		8D966E5D21C1A60A009AF6E6 /* CLI.swift in Sources */ = {isa = PBXBuildFile; fileRef = 8D966E5C21C1A60A009AF6E6 /* CLI.swift */; };
		8D966E5F21C1B65E009AF6E6 /* ColorCycleCommand.swift in Sources */ = {isa = PBXBuildFile; fileRef = 8D966E5E21C1B65E009AF6E6 /* ColorCycleCommand.swift */; };
		8D966E6121C1BD8D009AF6E6 /* BreathingCommand.swift in Sources */ = {isa = PBXBuildFile; fileRef = 8D966E6021C1BD8D009AF6E6 /* BreathingCommand.swift */; };
		8DFD0D0621BDB105009905CD /* AssembleCommandCustomization.swift in Sources */ = {isa = PBXBuildFile; fileRef = 8DFD0D0521BDB105009905CD /* AssembleCommandCustomization.swift */; };
		8DFD0D0821BDB765009905CD /* AssembleCommand.swift in Sources */ = {isa = PBXBuildFile; fileRef = 8DFD0D0721BDB765009905CD /* AssembleCommand.swift */; };
/* End PBXBuildFile section */

/* Begin PBXCopyFilesBuildPhase section */
		8D109A3A21BC80D9007F2C30 /* Embed Frameworks */ = {
			isa = PBXCopyFilesBuildPhase;
			buildActionMask = 2147483647;
			dstPath = "";
			dstSubfolderSpec = 10;
			files = (
				8D966E5921C199D4009AF6E6 /* Curry.framework in Embed Frameworks */,
				8D966E5121C185DD009AF6E6 /* Result.framework in Embed Frameworks */,
				8D966E4D21C18490009AF6E6 /* Commandant.framework in Embed Frameworks */,
				8D966E4E21C18490009AF6E6 /* PrettyColors.framework in Embed Frameworks */,
				8D109A3921BC80D9007F2C30 /* SwiftyJSON.framework in Embed Frameworks */,
			);
			name = "Embed Frameworks";
			runOnlyForDeploymentPostprocessing = 0;
		};
		8D73C65821D1855D0021FA4B /* Embed Frameworks */ = {
			isa = PBXCopyFilesBuildPhase;
			buildActionMask = 2147483647;
			dstPath = "";
			dstSubfolderSpec = 10;
			files = (
				8D73C65721D1855C0021FA4B /* SwiftyJSON.framework in Embed Frameworks */,
			);
			name = "Embed Frameworks";
			runOnlyForDeploymentPostprocessing = 0;
		};
/* End PBXCopyFilesBuildPhase section */

/* Begin PBXFileReference section */
		8D109A2821BC7794007F2C30 /* SwiftyJSON.framework */ = {isa = PBXFileReference; lastKnownFileType = wrapper.framework; name = SwiftyJSON.framework; path = ../Carthage/Build/Mac/SwiftyJSON.framework; sourceTree = "<group>"; };
		8D20653321BC72CF000FF8E4 /* ck550-cli.app */ = {isa = PBXFileReference; explicitFileType = wrapper.application; includeInIndex = 0; path = "ck550-cli.app"; sourceTree = BUILT_PRODUCTS_DIR; };
		8D20654221BC7359000FF8E4 /* Info.plist */ = {isa = PBXFileReference; fileEncoding = 4; lastKnownFileType = text.plist.xml; name = Info.plist; path = cli/Info.plist; sourceTree = "<group>"; };
		8D2214C821C8362B006609D3 /* CK550OffEffectCustomizationLayout.swift */ = {isa = PBXFileReference; lastKnownFileType = sourcecode.swift; path = CK550OffEffectCustomizationLayout.swift; sourceTree = "<group>"; };
		8D2214CA21C83718006609D3 /* CK550OffEffectCustomizationLayoutUS.swift */ = {isa = PBXFileReference; lastKnownFileType = sourcecode.swift; path = CK550OffEffectCustomizationLayoutUS.swift; sourceTree = "<group>"; };
		8D34C6B421AD6393007746B6 /* CK550CommandFirmware.swift */ = {isa = PBXFileReference; fileEncoding = 4; lastKnownFileType = sourcecode.swift; path = CK550CommandFirmware.swift; sourceTree = "<group>"; };
		8D34C6B521AD6393007746B6 /* CK550Command.swift */ = {isa = PBXFileReference; fileEncoding = 4; lastKnownFileType = sourcecode.swift; path = CK550Command.swift; sourceTree = "<group>"; };
		8D34C6B621AD6393007746B6 /* CK550CommandEffects.swift */ = {isa = PBXFileReference; fileEncoding = 4; lastKnownFileType = sourcecode.swift; path = CK550CommandEffects.swift; sourceTree = "<group>"; };
		8D34C6B721AD6393007746B6 /* CK550CommandCustomization.swift */ = {isa = PBXFileReference; fileEncoding = 4; lastKnownFileType = sourcecode.swift; path = CK550CommandCustomization.swift; sourceTree = "<group>"; };
		8D34C6B821AD6393007746B6 /* CK550CommandProfiles.swift */ = {isa = PBXFileReference; fileEncoding = 4; lastKnownFileType = sourcecode.swift; path = CK550CommandProfiles.swift; sourceTree = "<group>"; };
		8D34C6BE21AD63A6007746B6 /* HIDRaw.swift */ = {isa = PBXFileReference; fileEncoding = 4; lastKnownFileType = sourcecode.swift; path = HIDRaw.swift; sourceTree = "<group>"; };
		8D34C6BF21AD63A6007746B6 /* HIDDevice.swift */ = {isa = PBXFileReference; fileEncoding = 4; lastKnownFileType = sourcecode.swift; path = HIDDevice.swift; sourceTree = "<group>"; };
		8D34C6C221AD63B2007746B6 /* HIDEnumerationNotification.swift */ = {isa = PBXFileReference; fileEncoding = 4; lastKnownFileType = sourcecode.swift; path = HIDEnumerationNotification.swift; sourceTree = "<group>"; };
		8D34C6C421AD63BB007746B6 /* Data.swift */ = {isa = PBXFileReference; fileEncoding = 4; lastKnownFileType = sourcecode.swift; path = Data.swift; sourceTree = "<group>"; };
		8D34C6C521AD63BB007746B6 /* Logging.swift */ = {isa = PBXFileReference; fileEncoding = 4; lastKnownFileType = sourcecode.swift; path = Logging.swift; sourceTree = "<group>"; };
		8D34C6C821AD63CA007746B6 /* Bridging-Header.h */ = {isa = PBXFileReference; fileEncoding = 4; lastKnownFileType = sourcecode.c.h; path = "Bridging-Header.h"; sourceTree = "<group>"; };
		8D34C6CF21AD64A7007746B6 /* main.swift */ = {isa = PBXFileReference; fileEncoding = 4; lastKnownFileType = sourcecode.swift; name = main.swift; path = cli/main.swift; sourceTree = "<group>"; };
		8D34C70221ADE932007746B6 /* HIDDeviceProtocol.swift */ = {isa = PBXFileReference; lastKnownFileType = sourcecode.swift; path = HIDDeviceProtocol.swift; sourceTree = "<group>"; };
		8D34C70721ADF458007746B6 /* CK550HIDDevice.swift */ = {isa = PBXFileReference; lastKnownFileType = sourcecode.swift; path = CK550HIDDevice.swift; sourceTree = "<group>"; };
		8D34C70921AED604007746B6 /* CK550HIDCommand.swift */ = {isa = PBXFileReference; lastKnownFileType = sourcecode.swift; path = CK550HIDCommand.swift; sourceTree = "<group>"; };
		8D34C71021AEDC19007746B6 /* Queue.swift */ = {isa = PBXFileReference; lastKnownFileType = sourcecode.swift; path = Queue.swift; sourceTree = "<group>"; };
		8D34C71221AF168F007746B6 /* CK550HIDDeviceCommand.swift */ = {isa = PBXFileReference; lastKnownFileType = sourcecode.swift; path = CK550HIDDeviceCommand.swift; sourceTree = "<group>"; };
		8D34C71421AF173C007746B6 /* CK550HIDClientCommand.swift */ = {isa = PBXFileReference; lastKnownFileType = sourcecode.swift; path = CK550HIDClientCommand.swift; sourceTree = "<group>"; };
		8D34C71921B1E125007746B6 /* CK550CommandSingleKey.swift */ = {isa = PBXFileReference; lastKnownFileType = sourcecode.swift; path = CK550CommandSingleKey.swift; sourceTree = "<group>"; };
		8D34C71B21B315A1007746B6 /* CK550CommandWave.swift */ = {isa = PBXFileReference; lastKnownFileType = sourcecode.swift; path = CK550CommandWave.swift; sourceTree = "<group>"; };
		8D34C71D21B32665007746B6 /* CK550CommandRipple.swift */ = {isa = PBXFileReference; lastKnownFileType = sourcecode.swift; path = CK550CommandRipple.swift; sourceTree = "<group>"; };
		8D4281F721B4684500EB1F76 /* CK550CommandColorCycle.swift */ = {isa = PBXFileReference; lastKnownFileType = sourcecode.swift; path = CK550CommandColorCycle.swift; sourceTree = "<group>"; };
		8D4281F921B46B2D00EB1F76 /* CK550CommandSnowing.swift */ = {isa = PBXFileReference; lastKnownFileType = sourcecode.swift; path = CK550CommandSnowing.swift; sourceTree = "<group>"; };
		8D4281FB21B4738E00EB1F76 /* CK550CommandStars.swift */ = {isa = PBXFileReference; lastKnownFileType = sourcecode.swift; path = CK550CommandStars.swift; sourceTree = "<group>"; };
		8D4281FD21B47F9D00EB1F76 /* CK550CommandReactiveTornado.swift */ = {isa = PBXFileReference; lastKnownFileType = sourcecode.swift; path = CK550CommandReactiveTornado.swift; sourceTree = "<group>"; };
		8D4281FF21B4842100EB1F76 /* CK550CommandCircleSpectrum.swift */ = {isa = PBXFileReference; lastKnownFileType = sourcecode.swift; path = CK550CommandCircleSpectrum.swift; sourceTree = "<group>"; };
		8D49DCA121B5A8B900BAC6F8 /* CK550CommandStatic.swift */ = {isa = PBXFileReference; lastKnownFileType = sourcecode.swift; path = CK550CommandStatic.swift; sourceTree = "<group>"; };
		8D49DCA321B5A9AC00BAC6F8 /* CK550CommandOff.swift */ = {isa = PBXFileReference; lastKnownFileType = sourcecode.swift; path = CK550CommandOff.swift; sourceTree = "<group>"; };
		8D49DCA521B5BD1500BAC6F8 /* CK550CommandBreathing.swift */ = {isa = PBXFileReference; lastKnownFileType = sourcecode.swift; path = CK550CommandBreathing.swift; sourceTree = "<group>"; };
		8D6FB4C621C9A4B400C25DA6 /* AboutWindow.xib */ = {isa = PBXFileReference; lastKnownFileType = file.xib; path = AboutWindow.xib; sourceTree = "<group>"; };
		8D6FB4C821CA614E00C25DA6 /* AboutWindowController.swift */ = {isa = PBXFileReference; lastKnownFileType = sourcecode.swift; path = AboutWindowController.swift; sourceTree = "<group>"; };
		8D6FB4CB21CA774B00C25DA6 /* LicenseWindow.xib */ = {isa = PBXFileReference; lastKnownFileType = file.xib; path = LicenseWindow.xib; sourceTree = "<group>"; };
		8D6FB4CD21CA77E100C25DA6 /* LicenseWindowController.swift */ = {isa = PBXFileReference; lastKnownFileType = sourcecode.swift; path = LicenseWindowController.swift; sourceTree = "<group>"; };
		8D6FB4CF21CAB7BD00C25DA6 /* ReleaseNotesWindowController.swift */ = {isa = PBXFileReference; lastKnownFileType = sourcecode.swift; path = ReleaseNotesWindowController.swift; sourceTree = "<group>"; };
		8D6FB4D121CAB8C700C25DA6 /* ReleaseNotesWindow.xib */ = {isa = PBXFileReference; lastKnownFileType = file.xib; path = ReleaseNotesWindow.xib; sourceTree = "<group>"; };
		8D6FB4D521CAEEEA00C25DA6 /* EffectMenuView.xib */ = {isa = PBXFileReference; lastKnownFileType = file.xib; path = EffectMenuView.xib; sourceTree = "<group>"; };
		8D6FB4D721CAEF6E00C25DA6 /* EffectMenuViewController.swift */ = {isa = PBXFileReference; lastKnownFileType = sourcecode.swift; path = EffectMenuViewController.swift; sourceTree = "<group>"; };
		8D6FB4D921CBC6F600C25DA6 /* SupportedEffects.swift */ = {isa = PBXFileReference; lastKnownFileType = sourcecode.swift; path = SupportedEffects.swift; sourceTree = "<group>"; };
		8D6FB4DB21CBD79C00C25DA6 /* NSViewExtension.swift */ = {isa = PBXFileReference; lastKnownFileType = sourcecode.swift; path = NSViewExtension.swift; sourceTree = "<group>"; };
		8D6FB4DD21CC142D00C25DA6 /* EffectToggledNotification.swift */ = {isa = PBXFileReference; lastKnownFileType = sourcecode.swift; path = EffectToggledNotification.swift; sourceTree = "<group>"; };
		8D6FB4DF21CD89B400C25DA6 /* NSStoryboardExtension.swift */ = {isa = PBXFileReference; lastKnownFileType = sourcecode.swift; path = NSStoryboardExtension.swift; sourceTree = "<group>"; };
		8D72819021C2F27A00963B1D /* EvaluationSupport.swift */ = {isa = PBXFileReference; lastKnownFileType = sourcecode.swift; name = EvaluationSupport.swift; path = cli/EvaluationSupport.swift; sourceTree = "<group>"; };
		8D72819421C307B100963B1D /* CommonArguments.swift */ = {isa = PBXFileReference; lastKnownFileType = sourcecode.swift; name = CommonArguments.swift; path = cli/CommonArguments.swift; sourceTree = "<group>"; };
		8D72819721C30EA900963B1D /* SingleKeyCommand.swift */ = {isa = PBXFileReference; lastKnownFileType = sourcecode.swift; name = SingleKeyCommand.swift; path = cli/SingleKeyCommand.swift; sourceTree = "<group>"; };
		8D72819921C3CEBD00963B1D /* CommonColors.swift */ = {isa = PBXFileReference; lastKnownFileType = sourcecode.swift; name = CommonColors.swift; path = cli/CommonColors.swift; sourceTree = "<group>"; };
		8D72819D21C3D13E00963B1D /* WaveCommand.swift */ = {isa = PBXFileReference; lastKnownFileType = sourcecode.swift; name = WaveCommand.swift; path = cli/WaveCommand.swift; sourceTree = "<group>"; };
		8D72819F21C3E98700963B1D /* RippleCommand.swift */ = {isa = PBXFileReference; lastKnownFileType = sourcecode.swift; name = RippleCommand.swift; path = cli/RippleCommand.swift; sourceTree = "<group>"; };
		8D7281A121C3EA8B00963B1D /* StaticCommand.swift */ = {isa = PBXFileReference; lastKnownFileType = sourcecode.swift; name = StaticCommand.swift; path = cli/StaticCommand.swift; sourceTree = "<group>"; };
		8D7281A321C3EB5600963B1D /* OffCommand.swift */ = {isa = PBXFileReference; lastKnownFileType = sourcecode.swift; name = OffCommand.swift; path = cli/OffCommand.swift; sourceTree = "<group>"; };
		8D7281A521C3EC8900963B1D /* SnowingCommand.swift */ = {isa = PBXFileReference; lastKnownFileType = sourcecode.swift; name = SnowingCommand.swift; path = cli/SnowingCommand.swift; sourceTree = "<group>"; };
		8D7281A721C4269000963B1D /* AssembleCommandReactiveTornado.swift */ = {isa = PBXFileReference; lastKnownFileType = sourcecode.swift; path = AssembleCommandReactiveTornado.swift; sourceTree = "<group>"; };
		8D7281A921C4289F00963B1D /* AssembleCommandCircleSpectrum.swift */ = {isa = PBXFileReference; lastKnownFileType = sourcecode.swift; path = AssembleCommandCircleSpectrum.swift; sourceTree = "<group>"; };
		8D7281AB21C429BD00963B1D /* AssembleCommandStars.swift */ = {isa = PBXFileReference; lastKnownFileType = sourcecode.swift; path = AssembleCommandStars.swift; sourceTree = "<group>"; };
		8D7281AD21C42FE500963B1D /* ReactiveTornadoCommand.swift */ = {isa = PBXFileReference; lastKnownFileType = sourcecode.swift; name = ReactiveTornadoCommand.swift; path = cli/ReactiveTornadoCommand.swift; sourceTree = "<group>"; };
		8D7281AF21C4323300963B1D /* CircleSpectrumCommand.swift */ = {isa = PBXFileReference; lastKnownFileType = sourcecode.swift; name = CircleSpectrumCommand.swift; path = cli/CircleSpectrumCommand.swift; sourceTree = "<group>"; };
		8D7281B121C4346300963B1D /* StarsCommand.swift */ = {isa = PBXFileReference; lastKnownFileType = sourcecode.swift; name = StarsCommand.swift; path = cli/StarsCommand.swift; sourceTree = "<group>"; };
		8D73C64821CE82310021FA4B /* PreferencesViewController.swift */ = {isa = PBXFileReference; lastKnownFileType = sourcecode.swift; path = PreferencesViewController.swift; sourceTree = "<group>"; };
		8D73C64A21CFDBB30021FA4B /* EffectPreferenceView.xib */ = {isa = PBXFileReference; lastKnownFileType = file.xib; path = EffectPreferenceView.xib; sourceTree = "<group>"; };
		8D73C64C21CFED820021FA4B /* EffectPreferenceViewController.swift */ = {isa = PBXFileReference; lastKnownFileType = sourcecode.swift; path = EffectPreferenceViewController.swift; sourceTree = "<group>"; };
		8D73C64E21D01C4F0021FA4B /* EffectNoPreferenceView.xib */ = {isa = PBXFileReference; lastKnownFileType = file.xib; path = EffectNoPreferenceView.xib; sourceTree = "<group>"; };
		8D73C65021D022910021FA4B /* EffectNoPreferenceViewController.swift */ = {isa = PBXFileReference; lastKnownFileType = sourcecode.swift; path = EffectNoPreferenceViewController.swift; sourceTree = "<group>"; };
		8D73C65221D0DE520021FA4B /* PreferencesViewControllerOutline.swift */ = {isa = PBXFileReference; lastKnownFileType = sourcecode.swift; path = PreferencesViewControllerOutline.swift; sourceTree = "<group>"; };
		8D73C65421D179D00021FA4B /* Defaults.swift */ = {isa = PBXFileReference; lastKnownFileType = sourcecode.swift; path = Defaults.swift; sourceTree = "<group>"; };
		8D73C65921D2C45D0021FA4B /* RGBColorExtension.swift */ = {isa = PBXFileReference; lastKnownFileType = sourcecode.swift; path = RGBColorExtension.swift; sourceTree = "<group>"; };
		8D73C65B21D40E240021FA4B /* NSColorExtension.swift */ = {isa = PBXFileReference; lastKnownFileType = sourcecode.swift; path = NSColorExtension.swift; sourceTree = "<group>"; };
		8D73C65D21D420330021FA4B /* EffectsPreferenceView.xib */ = {isa = PBXFileReference; lastKnownFileType = file.xib; path = EffectsPreferenceView.xib; sourceTree = "<group>"; };
		8D73C65F21D4252E0021FA4B /* EffectsPreferenceViewController.swift */ = {isa = PBXFileReference; lastKnownFileType = sourcecode.swift; path = EffectsPreferenceViewController.swift; sourceTree = "<group>"; };
		8D73C66121D6705F0021FA4B /* EffectConfigureNotification.swift */ = {isa = PBXFileReference; lastKnownFileType = sourcecode.swift; path = EffectConfigureNotification.swift; sourceTree = "<group>"; };
		8D73C66321D670920021FA4B /* EffectSelectConfigurationNotification.swift */ = {isa = PBXFileReference; lastKnownFileType = sourcecode.swift; path = EffectSelectConfigurationNotification.swift; sourceTree = "<group>"; };
		8D73C66521D671120021FA4B /* EffectDefaultConfigurationNotification.swift */ = {isa = PBXFileReference; lastKnownFileType = sourcecode.swift; path = EffectDefaultConfigurationNotification.swift; sourceTree = "<group>"; };
		8D73C66721D6BBDB0021FA4B /* AppPreferences.swift */ = {isa = PBXFileReference; lastKnownFileType = sourcecode.swift; path = AppPreferences.swift; sourceTree = "<group>"; };
		8D75FAB921C5480A00574CF1 /* CK550CommandWaterRipple.swift */ = {isa = PBXFileReference; lastKnownFileType = sourcecode.swift; path = CK550CommandWaterRipple.swift; sourceTree = "<group>"; };
		8D75FABB21C5518F00574CF1 /* CK550CommandFireball.swift */ = {isa = PBXFileReference; lastKnownFileType = sourcecode.swift; path = CK550CommandFireball.swift; sourceTree = "<group>"; };
		8D75FABD21C5538E00574CF1 /* CK550CommandReactivePunch.swift */ = {isa = PBXFileReference; lastKnownFileType = sourcecode.swift; path = CK550CommandReactivePunch.swift; sourceTree = "<group>"; };
		8D75FABF21C58A5300574CF1 /* CK550CommandHeartbeat.swift */ = {isa = PBXFileReference; lastKnownFileType = sourcecode.swift; path = CK550CommandHeartbeat.swift; sourceTree = "<group>"; };
		8D75FAC121C592B400574CF1 /* FireballCommand.swift */ = {isa = PBXFileReference; lastKnownFileType = sourcecode.swift; name = FireballCommand.swift; path = cli/FireballCommand.swift; sourceTree = "<group>"; };
		8D75FAC321C595C100574CF1 /* HeartbeatCommand.swift */ = {isa = PBXFileReference; lastKnownFileType = sourcecode.swift; name = HeartbeatCommand.swift; path = cli/HeartbeatCommand.swift; sourceTree = "<group>"; };
		8D75FAC521C5964E00574CF1 /* ReactivePunchCommand.swift */ = {isa = PBXFileReference; lastKnownFileType = sourcecode.swift; name = ReactivePunchCommand.swift; path = cli/ReactivePunchCommand.swift; sourceTree = "<group>"; };
		8D75FAC721C596BB00574CF1 /* WaterRippleCommand.swift */ = {isa = PBXFileReference; lastKnownFileType = sourcecode.swift; name = WaterRippleCommand.swift; path = cli/WaterRippleCommand.swift; sourceTree = "<group>"; };
		8D75FAC921C597DA00574CF1 /* AssembleCommandFireball.swift */ = {isa = PBXFileReference; lastKnownFileType = sourcecode.swift; path = AssembleCommandFireball.swift; sourceTree = "<group>"; };
		8D75FACB21C5988800574CF1 /* AssembleCommandHeartbeat.swift */ = {isa = PBXFileReference; lastKnownFileType = sourcecode.swift; path = AssembleCommandHeartbeat.swift; sourceTree = "<group>"; };
		8D75FACD21C598A700574CF1 /* AssembleCommandReactivePunch.swift */ = {isa = PBXFileReference; lastKnownFileType = sourcecode.swift; path = AssembleCommandReactivePunch.swift; sourceTree = "<group>"; };
		8D75FACF21C598C300574CF1 /* AssembleCommandWaterRipple.swift */ = {isa = PBXFileReference; lastKnownFileType = sourcecode.swift; path = AssembleCommandWaterRipple.swift; sourceTree = "<group>"; };
		8D75FAD121C5A4A800574CF1 /* CK550CommandCrosshair.swift */ = {isa = PBXFileReference; lastKnownFileType = sourcecode.swift; path = CK550CommandCrosshair.swift; sourceTree = "<group>"; };
		8D75FAD321C5A6FC00574CF1 /* AssembleCommandCrosshair.swift */ = {isa = PBXFileReference; lastKnownFileType = sourcecode.swift; path = AssembleCommandCrosshair.swift; sourceTree = "<group>"; };
		8D75FAD521C5A88300574CF1 /* CrosshairCommand.swift */ = {isa = PBXFileReference; lastKnownFileType = sourcecode.swift; path = CrosshairCommand.swift; sourceTree = "<group>"; };
		8D84AAC221C970CE00087947 /* ck550.app */ = {isa = PBXFileReference; explicitFileType = wrapper.application; includeInIndex = 0; path = ck550.app; sourceTree = BUILT_PRODUCTS_DIR; };
		8D84AAC421C970CE00087947 /* AppDelegate.swift */ = {isa = PBXFileReference; lastKnownFileType = sourcecode.swift; path = AppDelegate.swift; sourceTree = "<group>"; };
		8D84AAC821C970D300087947 /* Assets.xcassets */ = {isa = PBXFileReference; lastKnownFileType = folder.assetcatalog; path = Assets.xcassets; sourceTree = "<group>"; };
		8D84AACB21C970D300087947 /* Base */ = {isa = PBXFileReference; lastKnownFileType = file.storyboard; name = Base; path = Base.lproj/Preferences.storyboard; sourceTree = "<group>"; };
		8D84AACD21C970D300087947 /* Info.plist */ = {isa = PBXFileReference; lastKnownFileType = text.plist.xml; path = Info.plist; sourceTree = "<group>"; };
		8D84AACE21C970D300087947 /* ck550.entitlements */ = {isa = PBXFileReference; lastKnownFileType = text.plist.entitlements; path = ck550.entitlements; sourceTree = "<group>"; };
		8D84AAD221C9723600087947 /* MainMenu.xib */ = {isa = PBXFileReference; lastKnownFileType = file.xib; path = MainMenu.xib; sourceTree = "<group>"; };
		8D84AAD621C9799C00087947 /* StatusMenuController.swift */ = {isa = PBXFileReference; lastKnownFileType = sourcecode.swift; path = StatusMenuController.swift; sourceTree = "<group>"; };
		8D84AAD821C9824D00087947 /* BundleExtension.swift */ = {isa = PBXFileReference; lastKnownFileType = sourcecode.swift; path = BundleExtension.swift; sourceTree = "<group>"; };
		8D84AADB21C989CE00087947 /* ToggleMonitoringViewController.swift */ = {isa = PBXFileReference; lastKnownFileType = sourcecode.swift; path = ToggleMonitoringViewController.swift; sourceTree = "<group>"; };
		8D84AADE21C9932E00087947 /* MonitoringNotification.swift */ = {isa = PBXFileReference; lastKnownFileType = sourcecode.swift; path = MonitoringNotification.swift; sourceTree = "<group>"; };
		8D966E3321BF03A5009AF6E6 /* AssembleCommandBreathing.swift */ = {isa = PBXFileReference; lastKnownFileType = sourcecode.swift; path = AssembleCommandBreathing.swift; sourceTree = "<group>"; };
		8D966E3521BF0535009AF6E6 /* AssembleCommandRipple.swift */ = {isa = PBXFileReference; lastKnownFileType = sourcecode.swift; path = AssembleCommandRipple.swift; sourceTree = "<group>"; };
		8D966E3721BF0667009AF6E6 /* AssembleCommandWave.swift */ = {isa = PBXFileReference; lastKnownFileType = sourcecode.swift; path = AssembleCommandWave.swift; sourceTree = "<group>"; };
		8D966E3921BF0745009AF6E6 /* AssembleCommandSingleKey.swift */ = {isa = PBXFileReference; lastKnownFileType = sourcecode.swift; path = AssembleCommandSingleKey.swift; sourceTree = "<group>"; };
		8D966E3B21BF0826009AF6E6 /* AssembleCommandFirmwareVersion.swift */ = {isa = PBXFileReference; lastKnownFileType = sourcecode.swift; path = AssembleCommandFirmwareVersion.swift; sourceTree = "<group>"; };
		8D966E3D21BF0A68009AF6E6 /* AssembleCommandColorCycle.swift */ = {isa = PBXFileReference; lastKnownFileType = sourcecode.swift; path = AssembleCommandColorCycle.swift; sourceTree = "<group>"; };
		8D966E3F21BF0B8A009AF6E6 /* AssembleCommandStatic.swift */ = {isa = PBXFileReference; lastKnownFileType = sourcecode.swift; path = AssembleCommandStatic.swift; sourceTree = "<group>"; };
		8D966E4121BF0C07009AF6E6 /* AssembleCommandOff.swift */ = {isa = PBXFileReference; lastKnownFileType = sourcecode.swift; path = AssembleCommandOff.swift; sourceTree = "<group>"; };
		8D966E4321BF0C93009AF6E6 /* AssembleCommandSnowing.swift */ = {isa = PBXFileReference; lastKnownFileType = sourcecode.swift; path = AssembleCommandSnowing.swift; sourceTree = "<group>"; };
		8D966E4521C031C5009AF6E6 /* AssembleCommandProfile.swift */ = {isa = PBXFileReference; lastKnownFileType = sourcecode.swift; path = AssembleCommandProfile.swift; sourceTree = "<group>"; };
		8D966E4721C035C8009AF6E6 /* PrettyColors.framework */ = {isa = PBXFileReference; lastKnownFileType = wrapper.framework; name = PrettyColors.framework; path = ../Carthage/Build/Mac/PrettyColors.framework; sourceTree = "<group>"; };
		8D966E4921C0375F009AF6E6 /* Terminal.swift */ = {isa = PBXFileReference; lastKnownFileType = sourcecode.swift; name = Terminal.swift; path = cli/Terminal.swift; sourceTree = "<group>"; };
		8D966E4B21C18425009AF6E6 /* Commandant.framework */ = {isa = PBXFileReference; lastKnownFileType = wrapper.framework; name = Commandant.framework; path = ../Carthage/Build/Mac/Commandant.framework; sourceTree = "<group>"; };
		8D966E4F21C1859C009AF6E6 /* Result.framework */ = {isa = PBXFileReference; lastKnownFileType = wrapper.framework; name = Result.framework; path = ../Carthage/Build/Mac/Result.framework; sourceTree = "<group>"; };
		8D966E5321C186A3009AF6E6 /* VersionCommand.swift */ = {isa = PBXFileReference; lastKnownFileType = sourcecode.swift; name = VersionCommand.swift; path = cli/VersionCommand.swift; sourceTree = "<group>"; };
		8D966E5521C18B79009AF6E6 /* MonitorCommand.swift */ = {isa = PBXFileReference; lastKnownFileType = sourcecode.swift; name = MonitorCommand.swift; path = cli/MonitorCommand.swift; sourceTree = "<group>"; };
		8D966E5721C19993009AF6E6 /* Curry.framework */ = {isa = PBXFileReference; lastKnownFileType = wrapper.framework; name = Curry.framework; path = ../Carthage/Build/Mac/Curry.framework; sourceTree = "<group>"; };
		8D966E5A21C19A75009AF6E6 /* CustomizationCommand.swift */ = {isa = PBXFileReference; lastKnownFileType = sourcecode.swift; name = CustomizationCommand.swift; path = cli/CustomizationCommand.swift; sourceTree = "<group>"; };
		8D966E5C21C1A60A009AF6E6 /* CLI.swift */ = {isa = PBXFileReference; lastKnownFileType = sourcecode.swift; name = CLI.swift; path = cli/CLI.swift; sourceTree = "<group>"; };
		8D966E5E21C1B65E009AF6E6 /* ColorCycleCommand.swift */ = {isa = PBXFileReference; lastKnownFileType = sourcecode.swift; name = ColorCycleCommand.swift; path = cli/ColorCycleCommand.swift; sourceTree = "<group>"; };
		8D966E6021C1BD8D009AF6E6 /* BreathingCommand.swift */ = {isa = PBXFileReference; lastKnownFileType = sourcecode.swift; name = BreathingCommand.swift; path = cli/BreathingCommand.swift; sourceTree = "<group>"; };
		8DFD0D0421BDADCB009905CD /* ck550-cli.entitlements */ = {isa = PBXFileReference; lastKnownFileType = text.plist.entitlements; path = "ck550-cli.entitlements"; sourceTree = "<group>"; };
		8DFD0D0521BDB105009905CD /* AssembleCommandCustomization.swift */ = {isa = PBXFileReference; lastKnownFileType = sourcecode.swift; path = AssembleCommandCustomization.swift; sourceTree = "<group>"; };
		8DFD0D0721BDB765009905CD /* AssembleCommand.swift */ = {isa = PBXFileReference; lastKnownFileType = sourcecode.swift; path = AssembleCommand.swift; sourceTree = "<group>"; };
/* End PBXFileReference section */

/* Begin PBXFrameworksBuildPhase section */
		8D20653021BC72CF000FF8E4 /* Frameworks */ = {
			isa = PBXFrameworksBuildPhase;
			buildActionMask = 2147483647;
			files = (
				8D966E4C21C18425009AF6E6 /* Commandant.framework in Frameworks */,
				8D966E4821C035C8009AF6E6 /* PrettyColors.framework in Frameworks */,
				8D109A3821BC80D9007F2C30 /* SwiftyJSON.framework in Frameworks */,
				8D966E5021C1859C009AF6E6 /* Result.framework in Frameworks */,
				8D966E5821C19993009AF6E6 /* Curry.framework in Frameworks */,
			);
			runOnlyForDeploymentPostprocessing = 0;
		};
		8D84AABF21C970CE00087947 /* Frameworks */ = {
			isa = PBXFrameworksBuildPhase;
			buildActionMask = 2147483647;
			files = (
				8D73C65621D1855C0021FA4B /* SwiftyJSON.framework in Frameworks */,
			);
			runOnlyForDeploymentPostprocessing = 0;
		};
/* End PBXFrameworksBuildPhase section */

/* Begin PBXGroup section */
		8D2214C721C83603006609D3 /* Layout */ = {
			isa = PBXGroup;
			children = (
				8D2214C821C8362B006609D3 /* CK550OffEffectCustomizationLayout.swift */,
				8D2214CA21C83718006609D3 /* CK550OffEffectCustomizationLayoutUS.swift */,
			);
			name = Layout;
			sourceTree = "<group>";
		};
		8D34C6A521AD62E1007746B6 /* lib */ = {
			isa = PBXGroup;
			children = (
				8D34C6AA21AD631F007746B6 /* bridging */,
				8D34C6A621AD62F6007746B6 /* ck550 */,
				8D34C70F21AEDBCF007746B6 /* data structures */,
				8D34C6A721AD6300007746B6 /* hid */,
				8D34C6A821AD6308007746B6 /* notifications */,
				8D34C6A921AD6315007746B6 /* utils */,
			);
			name = lib;
			sourceTree = "<group>";
		};
		8D34C6A621AD62F6007746B6 /* ck550 */ = {
			isa = PBXGroup;
			children = (
				8D34C70421ADF3FF007746B6 /* commands */,
				8D34C70521ADF40E007746B6 /* hid */,
			);
			name = ck550;
			sourceTree = "<group>";
		};
		8D34C6A721AD6300007746B6 /* hid */ = {
			isa = PBXGroup;
			children = (
				8D34C71721AF1A23007746B6 /* protocols */,
				8D34C6BF21AD63A6007746B6 /* HIDDevice.swift */,
				8D34C6BE21AD63A6007746B6 /* HIDRaw.swift */,
			);
			name = hid;
			sourceTree = "<group>";
		};
		8D34C6A821AD6308007746B6 /* notifications */ = {
			isa = PBXGroup;
			children = (
				8D34C6C221AD63B2007746B6 /* HIDEnumerationNotification.swift */,
			);
			name = notifications;
			sourceTree = "<group>";
		};
		8D34C6A921AD6315007746B6 /* utils */ = {
			isa = PBXGroup;
			children = (
				8D34C6C421AD63BB007746B6 /* Data.swift */,
				8D34C6C521AD63BB007746B6 /* Logging.swift */,
			);
			name = utils;
			sourceTree = "<group>";
		};
		8D34C6AA21AD631F007746B6 /* bridging */ = {
			isa = PBXGroup;
			children = (
				8D34C6C821AD63CA007746B6 /* Bridging-Header.h */,
			);
			name = bridging;
			sourceTree = "<group>";
		};
		8D34C6CC21AD646C007746B6 /* Frameworks */ = {
			isa = PBXGroup;
			children = (
				8D966E4B21C18425009AF6E6 /* Commandant.framework */,
				8D966E5721C19993009AF6E6 /* Curry.framework */,
				8D966E4721C035C8009AF6E6 /* PrettyColors.framework */,
				8D966E4F21C1859C009AF6E6 /* Result.framework */,
				8D109A2821BC7794007F2C30 /* SwiftyJSON.framework */,
			);
			name = Frameworks;
			sourceTree = "<group>";
		};
		8D34C6CE21AD648B007746B6 /* cli */ = {
			isa = PBXGroup;
			children = (
				8D966E5221C1866D009AF6E6 /* command */,
				8DFD0D0421BDADCB009905CD /* ck550-cli.entitlements */,
				8D966E5C21C1A60A009AF6E6 /* CLI.swift */,
				8D20654221BC7359000FF8E4 /* Info.plist */,
				8D34C6CF21AD64A7007746B6 /* main.swift */,
				8D966E4921C0375F009AF6E6 /* Terminal.swift */,
			);
			name = cli;
			sourceTree = "<group>";
		};
		8D34C70421ADF3FF007746B6 /* commands */ = {
			isa = PBXGroup;
			children = (
				8D34C71821B1E0AA007746B6 /* off effect overrides */,
				8D34C6B521AD6393007746B6 /* CK550Command.swift */,
				8D34C6B621AD6393007746B6 /* CK550CommandEffects.swift */,
				8D34C6B421AD6393007746B6 /* CK550CommandFirmware.swift */,
				8D34C6B821AD6393007746B6 /* CK550CommandProfiles.swift */,
			);
			name = commands;
			sourceTree = "<group>";
		};
		8D34C70521ADF40E007746B6 /* hid */ = {
			isa = PBXGroup;
			children = (
				8D34C71621AF19FF007746B6 /* protocols */,
				8D34C70921AED604007746B6 /* CK550HIDCommand.swift */,
				8D34C70721ADF458007746B6 /* CK550HIDDevice.swift */,
			);
			name = hid;
			sourceTree = "<group>";
		};
		8D34C70F21AEDBCF007746B6 /* data structures */ = {
			isa = PBXGroup;
			children = (
				8D34C71021AEDC19007746B6 /* Queue.swift */,
			);
			name = "data structures";
			sourceTree = "<group>";
		};
		8D34C71621AF19FF007746B6 /* protocols */ = {
			isa = PBXGroup;
			children = (
				8D34C71221AF168F007746B6 /* CK550HIDDeviceCommand.swift */,
				8D34C71421AF173C007746B6 /* CK550HIDClientCommand.swift */,
			);
			name = protocols;
			sourceTree = "<group>";
		};
		8D34C71721AF1A23007746B6 /* protocols */ = {
			isa = PBXGroup;
			children = (
				8D34C70221ADE932007746B6 /* HIDDeviceProtocol.swift */,
			);
			name = protocols;
			sourceTree = "<group>";
		};
		8D34C71821B1E0AA007746B6 /* off effect overrides */ = {
			isa = PBXGroup;
			children = (
				8D2214C721C83603006609D3 /* Layout */,
				8D49DCA521B5BD1500BAC6F8 /* CK550CommandBreathing.swift */,
				8D4281FF21B4842100EB1F76 /* CK550CommandCircleSpectrum.swift */,
				8D4281F721B4684500EB1F76 /* CK550CommandColorCycle.swift */,
				8D75FAD121C5A4A800574CF1 /* CK550CommandCrosshair.swift */,
				8D34C6B721AD6393007746B6 /* CK550CommandCustomization.swift */,
				8D75FABB21C5518F00574CF1 /* CK550CommandFireball.swift */,
				8D75FABF21C58A5300574CF1 /* CK550CommandHeartbeat.swift */,
				8D49DCA321B5A9AC00BAC6F8 /* CK550CommandOff.swift */,
				8D75FABD21C5538E00574CF1 /* CK550CommandReactivePunch.swift */,
				8D4281FD21B47F9D00EB1F76 /* CK550CommandReactiveTornado.swift */,
				8D34C71D21B32665007746B6 /* CK550CommandRipple.swift */,
				8D34C71921B1E125007746B6 /* CK550CommandSingleKey.swift */,
				8D4281F921B46B2D00EB1F76 /* CK550CommandSnowing.swift */,
				8D4281FB21B4738E00EB1F76 /* CK550CommandStars.swift */,
				8D49DCA121B5A8B900BAC6F8 /* CK550CommandStatic.swift */,
				8D75FAB921C5480A00574CF1 /* CK550CommandWaterRipple.swift */,
				8D34C71B21B315A1007746B6 /* CK550CommandWave.swift */,
			);
			name = "off effect overrides";
			sourceTree = "<group>";
		};
		8D6FB4CA21CA703200C25DA6 /* extensions */ = {
			isa = PBXGroup;
			children = (
				8D84AAD821C9824D00087947 /* BundleExtension.swift */,
				8D73C65B21D40E240021FA4B /* NSColorExtension.swift */,
				8D6FB4DF21CD89B400C25DA6 /* NSStoryboardExtension.swift */,
				8D6FB4DB21CBD79C00C25DA6 /* NSViewExtension.swift */,
				8D73C65921D2C45D0021FA4B /* RGBColorExtension.swift */,
			);
			name = extensions;
			sourceTree = "<group>";
		};
		8D72819221C2F28900963B1D /* utils */ = {
			isa = PBXGroup;
			children = (
				8D72819421C307B100963B1D /* CommonArguments.swift */,
				8D72819921C3CEBD00963B1D /* CommonColors.swift */,
				8D72819021C2F27A00963B1D /* EvaluationSupport.swift */,
			);
			name = utils;
			sourceTree = "<group>";
		};
		8D72819B21C3D0B600963B1D /* effects */ = {
			isa = PBXGroup;
			children = (
				8D966E6021C1BD8D009AF6E6 /* BreathingCommand.swift */,
				8D7281AF21C4323300963B1D /* CircleSpectrumCommand.swift */,
				8D966E5E21C1B65E009AF6E6 /* ColorCycleCommand.swift */,
				8D75FAD521C5A88300574CF1 /* CrosshairCommand.swift */,
				8D966E5A21C19A75009AF6E6 /* CustomizationCommand.swift */,
				8D75FAC121C592B400574CF1 /* FireballCommand.swift */,
				8D75FAC321C595C100574CF1 /* HeartbeatCommand.swift */,
				8D7281A321C3EB5600963B1D /* OffCommand.swift */,
				8D75FAC521C5964E00574CF1 /* ReactivePunchCommand.swift */,
				8D7281AD21C42FE500963B1D /* ReactiveTornadoCommand.swift */,
				8D72819F21C3E98700963B1D /* RippleCommand.swift */,
				8D72819721C30EA900963B1D /* SingleKeyCommand.swift */,
				8D7281A521C3EC8900963B1D /* SnowingCommand.swift */,
				8D7281B121C4346300963B1D /* StarsCommand.swift */,
				8D7281A121C3EA8B00963B1D /* StaticCommand.swift */,
				8D75FAC721C596BB00574CF1 /* WaterRippleCommand.swift */,
				8D72819D21C3D13E00963B1D /* WaveCommand.swift */,
			);
			name = effects;
			sourceTree = "<group>";
		};
		8D84AAC321C970CE00087947 /* gui */ = {
			isa = PBXGroup;
			children = (
				8D84AADA21C982AE00087947 /* controllers */,
				8D6FB4CA21CA703200C25DA6 /* extensions */,
				8D84AADD21C992F900087947 /* notifications */,
				8D84AAD521C977F300087947 /* XIBs */,
				8D84AAC421C970CE00087947 /* AppDelegate.swift */,
				8D73C66721D6BBDB0021FA4B /* AppPreferences.swift */,
				8D84AAC821C970D300087947 /* Assets.xcassets */,
				8D84AACE21C970D300087947 /* ck550.entitlements */,
				8D73C65421D179D00021FA4B /* Defaults.swift */,
				8D84AACD21C970D300087947 /* Info.plist */,
				8D6FB4D921CBC6F600C25DA6 /* SupportedEffects.swift */,
			);
			path = gui;
			sourceTree = "<group>";
		};
		8D84AAD521C977F300087947 /* XIBs */ = {
			isa = PBXGroup;
			children = (
				8D6FB4C621C9A4B400C25DA6 /* AboutWindow.xib */,
				8D6FB4D521CAEEEA00C25DA6 /* EffectMenuView.xib */,
				8D73C64E21D01C4F0021FA4B /* EffectNoPreferenceView.xib */,
				8D73C64A21CFDBB30021FA4B /* EffectPreferenceView.xib */,
				8D73C65D21D420330021FA4B /* EffectsPreferenceView.xib */,
				8D6FB4CB21CA774B00C25DA6 /* LicenseWindow.xib */,
				8D84AAD221C9723600087947 /* MainMenu.xib */,
				8D84AACA21C970D300087947 /* Preferences.storyboard */,
				8D6FB4D121CAB8C700C25DA6 /* ReleaseNotesWindow.xib */,
			);
			name = XIBs;
			sourceTree = "<group>";
		};
		8D84AADA21C982AE00087947 /* controllers */ = {
			isa = PBXGroup;
			children = (
				8D6FB4C821CA614E00C25DA6 /* AboutWindowController.swift */,
				8D6FB4D721CAEF6E00C25DA6 /* EffectMenuViewController.swift */,
				8D73C65021D022910021FA4B /* EffectNoPreferenceViewController.swift */,
				8D73C64C21CFED820021FA4B /* EffectPreferenceViewController.swift */,
				8D73C65F21D4252E0021FA4B /* EffectsPreferenceViewController.swift */,
				8D6FB4CD21CA77E100C25DA6 /* LicenseWindowController.swift */,
				8D73C64821CE82310021FA4B /* PreferencesViewController.swift */,
				8D73C65221D0DE520021FA4B /* PreferencesViewControllerOutline.swift */,
				8D6FB4CF21CAB7BD00C25DA6 /* ReleaseNotesWindowController.swift */,
				8D84AAD621C9799C00087947 /* StatusMenuController.swift */,
				8D84AADB21C989CE00087947 /* ToggleMonitoringViewController.swift */,
			);
			name = controllers;
			sourceTree = "<group>";
		};
		8D84AADD21C992F900087947 /* notifications */ = {
			isa = PBXGroup;
			children = (
				8D73C66121D6705F0021FA4B /* EffectConfigureNotification.swift */,
				8D73C66521D671120021FA4B /* EffectDefaultConfigurationNotification.swift */,
				8D73C66321D670920021FA4B /* EffectSelectConfigurationNotification.swift */,
				8D6FB4DD21CC142D00C25DA6 /* EffectToggledNotification.swift */,
				8D84AADE21C9932E00087947 /* MonitoringNotification.swift */,
			);
			name = notifications;
			sourceTree = "<group>";
		};
		8D966E5221C1866D009AF6E6 /* command */ = {
			isa = PBXGroup;
			children = (
				8D72819B21C3D0B600963B1D /* effects */,
				8D72819221C2F28900963B1D /* utils */,
				8D966E5521C18B79009AF6E6 /* MonitorCommand.swift */,
				8D966E5321C186A3009AF6E6 /* VersionCommand.swift */,
			);
			name = command;
			sourceTree = "<group>";
		};
		8DADC2A0219857FA008F0641 = {
			isa = PBXGroup;
			children = (
				8DFD0D0121BDAC59009905CD /* app */,
				8D34C6A521AD62E1007746B6 /* lib */,
				8DADC2AA219857FA008F0641 /* Products */,
				8D34C6CC21AD646C007746B6 /* Frameworks */,
			);
			sourceTree = "<group>";
		};
		8DADC2AA219857FA008F0641 /* Products */ = {
			isa = PBXGroup;
			children = (
				8D20653321BC72CF000FF8E4 /* ck550-cli.app */,
				8D84AAC221C970CE00087947 /* ck550.app */,
			);
			name = Products;
			sourceTree = "<group>";
		};
		8DFD0D0121BDAC59009905CD /* app */ = {
			isa = PBXGroup;
			children = (
				8DFD0D0221BDAC94009905CD /* shared */,
				8D84AAC321C970CE00087947 /* gui */,
				8D34C6CE21AD648B007746B6 /* cli */,
			);
			name = app;
			sourceTree = "<group>";
		};
		8DFD0D0221BDAC94009905CD /* shared */ = {
			isa = PBXGroup;
			children = (
				8DFD0D0721BDB765009905CD /* AssembleCommand.swift */,
				8D966E3321BF03A5009AF6E6 /* AssembleCommandBreathing.swift */,
				8D7281A921C4289F00963B1D /* AssembleCommandCircleSpectrum.swift */,
				8D966E3D21BF0A68009AF6E6 /* AssembleCommandColorCycle.swift */,
				8D75FAD321C5A6FC00574CF1 /* AssembleCommandCrosshair.swift */,
				8DFD0D0521BDB105009905CD /* AssembleCommandCustomization.swift */,
				8D75FAC921C597DA00574CF1 /* AssembleCommandFireball.swift */,
				8D966E3B21BF0826009AF6E6 /* AssembleCommandFirmwareVersion.swift */,
				8D75FACB21C5988800574CF1 /* AssembleCommandHeartbeat.swift */,
				8D966E4121BF0C07009AF6E6 /* AssembleCommandOff.swift */,
				8D966E4521C031C5009AF6E6 /* AssembleCommandProfile.swift */,
				8D75FACD21C598A700574CF1 /* AssembleCommandReactivePunch.swift */,
				8D7281A721C4269000963B1D /* AssembleCommandReactiveTornado.swift */,
				8D966E3521BF0535009AF6E6 /* AssembleCommandRipple.swift */,
				8D966E3921BF0745009AF6E6 /* AssembleCommandSingleKey.swift */,
				8D966E4321BF0C93009AF6E6 /* AssembleCommandSnowing.swift */,
				8D7281AB21C429BD00963B1D /* AssembleCommandStars.swift */,
				8D966E3F21BF0B8A009AF6E6 /* AssembleCommandStatic.swift */,
				8D75FACF21C598C300574CF1 /* AssembleCommandWaterRipple.swift */,
				8D966E3721BF0667009AF6E6 /* AssembleCommandWave.swift */,
			);
			name = shared;
			sourceTree = "<group>";
		};
/* End PBXGroup section */

/* Begin PBXNativeTarget section */
		8D20653221BC72CF000FF8E4 /* ck550-cli */ = {
			isa = PBXNativeTarget;
			buildConfigurationList = 8D20653E21BC72D1000FF8E4 /* Build configuration list for PBXNativeTarget "ck550-cli" */;
			buildPhases = (
				8D389ABB21C6FC3D00C4BAC8 /* Lint Sources */,
				8D20652F21BC72CF000FF8E4 /* Sources */,
				8D20653021BC72CF000FF8E4 /* Frameworks */,
				8D20653121BC72CF000FF8E4 /* Resources */,
				8D109A2A21BC77C2007F2C30 /* Carthage Frameworks Handling */,
				8D109A2D21BC7D8D007F2C30 /* Extract CLI */,
				8D109A3A21BC80D9007F2C30 /* Embed Frameworks */,
			);
			buildRules = (
			);
			dependencies = (
			);
			name = "ck550-cli";
			productName = "ck550-cli";
			productReference = 8D20653321BC72CF000FF8E4 /* ck550-cli.app */;
			productType = "com.apple.product-type.application";
		};
		8D84AAC121C970CE00087947 /* ck550 */ = {
			isa = PBXNativeTarget;
			buildConfigurationList = 8D84AAD121C970D300087947 /* Build configuration list for PBXNativeTarget "ck550" */;
			buildPhases = (
				8D84AABE21C970CE00087947 /* Sources */,
				8D84AABF21C970CE00087947 /* Frameworks */,
				8D84AAC021C970CE00087947 /* Resources */,
				8D73C65821D1855D0021FA4B /* Embed Frameworks */,
			);
			buildRules = (
			);
			dependencies = (
			);
			name = ck550;
			productName = ck550;
			productReference = 8D84AAC221C970CE00087947 /* ck550.app */;
			productType = "com.apple.product-type.application";
		};
/* End PBXNativeTarget section */

/* Begin PBXProject section */
		8DADC2A1219857FA008F0641 /* Project object */ = {
			isa = PBXProject;
			attributes = {
				LastSwiftUpdateCheck = 1000;
				LastUpgradeCheck = 1000;
				ORGANIZATIONNAME = "Michal Duda";
				TargetAttributes = {
					8D20653221BC72CF000FF8E4 = {
						CreatedOnToolsVersion = 10.0;
						LastSwiftMigration = 1000;
						SystemCapabilities = {
							com.apple.Sandbox = {
								enabled = 0;
							};
						};
					};
					8D84AAC121C970CE00087947 = {
						CreatedOnToolsVersion = 10.0;
						SystemCapabilities = {
							com.apple.Sandbox = {
								enabled = 1;
							};
						};
					};
				};
			};
			buildConfigurationList = 8DADC2A4219857FA008F0641 /* Build configuration list for PBXProject "ck550" */;
			compatibilityVersion = "Xcode 9.3";
			developmentRegion = en;
			hasScannedForEncodings = 0;
			knownRegions = (
				en,
				Base,
			);
			mainGroup = 8DADC2A0219857FA008F0641;
			productRefGroup = 8DADC2AA219857FA008F0641 /* Products */;
			projectDirPath = "";
			projectRoot = "";
			targets = (
				8D20653221BC72CF000FF8E4 /* ck550-cli */,
				8D84AAC121C970CE00087947 /* ck550 */,
			);
		};
/* End PBXProject section */

/* Begin PBXResourcesBuildPhase section */
		8D20653121BC72CF000FF8E4 /* Resources */ = {
			isa = PBXResourcesBuildPhase;
			buildActionMask = 2147483647;
			files = (
			);
			runOnlyForDeploymentPostprocessing = 0;
		};
		8D84AAC021C970CE00087947 /* Resources */ = {
			isa = PBXResourcesBuildPhase;
			buildActionMask = 2147483647;
			files = (
				8D73C64B21CFDBB30021FA4B /* EffectPreferenceView.xib in Resources */,
				8D84AAC921C970D300087947 /* Assets.xcassets in Resources */,
				8D84AACC21C970D300087947 /* Preferences.storyboard in Resources */,
				8D73C64F21D01C4F0021FA4B /* EffectNoPreferenceView.xib in Resources */,
				8D84AAD321C9723600087947 /* MainMenu.xib in Resources */,
				8D6FB4D621CAEEEA00C25DA6 /* EffectMenuView.xib in Resources */,
				8D6FB4D221CAB8C700C25DA6 /* ReleaseNotesWindow.xib in Resources */,
				8D6FB4C721C9A4B400C25DA6 /* AboutWindow.xib in Resources */,
				8D73C65E21D420330021FA4B /* EffectsPreferenceView.xib in Resources */,
				8D6FB4CC21CA774B00C25DA6 /* LicenseWindow.xib in Resources */,
			);
			runOnlyForDeploymentPostprocessing = 0;
		};
/* End PBXResourcesBuildPhase section */

/* Begin PBXShellScriptBuildPhase section */
		8D109A2A21BC77C2007F2C30 /* Carthage Frameworks Handling */ = {
			isa = PBXShellScriptBuildPhase;
			buildActionMask = 2147483647;
			files = (
			);
			inputFileListPaths = (
			);
			inputPaths = (
				"$(SRCROOT)/../Carthage/Build/Mac/SwiftyJSON.framework",
				"$(SRCROOT)/../Carthage/Build/Mac/PrettyColors.framework",
				"$(SRCROOT)/../Carthage/Build/Mac/Commandant.framework",
				"$(SRCROOT)/../Carthage/Build/Mac/Result.framework",
				"$(SRCROOT)/../Carthage/Build/Mac/Curry.framework",
			);
			name = "Carthage Frameworks Handling";
			outputFileListPaths = (
			);
			outputPaths = (
				"$(BUILT_PRODUCTS_DIR)/$(FRAMEWORKS_FOLDER_PATH)/Carthage/Build/Mac/SwiftyJSON.framework",
				"$(BUILT_PRODUCTS_DIR)/$(FRAMEWORKS_FOLDER_PATH)/Carthage/Build/Mac/PrettyColors.framework",
				"$(BUILT_PRODUCTS_DIR)/$(FRAMEWORKS_FOLDER_PATH)/Carthage/Build/Mac/Commandant.framework",
				"$(BUILT_PRODUCTS_DIR)/$(FRAMEWORKS_FOLDER_PATH)/Carthage/Build/Mac/Result.framework",
				"$(BUILT_PRODUCTS_DIR)/$(FRAMEWORKS_FOLDER_PATH)/Carthage/Build/Mac/Curry.framework",
			);
			runOnlyForDeploymentPostprocessing = 0;
			shellPath = /bin/sh;
			shellScript = "/usr/local/bin/carthage copy-frameworks\n";
		};
		8D109A2D21BC7D8D007F2C30 /* Extract CLI */ = {
			isa = PBXShellScriptBuildPhase;
			buildActionMask = 2147483647;
			files = (
			);
			inputFileListPaths = (
			);
			inputPaths = (
				"${BUILT_PRODUCTS_DIR}/${EXECUTABLE_PATH}",
			);
			name = "Extract CLI";
			outputFileListPaths = (
			);
			outputPaths = (
				"${BUILT_PRODUCTS_DIR}/${EXECUTABLE_NAME}",
			);
			runOnlyForDeploymentPostprocessing = 0;
			shellPath = /bin/sh;
			shellScript = "cp -v \"${BUILT_PRODUCTS_DIR}/${EXECUTABLE_PATH}\" \"${BUILT_PRODUCTS_DIR}/${EXECUTABLE_NAME}\"\n";
		};
		8D389ABB21C6FC3D00C4BAC8 /* Lint Sources */ = {
			isa = PBXShellScriptBuildPhase;
			buildActionMask = 2147483647;
			files = (
			);
			inputFileListPaths = (
			);
			inputPaths = (
			);
			name = "Lint Sources";
			outputFileListPaths = (
			);
			outputPaths = (
			);
			runOnlyForDeploymentPostprocessing = 0;
			shellPath = /bin/sh;
			shellScript = "if which swiftlint >/dev/null; then\nswiftlint\nelse\necho \"warning: SwiftLint not installed, download from https://github.com/realm/SwiftLint\"\nfi\n";
		};
/* End PBXShellScriptBuildPhase section */

/* Begin PBXSourcesBuildPhase section */
		8D20652F21BC72CF000FF8E4 /* Sources */ = {
			isa = PBXSourcesBuildPhase;
			buildActionMask = 2147483647;
			files = (
				8D72819621C307CD00963B1D /* CommonArguments.swift in Sources */,
				8D72819321C2F5DB00963B1D /* EvaluationSupport.swift in Sources */,
				8D20656521BC7469000FF8E4 /* main.swift in Sources */,
				8D75FAC621C5964E00574CF1 /* ReactivePunchCommand.swift in Sources */,
				8D7281A621C3EC8900963B1D /* SnowingCommand.swift in Sources */,
				8D75FAC221C592B400574CF1 /* FireballCommand.swift in Sources */,
				8D7281A421C3EB5600963B1D /* OffCommand.swift in Sources */,
				8D75FACA21C597DA00574CF1 /* AssembleCommandFireball.swift in Sources */,
				8DFD0D0621BDB105009905CD /* AssembleCommandCustomization.swift in Sources */,
				8D7281A821C4269000963B1D /* AssembleCommandReactiveTornado.swift in Sources */,
				8D75FAD021C598C300574CF1 /* AssembleCommandWaterRipple.swift in Sources */,
				8D20654A21BC7394000FF8E4 /* CK550CommandBreathing.swift in Sources */,
				8D20654B21BC7394000FF8E4 /* CK550CommandCircleSpectrum.swift in Sources */,
				8D20654C21BC7394000FF8E4 /* CK550CommandColorCycle.swift in Sources */,
				8D20654D21BC7394000FF8E4 /* CK550CommandCustomization.swift in Sources */,
				8D20654E21BC7394000FF8E4 /* CK550CommandOff.swift in Sources */,
				8D20654F21BC7394000FF8E4 /* CK550CommandReactiveTornado.swift in Sources */,
				8D72819A21C3CEBD00963B1D /* CommonColors.swift in Sources */,
				8D20655021BC7394000FF8E4 /* CK550CommandRipple.swift in Sources */,
				8D7281B021C4323300963B1D /* CircleSpectrumCommand.swift in Sources */,
				8D20655121BC7394000FF8E4 /* CK550CommandSingleKey.swift in Sources */,
				8D20655221BC7394000FF8E4 /* CK550CommandSnowing.swift in Sources */,
				8D7281A021C3E98700963B1D /* RippleCommand.swift in Sources */,
				8DFD0D0821BDB765009905CD /* AssembleCommand.swift in Sources */,
				8D966E3421BF03A5009AF6E6 /* AssembleCommandBreathing.swift in Sources */,
				8D7281AE21C42FE500963B1D /* ReactiveTornadoCommand.swift in Sources */,
				8D966E3621BF0535009AF6E6 /* AssembleCommandRipple.swift in Sources */,
				8D75FACE21C598A700574CF1 /* AssembleCommandReactivePunch.swift in Sources */,
				8D966E5621C18B79009AF6E6 /* MonitorCommand.swift in Sources */,
				8D72819821C30EA900963B1D /* SingleKeyCommand.swift in Sources */,
				8D75FACC21C5988800574CF1 /* AssembleCommandHeartbeat.swift in Sources */,
				8D20655321BC7394000FF8E4 /* CK550CommandStars.swift in Sources */,
				8D20655421BC7394000FF8E4 /* CK550CommandStatic.swift in Sources */,
				8D20655521BC7394000FF8E4 /* CK550CommandWave.swift in Sources */,
				8D7281A221C3EA8B00963B1D /* StaticCommand.swift in Sources */,
				8D7281B221C4346300963B1D /* StarsCommand.swift in Sources */,
				8D20655621BC7394000FF8E4 /* CK550Command.swift in Sources */,
				8D2214CB21C83718006609D3 /* CK550OffEffectCustomizationLayoutUS.swift in Sources */,
				8D966E5421C186A3009AF6E6 /* VersionCommand.swift in Sources */,
				8D75FAD621C5A88300574CF1 /* CrosshairCommand.swift in Sources */,
				8D75FAD421C5A6FC00574CF1 /* AssembleCommandCrosshair.swift in Sources */,
				8D20655721BC7394000FF8E4 /* CK550CommandEffects.swift in Sources */,
				8D966E5B21C19A75009AF6E6 /* CustomizationCommand.swift in Sources */,
				8D966E4021BF0B8A009AF6E6 /* AssembleCommandStatic.swift in Sources */,
				8D7281AC21C429BD00963B1D /* AssembleCommandStars.swift in Sources */,
				8D20655821BC7394000FF8E4 /* CK550CommandFirmware.swift in Sources */,
				8D20655921BC7394000FF8E4 /* CK550CommandProfiles.swift in Sources */,
				8D20655A21BC7394000FF8E4 /* CK550HIDDeviceCommand.swift in Sources */,
				8D20655B21BC7394000FF8E4 /* CK550HIDClientCommand.swift in Sources */,
				8D966E3A21BF0745009AF6E6 /* AssembleCommandSingleKey.swift in Sources */,
				8D966E3E21BF0A68009AF6E6 /* AssembleCommandColorCycle.swift in Sources */,
				8D75FABA21C5480A00574CF1 /* CK550CommandWaterRipple.swift in Sources */,
				8D75FAC421C595C100574CF1 /* HeartbeatCommand.swift in Sources */,
				8D75FAD221C5A4A800574CF1 /* CK550CommandCrosshair.swift in Sources */,
				8D966E3821BF0667009AF6E6 /* AssembleCommandWave.swift in Sources */,
				8D72819E21C3D13E00963B1D /* WaveCommand.swift in Sources */,
				8D75FABE21C5538E00574CF1 /* CK550CommandReactivePunch.swift in Sources */,
				8D7281AA21C4289F00963B1D /* AssembleCommandCircleSpectrum.swift in Sources */,
				8D2214C921C8362B006609D3 /* CK550OffEffectCustomizationLayout.swift in Sources */,
				8D966E4621C031C5009AF6E6 /* AssembleCommandProfile.swift in Sources */,
				8D75FAC821C596BB00574CF1 /* WaterRippleCommand.swift in Sources */,
				8D966E6121C1BD8D009AF6E6 /* BreathingCommand.swift in Sources */,
				8D20655C21BC7394000FF8E4 /* CK550HIDCommand.swift in Sources */,
				8D966E5D21C1A60A009AF6E6 /* CLI.swift in Sources */,
				8D20655D21BC7394000FF8E4 /* CK550HIDDevice.swift in Sources */,
				8D966E4221BF0C07009AF6E6 /* AssembleCommandOff.swift in Sources */,
				8D20655E21BC7394000FF8E4 /* Queue.swift in Sources */,
				8D966E5F21C1B65E009AF6E6 /* ColorCycleCommand.swift in Sources */,
				8D966E4421BF0C93009AF6E6 /* AssembleCommandSnowing.swift in Sources */,
				8D20655F21BC7394000FF8E4 /* HIDDeviceProtocol.swift in Sources */,
				8D20656021BC7394000FF8E4 /* HIDDevice.swift in Sources */,
				8D20656121BC7394000FF8E4 /* HIDRaw.swift in Sources */,
				8D20656221BC7394000FF8E4 /* HIDEnumerationNotification.swift in Sources */,
				8D966E4A21C0375F009AF6E6 /* Terminal.swift in Sources */,
				8D966E3C21BF0826009AF6E6 /* AssembleCommandFirmwareVersion.swift in Sources */,
				8D75FABC21C5518F00574CF1 /* CK550CommandFireball.swift in Sources */,
				8D20656321BC7394000FF8E4 /* Data.swift in Sources */,
				8D20656421BC7394000FF8E4 /* Logging.swift in Sources */,
				8D75FAC021C58A5300574CF1 /* CK550CommandHeartbeat.swift in Sources */,
			);
			runOnlyForDeploymentPostprocessing = 0;
		};
		8D84AABE21C970CE00087947 /* Sources */ = {
			isa = PBXSourcesBuildPhase;
			buildActionMask = 2147483647;
			files = (
				8D73C64921CE82310021FA4B /* PreferencesViewController.swift in Sources */,
				8D6FB4D821CAEF6E00C25DA6 /* EffectMenuViewController.swift in Sources */,
				8D73C65C21D40E240021FA4B /* NSColorExtension.swift in Sources */,
				8D73C65A21D2C45D0021FA4B /* RGBColorExtension.swift in Sources */,
				8D73C64D21CFED820021FA4B /* EffectPreferenceViewController.swift in Sources */,
				8D84AAE021C994FE00087947 /* Logging.swift in Sources */,
				8D73C66821D6BBDB0021FA4B /* AppPreferences.swift in Sources */,
				8D6FB4DC21CBD79C00C25DA6 /* NSViewExtension.swift in Sources */,
				8D6FB4DE21CC142D00C25DA6 /* EffectToggledNotification.swift in Sources */,
				8D73C65121D022910021FA4B /* EffectNoPreferenceViewController.swift in Sources */,
				8D6FB4E021CD89B400C25DA6 /* NSStoryboardExtension.swift in Sources */,
				8D84AAD721C9799C00087947 /* StatusMenuController.swift in Sources */,
				8D6FB4CE21CA77E100C25DA6 /* LicenseWindowController.swift in Sources */,
				8D73C65521D179D00021FA4B /* Defaults.swift in Sources */,
				8D84AADC21C989CE00087947 /* ToggleMonitoringViewController.swift in Sources */,
				8D84AADF21C9932E00087947 /* MonitoringNotification.swift in Sources */,
				8D6FB4C921CA614E00C25DA6 /* AboutWindowController.swift in Sources */,
				8D73C66021D4252E0021FA4B /* EffectsPreferenceViewController.swift in Sources */,
				8D6FB4D021CAB7BD00C25DA6 /* ReleaseNotesWindowController.swift in Sources */,
				8D73C66421D670920021FA4B /* EffectSelectConfigurationNotification.swift in Sources */,
				8D84AAC521C970CE00087947 /* AppDelegate.swift in Sources */,
				8D73C66221D6705F0021FA4B /* EffectConfigureNotification.swift in Sources */,
				8D84AAD921C9824D00087947 /* BundleExtension.swift in Sources */,
				8D73C65321D0DE520021FA4B /* PreferencesViewControllerOutline.swift in Sources */,
				8D73C66621D671120021FA4B /* EffectDefaultConfigurationNotification.swift in Sources */,
				8D6FB4DA21CBC6F600C25DA6 /* SupportedEffects.swift in Sources */,
			);
			runOnlyForDeploymentPostprocessing = 0;
		};
/* End PBXSourcesBuildPhase section */

/* Begin PBXVariantGroup section */
		8D84AACA21C970D300087947 /* Preferences.storyboard */ = {
			isa = PBXVariantGroup;
			children = (
				8D84AACB21C970D300087947 /* Base */,
			);
			name = Preferences.storyboard;
			sourceTree = "<group>";
		};
/* End PBXVariantGroup section */

/* Begin XCBuildConfiguration section */
		8D20653F21BC72D1000FF8E4 /* Debug */ = {
			isa = XCBuildConfiguration;
			buildSettings = {
				CLANG_ENABLE_MODULES = YES;
				CODE_SIGN_STYLE = Automatic;
				COMBINE_HIDPI_IMAGES = YES;
				DEVELOPMENT_TEAM = 3HRQ8E2SZ4;
				INFOPLIST_FILE = "$(SRCROOT)/cli/Info.plist";
				LD_RUNPATH_SEARCH_PATHS = (
					"$(inherited)",
					"@executable_path/../Frameworks",
					"@executable_path/ck550-cli.app/Contents/Frameworks",
				);
				PRODUCT_BUNDLE_IDENTIFIER = "cz.vookimedlo.coolmaster.hid.ck550-cli";
				PRODUCT_NAME = "$(TARGET_NAME)";
				SWIFT_OPTIMIZATION_LEVEL = "-Onone";
				SWIFT_VERSION = 4.2;
			};
			name = Debug;
		};
		8D20654021BC72D1000FF8E4 /* Release */ = {
			isa = XCBuildConfiguration;
			buildSettings = {
				CLANG_ENABLE_MODULES = YES;
				CODE_SIGN_STYLE = Automatic;
				COMBINE_HIDPI_IMAGES = YES;
				DEVELOPMENT_TEAM = 3HRQ8E2SZ4;
				INFOPLIST_FILE = "$(SRCROOT)/cli/Info.plist";
				LD_RUNPATH_SEARCH_PATHS = (
					"$(inherited)",
					"@executable_path/ck550-cli.app/Contents/Frameworks",
				);
				PRODUCT_BUNDLE_IDENTIFIER = "cz.vookimedlo.coolmaster.hid.ck550-cli";
				PRODUCT_NAME = "$(TARGET_NAME)";
				SWIFT_VERSION = 4.2;
			};
			name = Release;
		};
		8D84AACF21C970D300087947 /* Debug */ = {
			isa = XCBuildConfiguration;
			buildSettings = {
				ASSETCATALOG_COMPILER_APPICON_NAME = AppIcon;
				CODE_SIGN_ENTITLEMENTS = gui/ck550.entitlements;
				CODE_SIGN_STYLE = Automatic;
				COMBINE_HIDPI_IMAGES = YES;
				DEVELOPMENT_TEAM = 3HRQ8E2SZ4;
				INFOPLIST_FILE = gui/Info.plist;
				LD_RUNPATH_SEARCH_PATHS = (
					"$(inherited)",
					"@executable_path/../Frameworks",
				);
				PRODUCT_BUNDLE_IDENTIFIER = cz.vookimedlo.coolmaster.hid.ck550;
				PRODUCT_NAME = "$(TARGET_NAME)";
				SWIFT_VERSION = 4.2;
			};
			name = Debug;
		};
		8D84AAD021C970D300087947 /* Release */ = {
			isa = XCBuildConfiguration;
			buildSettings = {
				ASSETCATALOG_COMPILER_APPICON_NAME = AppIcon;
				CODE_SIGN_ENTITLEMENTS = gui/ck550.entitlements;
				CODE_SIGN_STYLE = Automatic;
				COMBINE_HIDPI_IMAGES = YES;
				DEVELOPMENT_TEAM = 3HRQ8E2SZ4;
				INFOPLIST_FILE = gui/Info.plist;
				LD_RUNPATH_SEARCH_PATHS = (
					"$(inherited)",
					"@executable_path/../Frameworks",
				);
				PRODUCT_BUNDLE_IDENTIFIER = cz.vookimedlo.coolmaster.hid.ck550;
				PRODUCT_NAME = "$(TARGET_NAME)";
				SWIFT_VERSION = 4.2;
			};
			name = Release;
		};
		8DADC2AE219857FA008F0641 /* Debug */ = {
			isa = XCBuildConfiguration;
			buildSettings = {
				ALWAYS_SEARCH_USER_PATHS = NO;
				CLANG_ANALYZER_NONNULL = YES;
				CLANG_ANALYZER_NUMBER_OBJECT_CONVERSION = YES_AGGRESSIVE;
				CLANG_CXX_LANGUAGE_STANDARD = "gnu++14";
				CLANG_CXX_LIBRARY = "libc++";
				CLANG_ENABLE_MODULES = YES;
				CLANG_ENABLE_OBJC_ARC = YES;
				CLANG_ENABLE_OBJC_WEAK = YES;
				CLANG_WARN_BLOCK_CAPTURE_AUTORELEASING = YES;
				CLANG_WARN_BOOL_CONVERSION = YES;
				CLANG_WARN_COMMA = YES;
				CLANG_WARN_CONSTANT_CONVERSION = YES;
				CLANG_WARN_DEPRECATED_OBJC_IMPLEMENTATIONS = YES;
				CLANG_WARN_DIRECT_OBJC_ISA_USAGE = YES_ERROR;
				CLANG_WARN_DOCUMENTATION_COMMENTS = YES;
				CLANG_WARN_EMPTY_BODY = YES;
				CLANG_WARN_ENUM_CONVERSION = YES;
				CLANG_WARN_INFINITE_RECURSION = YES;
				CLANG_WARN_INT_CONVERSION = YES;
				CLANG_WARN_NON_LITERAL_NULL_CONVERSION = YES;
				CLANG_WARN_OBJC_IMPLICIT_RETAIN_SELF = YES;
				CLANG_WARN_OBJC_LITERAL_CONVERSION = YES;
				CLANG_WARN_OBJC_ROOT_CLASS = YES_ERROR;
				CLANG_WARN_RANGE_LOOP_ANALYSIS = YES;
				CLANG_WARN_STRICT_PROTOTYPES = YES;
				CLANG_WARN_SUSPICIOUS_MOVE = YES;
				CLANG_WARN_UNGUARDED_AVAILABILITY = YES_AGGRESSIVE;
				CLANG_WARN_UNREACHABLE_CODE = YES;
				CLANG_WARN__DUPLICATE_METHOD_MATCH = YES;
				CODE_SIGN_IDENTITY = "Mac Developer";
				COPY_PHASE_STRIP = NO;
				DEBUG_INFORMATION_FORMAT = dwarf;
				ENABLE_STRICT_OBJC_MSGSEND = YES;
				ENABLE_TESTABILITY = YES;
				FRAMEWORK_SEARCH_PATHS = "$(SRCROOT)/../Carthage/Build/Mac/";
				GCC_C_LANGUAGE_STANDARD = gnu11;
				GCC_DYNAMIC_NO_PIC = NO;
				GCC_NO_COMMON_BLOCKS = YES;
				GCC_OPTIMIZATION_LEVEL = 0;
				GCC_PREPROCESSOR_DEFINITIONS = (
					"DEBUG=1",
					"$(inherited)",
				);
				GCC_WARN_64_TO_32_BIT_CONVERSION = YES;
				GCC_WARN_ABOUT_RETURN_TYPE = YES_ERROR;
				GCC_WARN_UNDECLARED_SELECTOR = YES;
				GCC_WARN_UNINITIALIZED_AUTOS = YES_AGGRESSIVE;
				GCC_WARN_UNUSED_FUNCTION = YES;
				GCC_WARN_UNUSED_VARIABLE = YES;
				MACOSX_DEPLOYMENT_TARGET = 10.14;
				MTL_ENABLE_DEBUG_INFO = INCLUDE_SOURCE;
				MTL_FAST_MATH = YES;
				ONLY_ACTIVE_ARCH = YES;
				SDKROOT = macosx;
				SWIFT_ACTIVE_COMPILATION_CONDITIONS = DEBUG;
				SWIFT_OBJC_BRIDGING_HEADER = "Bridging-Header.h";
				SWIFT_OPTIMIZATION_LEVEL = "-Onone";
			};
			name = Debug;
		};
		8DADC2AF219857FA008F0641 /* Release */ = {
			isa = XCBuildConfiguration;
			buildSettings = {
				ALWAYS_SEARCH_USER_PATHS = NO;
				CLANG_ANALYZER_NONNULL = YES;
				CLANG_ANALYZER_NUMBER_OBJECT_CONVERSION = YES_AGGRESSIVE;
				CLANG_CXX_LANGUAGE_STANDARD = "gnu++14";
				CLANG_CXX_LIBRARY = "libc++";
				CLANG_ENABLE_MODULES = YES;
				CLANG_ENABLE_OBJC_ARC = YES;
				CLANG_ENABLE_OBJC_WEAK = YES;
				CLANG_WARN_BLOCK_CAPTURE_AUTORELEASING = YES;
				CLANG_WARN_BOOL_CONVERSION = YES;
				CLANG_WARN_COMMA = YES;
				CLANG_WARN_CONSTANT_CONVERSION = YES;
				CLANG_WARN_DEPRECATED_OBJC_IMPLEMENTATIONS = YES;
				CLANG_WARN_DIRECT_OBJC_ISA_USAGE = YES_ERROR;
				CLANG_WARN_DOCUMENTATION_COMMENTS = YES;
				CLANG_WARN_EMPTY_BODY = YES;
				CLANG_WARN_ENUM_CONVERSION = YES;
				CLANG_WARN_INFINITE_RECURSION = YES;
				CLANG_WARN_INT_CONVERSION = YES;
				CLANG_WARN_NON_LITERAL_NULL_CONVERSION = YES;
				CLANG_WARN_OBJC_IMPLICIT_RETAIN_SELF = YES;
				CLANG_WARN_OBJC_LITERAL_CONVERSION = YES;
				CLANG_WARN_OBJC_ROOT_CLASS = YES_ERROR;
				CLANG_WARN_RANGE_LOOP_ANALYSIS = YES;
				CLANG_WARN_STRICT_PROTOTYPES = YES;
				CLANG_WARN_SUSPICIOUS_MOVE = YES;
				CLANG_WARN_UNGUARDED_AVAILABILITY = YES_AGGRESSIVE;
				CLANG_WARN_UNREACHABLE_CODE = YES;
				CLANG_WARN__DUPLICATE_METHOD_MATCH = YES;
				CODE_SIGN_IDENTITY = "Mac Developer";
				COPY_PHASE_STRIP = NO;
				DEBUG_INFORMATION_FORMAT = "dwarf-with-dsym";
				ENABLE_NS_ASSERTIONS = NO;
				ENABLE_STRICT_OBJC_MSGSEND = YES;
				FRAMEWORK_SEARCH_PATHS = "$(SRCROOT)/../Carthage/Build/Mac/";
				GCC_C_LANGUAGE_STANDARD = gnu11;
				GCC_NO_COMMON_BLOCKS = YES;
				GCC_WARN_64_TO_32_BIT_CONVERSION = YES;
				GCC_WARN_ABOUT_RETURN_TYPE = YES_ERROR;
				GCC_WARN_UNDECLARED_SELECTOR = YES;
				GCC_WARN_UNINITIALIZED_AUTOS = YES_AGGRESSIVE;
				GCC_WARN_UNUSED_FUNCTION = YES;
				GCC_WARN_UNUSED_VARIABLE = YES;
				MACOSX_DEPLOYMENT_TARGET = 10.14;
				MTL_ENABLE_DEBUG_INFO = NO;
				MTL_FAST_MATH = YES;
				SDKROOT = macosx;
				SWIFT_COMPILATION_MODE = wholemodule;
				SWIFT_OBJC_BRIDGING_HEADER = "Bridging-Header.h";
				SWIFT_OPTIMIZATION_LEVEL = "-O";
			};
			name = Release;
		};
/* End XCBuildConfiguration section */

/* Begin XCConfigurationList section */
		8D20653E21BC72D1000FF8E4 /* Build configuration list for PBXNativeTarget "ck550-cli" */ = {
			isa = XCConfigurationList;
			buildConfigurations = (
				8D20653F21BC72D1000FF8E4 /* Debug */,
				8D20654021BC72D1000FF8E4 /* Release */,
			);
			defaultConfigurationIsVisible = 0;
			defaultConfigurationName = Release;
		};
		8D84AAD121C970D300087947 /* Build configuration list for PBXNativeTarget "ck550" */ = {
			isa = XCConfigurationList;
			buildConfigurations = (
				8D84AACF21C970D300087947 /* Debug */,
				8D84AAD021C970D300087947 /* Release */,
			);
			defaultConfigurationIsVisible = 0;
			defaultConfigurationName = Release;
		};
		8DADC2A4219857FA008F0641 /* Build configuration list for PBXProject "ck550" */ = {
			isa = XCConfigurationList;
			buildConfigurations = (
				8DADC2AE219857FA008F0641 /* Debug */,
				8DADC2AF219857FA008F0641 /* Release */,
			);
			defaultConfigurationIsVisible = 0;
			defaultConfigurationName = Release;
		};
/* End XCConfigurationList section */
	};
	rootObject = 8DADC2A1219857FA008F0641 /* Project object */;
}
