// !$*UTF8*$!
{
	archiveVersion = 1;
	classes = {
	};
	objectVersion = 50;
	objects = {

/* Begin PBXBuildFile section */
		8D109A3821BC80D9007F2C30 /* SwiftyJSON.framework in Frameworks */ = {isa = PBXBuildFile; fileRef = 8D109A2821BC7794007F2C30 /* SwiftyJSON.framework */; };
		8D109A3921BC80D9007F2C30 /* SwiftyJSON.framework in Embed Frameworks */ = {isa = PBXBuildFile; fileRef = 8D109A2821BC7794007F2C30 /* SwiftyJSON.framework */; settings = {ATTRIBUTES = (CodeSignOnCopy, RemoveHeadersOnCopy, ); }; };
		8D20654A21BC7394000FF8E4 /* CK550CommandBreathing.swift in Sources */ = {isa = PBXBuildFile; fileRef = 8D49DCA521B5BD1500BAC6F8 /* CK550CommandBreathing.swift */; };
		8D20654B21BC7394000FF8E4 /* CK550CommandCircleSpectrum.swift in Sources */ = {isa = PBXBuildFile; fileRef = 8D4281FF21B4842100EB1F76 /* CK550CommandCircleSpectrum.swift */; };
		8D20654C21BC7394000FF8E4 /* CK550CommandColorCycle.swift in Sources */ = {isa = PBXBuildFile; fileRef = 8D4281F721B4684500EB1F76 /* CK550CommandColorCycle.swift */; };
		8D20654D21BC7394000FF8E4 /* CK550CommandCustomization.swift in Sources */ = {isa = PBXBuildFile; fileRef = 8D34C6B721AD6393007746B6 /* CK550CommandCustomization.swift */; };
		8D20654E21BC7394000FF8E4 /* CK550CommandOff.swift in Sources */ = {isa = PBXBuildFile; fileRef = 8D49DCA321B5A9AC00BAC6F8 /* CK550CommandOff.swift */; };
		8D20654F21BC7394000FF8E4 /* CK550CommandReactiveTornado.swift in Sources */ = {isa = PBXBuildFile; fileRef = 8D4281FD21B47F9D00EB1F76 /* CK550CommandReactiveTornado.swift */; };
		8D20655021BC7394000FF8E4 /* CK550CommandRipple.swift in Sources */ = {isa = PBXBuildFile; fileRef = 8D34C71D21B32665007746B6 /* CK550CommandRipple.swift */; };
		8D20655121BC7394000FF8E4 /* CK550CommandSingleKey.swift in Sources */ = {isa = PBXBuildFile; fileRef = 8D34C71921B1E125007746B6 /* CK550CommandSingleKey.swift */; };
		8D20655221BC7394000FF8E4 /* CK550CommandSnowing.swift in Sources */ = {isa = PBXBuildFile; fileRef = 8D4281F921B46B2D00EB1F76 /* CK550CommandSnowing.swift */; };
		8D20655321BC7394000FF8E4 /* CK550CommandStars.swift in Sources */ = {isa = PBXBuildFile; fileRef = 8D4281FB21B4738E00EB1F76 /* CK550CommandStars.swift */; };
		8D20655421BC7394000FF8E4 /* CK550CommandStatic.swift in Sources */ = {isa = PBXBuildFile; fileRef = 8D49DCA121B5A8B900BAC6F8 /* CK550CommandStatic.swift */; };
		8D20655521BC7394000FF8E4 /* CK550CommandWave.swift in Sources */ = {isa = PBXBuildFile; fileRef = 8D34C71B21B315A1007746B6 /* CK550CommandWave.swift */; };
		8D20655621BC7394000FF8E4 /* CK550Command.swift in Sources */ = {isa = PBXBuildFile; fileRef = 8D34C6B521AD6393007746B6 /* CK550Command.swift */; };
		8D20655721BC7394000FF8E4 /* CK550CommandEffects.swift in Sources */ = {isa = PBXBuildFile; fileRef = 8D34C6B621AD6393007746B6 /* CK550CommandEffects.swift */; };
		8D20655821BC7394000FF8E4 /* CK550CommandFirmware.swift in Sources */ = {isa = PBXBuildFile; fileRef = 8D34C6B421AD6393007746B6 /* CK550CommandFirmware.swift */; };
		8D20655921BC7394000FF8E4 /* CK550CommandProfiles.swift in Sources */ = {isa = PBXBuildFile; fileRef = 8D34C6B821AD6393007746B6 /* CK550CommandProfiles.swift */; };
		8D20655A21BC7394000FF8E4 /* CK550HIDDeviceCommand.swift in Sources */ = {isa = PBXBuildFile; fileRef = 8D34C71221AF168F007746B6 /* CK550HIDDeviceCommand.swift */; };
		8D20655B21BC7394000FF8E4 /* CK550HIDClientCommand.swift in Sources */ = {isa = PBXBuildFile; fileRef = 8D34C71421AF173C007746B6 /* CK550HIDClientCommand.swift */; };
		8D20655C21BC7394000FF8E4 /* CK550HIDCommand.swift in Sources */ = {isa = PBXBuildFile; fileRef = 8D34C70921AED604007746B6 /* CK550HIDCommand.swift */; };
		8D20655D21BC7394000FF8E4 /* CK550HIDDevice.swift in Sources */ = {isa = PBXBuildFile; fileRef = 8D34C70721ADF458007746B6 /* CK550HIDDevice.swift */; };
		8D20655E21BC7394000FF8E4 /* Queue.swift in Sources */ = {isa = PBXBuildFile; fileRef = 8D34C71021AEDC19007746B6 /* Queue.swift */; };
		8D20655F21BC7394000FF8E4 /* HIDDeviceProtocol.swift in Sources */ = {isa = PBXBuildFile; fileRef = 8D34C70221ADE932007746B6 /* HIDDeviceProtocol.swift */; };
		8D20656021BC7394000FF8E4 /* HIDDevice.swift in Sources */ = {isa = PBXBuildFile; fileRef = 8D34C6BF21AD63A6007746B6 /* HIDDevice.swift */; };
		8D20656121BC7394000FF8E4 /* HIDRaw.swift in Sources */ = {isa = PBXBuildFile; fileRef = 8D34C6BE21AD63A6007746B6 /* HIDRaw.swift */; };
		8D20656221BC7394000FF8E4 /* HIDEnumerationNotification.swift in Sources */ = {isa = PBXBuildFile; fileRef = 8D34C6C221AD63B2007746B6 /* HIDEnumerationNotification.swift */; };
		8D20656321BC7394000FF8E4 /* Data.swift in Sources */ = {isa = PBXBuildFile; fileRef = 8D34C6C421AD63BB007746B6 /* Data.swift */; };
		8D20656421BC7394000FF8E4 /* Logging.swift in Sources */ = {isa = PBXBuildFile; fileRef = 8D34C6C521AD63BB007746B6 /* Logging.swift */; };
		8D20656521BC7469000FF8E4 /* main.swift in Sources */ = {isa = PBXBuildFile; fileRef = 8D34C6CF21AD64A7007746B6 /* main.swift */; };
		8D34C6F621AD7B11007746B6 /* main.swift in Sources */ = {isa = PBXBuildFile; fileRef = 8D34C6CF21AD64A7007746B6 /* main.swift */; };
		8D34C6F721AD7B11007746B6 /* Bridging-Header.h in Sources */ = {isa = PBXBuildFile; fileRef = 8D34C6C821AD63CA007746B6 /* Bridging-Header.h */; };
		8D34C6F821AD7B11007746B6 /* CK550Command.swift in Sources */ = {isa = PBXBuildFile; fileRef = 8D34C6B521AD6393007746B6 /* CK550Command.swift */; };
		8D34C6F921AD7B11007746B6 /* CK550CommandEffects.swift in Sources */ = {isa = PBXBuildFile; fileRef = 8D34C6B621AD6393007746B6 /* CK550CommandEffects.swift */; };
		8D34C6FA21AD7B11007746B6 /* CK550CommandCustomization.swift in Sources */ = {isa = PBXBuildFile; fileRef = 8D34C6B721AD6393007746B6 /* CK550CommandCustomization.swift */; };
		8D34C6FB21AD7B11007746B6 /* CK550CommandFirmware.swift in Sources */ = {isa = PBXBuildFile; fileRef = 8D34C6B421AD6393007746B6 /* CK550CommandFirmware.swift */; };
		8D34C6FC21AD7B11007746B6 /* CK550CommandProfiles.swift in Sources */ = {isa = PBXBuildFile; fileRef = 8D34C6B821AD6393007746B6 /* CK550CommandProfiles.swift */; };
		8D34C6FD21AD7B11007746B6 /* HIDDevice.swift in Sources */ = {isa = PBXBuildFile; fileRef = 8D34C6BF21AD63A6007746B6 /* HIDDevice.swift */; };
		8D34C6FE21AD7B11007746B6 /* HIDRaw.swift in Sources */ = {isa = PBXBuildFile; fileRef = 8D34C6BE21AD63A6007746B6 /* HIDRaw.swift */; };
		8D34C6FF21AD7B11007746B6 /* HIDEnumerationNotification.swift in Sources */ = {isa = PBXBuildFile; fileRef = 8D34C6C221AD63B2007746B6 /* HIDEnumerationNotification.swift */; };
		8D34C70021AD7B11007746B6 /* Data.swift in Sources */ = {isa = PBXBuildFile; fileRef = 8D34C6C421AD63BB007746B6 /* Data.swift */; };
		8D34C70121AD7B11007746B6 /* Logging.swift in Sources */ = {isa = PBXBuildFile; fileRef = 8D34C6C521AD63BB007746B6 /* Logging.swift */; };
		8D34C70321ADE932007746B6 /* HIDDeviceProtocol.swift in Sources */ = {isa = PBXBuildFile; fileRef = 8D34C70221ADE932007746B6 /* HIDDeviceProtocol.swift */; };
		8D34C70821ADF458007746B6 /* CK550HIDDevice.swift in Sources */ = {isa = PBXBuildFile; fileRef = 8D34C70721ADF458007746B6 /* CK550HIDDevice.swift */; };
		8D34C70A21AED604007746B6 /* CK550HIDCommand.swift in Sources */ = {isa = PBXBuildFile; fileRef = 8D34C70921AED604007746B6 /* CK550HIDCommand.swift */; };
		8D34C71121AEDC19007746B6 /* Queue.swift in Sources */ = {isa = PBXBuildFile; fileRef = 8D34C71021AEDC19007746B6 /* Queue.swift */; };
		8D34C71321AF168F007746B6 /* CK550HIDDeviceCommand.swift in Sources */ = {isa = PBXBuildFile; fileRef = 8D34C71221AF168F007746B6 /* CK550HIDDeviceCommand.swift */; };
		8D34C71521AF173C007746B6 /* CK550HIDClientCommand.swift in Sources */ = {isa = PBXBuildFile; fileRef = 8D34C71421AF173C007746B6 /* CK550HIDClientCommand.swift */; };
		8D34C71A21B1E125007746B6 /* CK550CommandSingleKey.swift in Sources */ = {isa = PBXBuildFile; fileRef = 8D34C71921B1E125007746B6 /* CK550CommandSingleKey.swift */; };
		8D34C71C21B315A1007746B6 /* CK550CommandWave.swift in Sources */ = {isa = PBXBuildFile; fileRef = 8D34C71B21B315A1007746B6 /* CK550CommandWave.swift */; };
		8D34C71E21B32665007746B6 /* CK550CommandRipple.swift in Sources */ = {isa = PBXBuildFile; fileRef = 8D34C71D21B32665007746B6 /* CK550CommandRipple.swift */; };
		8D4281F821B4684500EB1F76 /* CK550CommandColorCycle.swift in Sources */ = {isa = PBXBuildFile; fileRef = 8D4281F721B4684500EB1F76 /* CK550CommandColorCycle.swift */; };
		8D4281FA21B46B2D00EB1F76 /* CK550CommandSnowing.swift in Sources */ = {isa = PBXBuildFile; fileRef = 8D4281F921B46B2D00EB1F76 /* CK550CommandSnowing.swift */; };
		8D4281FC21B4738E00EB1F76 /* CK550CommandStars.swift in Sources */ = {isa = PBXBuildFile; fileRef = 8D4281FB21B4738E00EB1F76 /* CK550CommandStars.swift */; };
		8D4281FE21B47F9D00EB1F76 /* CK550CommandReactiveTornado.swift in Sources */ = {isa = PBXBuildFile; fileRef = 8D4281FD21B47F9D00EB1F76 /* CK550CommandReactiveTornado.swift */; };
		8D42820021B4842100EB1F76 /* CK550CommandCircleSpectrum.swift in Sources */ = {isa = PBXBuildFile; fileRef = 8D4281FF21B4842100EB1F76 /* CK550CommandCircleSpectrum.swift */; };
		8D49DCA221B5A8B900BAC6F8 /* CK550CommandStatic.swift in Sources */ = {isa = PBXBuildFile; fileRef = 8D49DCA121B5A8B900BAC6F8 /* CK550CommandStatic.swift */; };
		8D49DCA421B5A9AC00BAC6F8 /* CK550CommandOff.swift in Sources */ = {isa = PBXBuildFile; fileRef = 8D49DCA321B5A9AC00BAC6F8 /* CK550CommandOff.swift */; };
		8D49DCA621B5BD1500BAC6F8 /* CK550CommandBreathing.swift in Sources */ = {isa = PBXBuildFile; fileRef = 8D49DCA521B5BD1500BAC6F8 /* CK550CommandBreathing.swift */; };
		8D72819321C2F5DB00963B1D /* EvaluationSupport.swift in Sources */ = {isa = PBXBuildFile; fileRef = 8D72819021C2F27A00963B1D /* EvaluationSupport.swift */; };
		8D72819621C307CD00963B1D /* CommonArguments.swift in Sources */ = {isa = PBXBuildFile; fileRef = 8D72819421C307B100963B1D /* CommonArguments.swift */; };
		8D72819821C30EA900963B1D /* SingleKeyCommand.swift in Sources */ = {isa = PBXBuildFile; fileRef = 8D72819721C30EA900963B1D /* SingleKeyCommand.swift */; };
		8D72819A21C3CEBD00963B1D /* CommonColors.swift in Sources */ = {isa = PBXBuildFile; fileRef = 8D72819921C3CEBD00963B1D /* CommonColors.swift */; };
		8D72819E21C3D13E00963B1D /* WaveCommand.swift in Sources */ = {isa = PBXBuildFile; fileRef = 8D72819D21C3D13E00963B1D /* WaveCommand.swift */; };
		8D7281A021C3E98700963B1D /* RippleCommand.swift in Sources */ = {isa = PBXBuildFile; fileRef = 8D72819F21C3E98700963B1D /* RippleCommand.swift */; };
		8D7281A221C3EA8B00963B1D /* StaticCommand.swift in Sources */ = {isa = PBXBuildFile; fileRef = 8D7281A121C3EA8B00963B1D /* StaticCommand.swift */; };
		8D7281A421C3EB5600963B1D /* OffCommand.swift in Sources */ = {isa = PBXBuildFile; fileRef = 8D7281A321C3EB5600963B1D /* OffCommand.swift */; };
		8D7281A621C3EC8900963B1D /* SnowingCommand.swift in Sources */ = {isa = PBXBuildFile; fileRef = 8D7281A521C3EC8900963B1D /* SnowingCommand.swift */; };
		8D7281A821C4269000963B1D /* AssembleCommandReactiveTornado.swift in Sources */ = {isa = PBXBuildFile; fileRef = 8D7281A721C4269000963B1D /* AssembleCommandReactiveTornado.swift */; };
		8D7281AA21C4289F00963B1D /* AssembleCommandCircleSpectrum.swift in Sources */ = {isa = PBXBuildFile; fileRef = 8D7281A921C4289F00963B1D /* AssembleCommandCircleSpectrum.swift */; };
		8D7281AC21C429BD00963B1D /* AssembleCommandStars.swift in Sources */ = {isa = PBXBuildFile; fileRef = 8D7281AB21C429BD00963B1D /* AssembleCommandStars.swift */; };
		8D7281AE21C42FE500963B1D /* ReactiveTornadoCommand.swift in Sources */ = {isa = PBXBuildFile; fileRef = 8D7281AD21C42FE500963B1D /* ReactiveTornadoCommand.swift */; };
		8D7281B021C4323300963B1D /* CircleSpectrumCommand.swift in Sources */ = {isa = PBXBuildFile; fileRef = 8D7281AF21C4323300963B1D /* CircleSpectrumCommand.swift */; };
		8D7281B221C4346300963B1D /* StarsCommand.swift in Sources */ = {isa = PBXBuildFile; fileRef = 8D7281B121C4346300963B1D /* StarsCommand.swift */; };
		8D966E3421BF03A5009AF6E6 /* AssembleCommandBreathing.swift in Sources */ = {isa = PBXBuildFile; fileRef = 8D966E3321BF03A5009AF6E6 /* AssembleCommandBreathing.swift */; };
		8D966E3621BF0535009AF6E6 /* AssembleCommandRipple.swift in Sources */ = {isa = PBXBuildFile; fileRef = 8D966E3521BF0535009AF6E6 /* AssembleCommandRipple.swift */; };
		8D966E3821BF0667009AF6E6 /* AssembleCommandWave.swift in Sources */ = {isa = PBXBuildFile; fileRef = 8D966E3721BF0667009AF6E6 /* AssembleCommandWave.swift */; };
		8D966E3A21BF0745009AF6E6 /* AssembleCommandSingleKey.swift in Sources */ = {isa = PBXBuildFile; fileRef = 8D966E3921BF0745009AF6E6 /* AssembleCommandSingleKey.swift */; };
		8D966E3C21BF0826009AF6E6 /* AssembleCommandFirmwareVersion.swift in Sources */ = {isa = PBXBuildFile; fileRef = 8D966E3B21BF0826009AF6E6 /* AssembleCommandFirmwareVersion.swift */; };
		8D966E3E21BF0A68009AF6E6 /* AssembleCommandColorCycle.swift in Sources */ = {isa = PBXBuildFile; fileRef = 8D966E3D21BF0A68009AF6E6 /* AssembleCommandColorCycle.swift */; };
		8D966E4021BF0B8A009AF6E6 /* AssembleCommandStatic.swift in Sources */ = {isa = PBXBuildFile; fileRef = 8D966E3F21BF0B8A009AF6E6 /* AssembleCommandStatic.swift */; };
		8D966E4221BF0C07009AF6E6 /* AssembleCommandOff.swift in Sources */ = {isa = PBXBuildFile; fileRef = 8D966E4121BF0C07009AF6E6 /* AssembleCommandOff.swift */; };
		8D966E4421BF0C93009AF6E6 /* AssembleCommandSnowing.swift in Sources */ = {isa = PBXBuildFile; fileRef = 8D966E4321BF0C93009AF6E6 /* AssembleCommandSnowing.swift */; };
		8D966E4621C031C5009AF6E6 /* AssembleCommandProfile.swift in Sources */ = {isa = PBXBuildFile; fileRef = 8D966E4521C031C5009AF6E6 /* AssembleCommandProfile.swift */; };
		8D966E4821C035C8009AF6E6 /* PrettyColors.framework in Frameworks */ = {isa = PBXBuildFile; fileRef = 8D966E4721C035C8009AF6E6 /* PrettyColors.framework */; };
		8D966E4A21C0375F009AF6E6 /* Terminal.swift in Sources */ = {isa = PBXBuildFile; fileRef = 8D966E4921C0375F009AF6E6 /* Terminal.swift */; };
		8D966E4C21C18425009AF6E6 /* Commandant.framework in Frameworks */ = {isa = PBXBuildFile; fileRef = 8D966E4B21C18425009AF6E6 /* Commandant.framework */; };
		8D966E4D21C18490009AF6E6 /* Commandant.framework in Embed Frameworks */ = {isa = PBXBuildFile; fileRef = 8D966E4B21C18425009AF6E6 /* Commandant.framework */; settings = {ATTRIBUTES = (CodeSignOnCopy, RemoveHeadersOnCopy, ); }; };
		8D966E4E21C18490009AF6E6 /* PrettyColors.framework in Embed Frameworks */ = {isa = PBXBuildFile; fileRef = 8D966E4721C035C8009AF6E6 /* PrettyColors.framework */; settings = {ATTRIBUTES = (CodeSignOnCopy, RemoveHeadersOnCopy, ); }; };
		8D966E5021C1859C009AF6E6 /* Result.framework in Frameworks */ = {isa = PBXBuildFile; fileRef = 8D966E4F21C1859C009AF6E6 /* Result.framework */; };
		8D966E5121C185DD009AF6E6 /* Result.framework in Embed Frameworks */ = {isa = PBXBuildFile; fileRef = 8D966E4F21C1859C009AF6E6 /* Result.framework */; settings = {ATTRIBUTES = (CodeSignOnCopy, RemoveHeadersOnCopy, ); }; };
		8D966E5421C186A3009AF6E6 /* VersionCommand.swift in Sources */ = {isa = PBXBuildFile; fileRef = 8D966E5321C186A3009AF6E6 /* VersionCommand.swift */; };
		8D966E5621C18B79009AF6E6 /* MonitorCommand.swift in Sources */ = {isa = PBXBuildFile; fileRef = 8D966E5521C18B79009AF6E6 /* MonitorCommand.swift */; };
		8D966E5821C19993009AF6E6 /* Curry.framework in Frameworks */ = {isa = PBXBuildFile; fileRef = 8D966E5721C19993009AF6E6 /* Curry.framework */; };
		8D966E5921C199D4009AF6E6 /* Curry.framework in Embed Frameworks */ = {isa = PBXBuildFile; fileRef = 8D966E5721C19993009AF6E6 /* Curry.framework */; settings = {ATTRIBUTES = (CodeSignOnCopy, RemoveHeadersOnCopy, ); }; };
		8D966E5B21C19A75009AF6E6 /* CustomizationCommand.swift in Sources */ = {isa = PBXBuildFile; fileRef = 8D966E5A21C19A75009AF6E6 /* CustomizationCommand.swift */; };
		8D966E5D21C1A60A009AF6E6 /* CLI.swift in Sources */ = {isa = PBXBuildFile; fileRef = 8D966E5C21C1A60A009AF6E6 /* CLI.swift */; };
		8D966E5F21C1B65E009AF6E6 /* ColorCycleCommand.swift in Sources */ = {isa = PBXBuildFile; fileRef = 8D966E5E21C1B65E009AF6E6 /* ColorCycleCommand.swift */; };
		8D966E6121C1BD8D009AF6E6 /* BreathingCommand.swift in Sources */ = {isa = PBXBuildFile; fileRef = 8D966E6021C1BD8D009AF6E6 /* BreathingCommand.swift */; };
		8DFD0D0621BDB105009905CD /* AssembleCommandCustomization.swift in Sources */ = {isa = PBXBuildFile; fileRef = 8DFD0D0521BDB105009905CD /* AssembleCommandCustomization.swift */; };
		8DFD0D0821BDB765009905CD /* AssembleCommand.swift in Sources */ = {isa = PBXBuildFile; fileRef = 8DFD0D0721BDB765009905CD /* AssembleCommand.swift */; };
/* End PBXBuildFile section */

/* Begin PBXCopyFilesBuildPhase section */
		8D109A3A21BC80D9007F2C30 /* Embed Frameworks */ = {
			isa = PBXCopyFilesBuildPhase;
			buildActionMask = 2147483647;
			dstPath = "";
			dstSubfolderSpec = 10;
			files = (
				8D966E5921C199D4009AF6E6 /* Curry.framework in Embed Frameworks */,
				8D966E5121C185DD009AF6E6 /* Result.framework in Embed Frameworks */,
				8D966E4D21C18490009AF6E6 /* Commandant.framework in Embed Frameworks */,
				8D966E4E21C18490009AF6E6 /* PrettyColors.framework in Embed Frameworks */,
				8D109A3921BC80D9007F2C30 /* SwiftyJSON.framework in Embed Frameworks */,
			);
			name = "Embed Frameworks";
			runOnlyForDeploymentPostprocessing = 0;
		};
		8D34C6ED21AD7A85007746B6 /* CopyFiles */ = {
			isa = PBXCopyFilesBuildPhase;
			buildActionMask = 2147483647;
			dstPath = /usr/share/man/man1/;
			dstSubfolderSpec = 0;
			files = (
			);
			runOnlyForDeploymentPostprocessing = 1;
		};
/* End PBXCopyFilesBuildPhase section */

/* Begin PBXFileReference section */
		8D109A2821BC7794007F2C30 /* SwiftyJSON.framework */ = {isa = PBXFileReference; lastKnownFileType = wrapper.framework; name = SwiftyJSON.framework; path = ../Carthage/Build/Mac/SwiftyJSON.framework; sourceTree = "<group>"; };
		8D20653321BC72CF000FF8E4 /* ck550-cli.app */ = {isa = PBXFileReference; explicitFileType = wrapper.application; includeInIndex = 0; path = "ck550-cli.app"; sourceTree = BUILT_PRODUCTS_DIR; };
		8D20654221BC7359000FF8E4 /* Info.plist */ = {isa = PBXFileReference; fileEncoding = 4; lastKnownFileType = text.plist.xml; name = Info.plist; path = cli/Info.plist; sourceTree = "<group>"; };
		8D34C6B421AD6393007746B6 /* CK550CommandFirmware.swift */ = {isa = PBXFileReference; fileEncoding = 4; lastKnownFileType = sourcecode.swift; path = CK550CommandFirmware.swift; sourceTree = "<group>"; };
		8D34C6B521AD6393007746B6 /* CK550Command.swift */ = {isa = PBXFileReference; fileEncoding = 4; lastKnownFileType = sourcecode.swift; path = CK550Command.swift; sourceTree = "<group>"; };
		8D34C6B621AD6393007746B6 /* CK550CommandEffects.swift */ = {isa = PBXFileReference; fileEncoding = 4; lastKnownFileType = sourcecode.swift; path = CK550CommandEffects.swift; sourceTree = "<group>"; };
		8D34C6B721AD6393007746B6 /* CK550CommandCustomization.swift */ = {isa = PBXFileReference; fileEncoding = 4; lastKnownFileType = sourcecode.swift; path = CK550CommandCustomization.swift; sourceTree = "<group>"; };
		8D34C6B821AD6393007746B6 /* CK550CommandProfiles.swift */ = {isa = PBXFileReference; fileEncoding = 4; lastKnownFileType = sourcecode.swift; path = CK550CommandProfiles.swift; sourceTree = "<group>"; };
		8D34C6BE21AD63A6007746B6 /* HIDRaw.swift */ = {isa = PBXFileReference; fileEncoding = 4; lastKnownFileType = sourcecode.swift; path = HIDRaw.swift; sourceTree = "<group>"; };
		8D34C6BF21AD63A6007746B6 /* HIDDevice.swift */ = {isa = PBXFileReference; fileEncoding = 4; lastKnownFileType = sourcecode.swift; path = HIDDevice.swift; sourceTree = "<group>"; };
		8D34C6C221AD63B2007746B6 /* HIDEnumerationNotification.swift */ = {isa = PBXFileReference; fileEncoding = 4; lastKnownFileType = sourcecode.swift; path = HIDEnumerationNotification.swift; sourceTree = "<group>"; };
		8D34C6C421AD63BB007746B6 /* Data.swift */ = {isa = PBXFileReference; fileEncoding = 4; lastKnownFileType = sourcecode.swift; path = Data.swift; sourceTree = "<group>"; };
		8D34C6C521AD63BB007746B6 /* Logging.swift */ = {isa = PBXFileReference; fileEncoding = 4; lastKnownFileType = sourcecode.swift; path = Logging.swift; sourceTree = "<group>"; };
		8D34C6C821AD63CA007746B6 /* Bridging-Header.h */ = {isa = PBXFileReference; fileEncoding = 4; lastKnownFileType = sourcecode.c.h; path = "Bridging-Header.h"; sourceTree = "<group>"; };
		8D34C6CF21AD64A7007746B6 /* main.swift */ = {isa = PBXFileReference; fileEncoding = 4; lastKnownFileType = sourcecode.swift; name = main.swift; path = cli/main.swift; sourceTree = "<group>"; };
		8D34C6EF21AD7A85007746B6 /* ck550-cli-dev */ = {isa = PBXFileReference; explicitFileType = "compiled.mach-o.executable"; includeInIndex = 0; path = "ck550-cli-dev"; sourceTree = BUILT_PRODUCTS_DIR; };
		8D34C70221ADE932007746B6 /* HIDDeviceProtocol.swift */ = {isa = PBXFileReference; lastKnownFileType = sourcecode.swift; path = HIDDeviceProtocol.swift; sourceTree = "<group>"; };
		8D34C70721ADF458007746B6 /* CK550HIDDevice.swift */ = {isa = PBXFileReference; lastKnownFileType = sourcecode.swift; path = CK550HIDDevice.swift; sourceTree = "<group>"; };
		8D34C70921AED604007746B6 /* CK550HIDCommand.swift */ = {isa = PBXFileReference; lastKnownFileType = sourcecode.swift; path = CK550HIDCommand.swift; sourceTree = "<group>"; };
		8D34C71021AEDC19007746B6 /* Queue.swift */ = {isa = PBXFileReference; lastKnownFileType = sourcecode.swift; path = Queue.swift; sourceTree = "<group>"; };
		8D34C71221AF168F007746B6 /* CK550HIDDeviceCommand.swift */ = {isa = PBXFileReference; lastKnownFileType = sourcecode.swift; path = CK550HIDDeviceCommand.swift; sourceTree = "<group>"; };
		8D34C71421AF173C007746B6 /* CK550HIDClientCommand.swift */ = {isa = PBXFileReference; lastKnownFileType = sourcecode.swift; path = CK550HIDClientCommand.swift; sourceTree = "<group>"; };
		8D34C71921B1E125007746B6 /* CK550CommandSingleKey.swift */ = {isa = PBXFileReference; lastKnownFileType = sourcecode.swift; path = CK550CommandSingleKey.swift; sourceTree = "<group>"; };
		8D34C71B21B315A1007746B6 /* CK550CommandWave.swift */ = {isa = PBXFileReference; lastKnownFileType = sourcecode.swift; path = CK550CommandWave.swift; sourceTree = "<group>"; };
		8D34C71D21B32665007746B6 /* CK550CommandRipple.swift */ = {isa = PBXFileReference; lastKnownFileType = sourcecode.swift; path = CK550CommandRipple.swift; sourceTree = "<group>"; };
		8D4281F721B4684500EB1F76 /* CK550CommandColorCycle.swift */ = {isa = PBXFileReference; lastKnownFileType = sourcecode.swift; path = CK550CommandColorCycle.swift; sourceTree = "<group>"; };
		8D4281F921B46B2D00EB1F76 /* CK550CommandSnowing.swift */ = {isa = PBXFileReference; lastKnownFileType = sourcecode.swift; path = CK550CommandSnowing.swift; sourceTree = "<group>"; };
		8D4281FB21B4738E00EB1F76 /* CK550CommandStars.swift */ = {isa = PBXFileReference; lastKnownFileType = sourcecode.swift; path = CK550CommandStars.swift; sourceTree = "<group>"; };
		8D4281FD21B47F9D00EB1F76 /* CK550CommandReactiveTornado.swift */ = {isa = PBXFileReference; lastKnownFileType = sourcecode.swift; path = CK550CommandReactiveTornado.swift; sourceTree = "<group>"; };
		8D4281FF21B4842100EB1F76 /* CK550CommandCircleSpectrum.swift */ = {isa = PBXFileReference; lastKnownFileType = sourcecode.swift; path = CK550CommandCircleSpectrum.swift; sourceTree = "<group>"; };
		8D49DCA121B5A8B900BAC6F8 /* CK550CommandStatic.swift */ = {isa = PBXFileReference; lastKnownFileType = sourcecode.swift; path = CK550CommandStatic.swift; sourceTree = "<group>"; };
		8D49DCA321B5A9AC00BAC6F8 /* CK550CommandOff.swift */ = {isa = PBXFileReference; lastKnownFileType = sourcecode.swift; path = CK550CommandOff.swift; sourceTree = "<group>"; };
		8D49DCA521B5BD1500BAC6F8 /* CK550CommandBreathing.swift */ = {isa = PBXFileReference; lastKnownFileType = sourcecode.swift; path = CK550CommandBreathing.swift; sourceTree = "<group>"; };
		8D72819021C2F27A00963B1D /* EvaluationSupport.swift */ = {isa = PBXFileReference; lastKnownFileType = sourcecode.swift; name = EvaluationSupport.swift; path = cli/EvaluationSupport.swift; sourceTree = "<group>"; };
		8D72819421C307B100963B1D /* CommonArguments.swift */ = {isa = PBXFileReference; lastKnownFileType = sourcecode.swift; name = CommonArguments.swift; path = cli/CommonArguments.swift; sourceTree = "<group>"; };
		8D72819721C30EA900963B1D /* SingleKeyCommand.swift */ = {isa = PBXFileReference; lastKnownFileType = sourcecode.swift; name = SingleKeyCommand.swift; path = cli/SingleKeyCommand.swift; sourceTree = "<group>"; };
		8D72819921C3CEBD00963B1D /* CommonColors.swift */ = {isa = PBXFileReference; lastKnownFileType = sourcecode.swift; name = CommonColors.swift; path = cli/CommonColors.swift; sourceTree = "<group>"; };
		8D72819D21C3D13E00963B1D /* WaveCommand.swift */ = {isa = PBXFileReference; lastKnownFileType = sourcecode.swift; name = WaveCommand.swift; path = cli/WaveCommand.swift; sourceTree = "<group>"; };
		8D72819F21C3E98700963B1D /* RippleCommand.swift */ = {isa = PBXFileReference; lastKnownFileType = sourcecode.swift; name = RippleCommand.swift; path = cli/RippleCommand.swift; sourceTree = "<group>"; };
		8D7281A121C3EA8B00963B1D /* StaticCommand.swift */ = {isa = PBXFileReference; lastKnownFileType = sourcecode.swift; name = StaticCommand.swift; path = cli/StaticCommand.swift; sourceTree = "<group>"; };
		8D7281A321C3EB5600963B1D /* OffCommand.swift */ = {isa = PBXFileReference; lastKnownFileType = sourcecode.swift; name = OffCommand.swift; path = cli/OffCommand.swift; sourceTree = "<group>"; };
		8D7281A521C3EC8900963B1D /* SnowingCommand.swift */ = {isa = PBXFileReference; lastKnownFileType = sourcecode.swift; name = SnowingCommand.swift; path = cli/SnowingCommand.swift; sourceTree = "<group>"; };
		8D7281A721C4269000963B1D /* AssembleCommandReactiveTornado.swift */ = {isa = PBXFileReference; lastKnownFileType = sourcecode.swift; path = AssembleCommandReactiveTornado.swift; sourceTree = "<group>"; };
		8D7281A921C4289F00963B1D /* AssembleCommandCircleSpectrum.swift */ = {isa = PBXFileReference; lastKnownFileType = sourcecode.swift; path = AssembleCommandCircleSpectrum.swift; sourceTree = "<group>"; };
		8D7281AB21C429BD00963B1D /* AssembleCommandStars.swift */ = {isa = PBXFileReference; lastKnownFileType = sourcecode.swift; path = AssembleCommandStars.swift; sourceTree = "<group>"; };
		8D7281AD21C42FE500963B1D /* ReactiveTornadoCommand.swift */ = {isa = PBXFileReference; lastKnownFileType = sourcecode.swift; name = ReactiveTornadoCommand.swift; path = cli/ReactiveTornadoCommand.swift; sourceTree = "<group>"; };
		8D7281AF21C4323300963B1D /* CircleSpectrumCommand.swift */ = {isa = PBXFileReference; lastKnownFileType = sourcecode.swift; name = CircleSpectrumCommand.swift; path = cli/CircleSpectrumCommand.swift; sourceTree = "<group>"; };
		8D7281B121C4346300963B1D /* StarsCommand.swift */ = {isa = PBXFileReference; lastKnownFileType = sourcecode.swift; name = StarsCommand.swift; path = cli/StarsCommand.swift; sourceTree = "<group>"; };
		8D966E3321BF03A5009AF6E6 /* AssembleCommandBreathing.swift */ = {isa = PBXFileReference; lastKnownFileType = sourcecode.swift; path = AssembleCommandBreathing.swift; sourceTree = "<group>"; };
		8D966E3521BF0535009AF6E6 /* AssembleCommandRipple.swift */ = {isa = PBXFileReference; lastKnownFileType = sourcecode.swift; path = AssembleCommandRipple.swift; sourceTree = "<group>"; };
		8D966E3721BF0667009AF6E6 /* AssembleCommandWave.swift */ = {isa = PBXFileReference; lastKnownFileType = sourcecode.swift; path = AssembleCommandWave.swift; sourceTree = "<group>"; };
		8D966E3921BF0745009AF6E6 /* AssembleCommandSingleKey.swift */ = {isa = PBXFileReference; lastKnownFileType = sourcecode.swift; path = AssembleCommandSingleKey.swift; sourceTree = "<group>"; };
		8D966E3B21BF0826009AF6E6 /* AssembleCommandFirmwareVersion.swift */ = {isa = PBXFileReference; lastKnownFileType = sourcecode.swift; path = AssembleCommandFirmwareVersion.swift; sourceTree = "<group>"; };
		8D966E3D21BF0A68009AF6E6 /* AssembleCommandColorCycle.swift */ = {isa = PBXFileReference; lastKnownFileType = sourcecode.swift; path = AssembleCommandColorCycle.swift; sourceTree = "<group>"; };
		8D966E3F21BF0B8A009AF6E6 /* AssembleCommandStatic.swift */ = {isa = PBXFileReference; lastKnownFileType = sourcecode.swift; path = AssembleCommandStatic.swift; sourceTree = "<group>"; };
		8D966E4121BF0C07009AF6E6 /* AssembleCommandOff.swift */ = {isa = PBXFileReference; lastKnownFileType = sourcecode.swift; path = AssembleCommandOff.swift; sourceTree = "<group>"; };
		8D966E4321BF0C93009AF6E6 /* AssembleCommandSnowing.swift */ = {isa = PBXFileReference; lastKnownFileType = sourcecode.swift; path = AssembleCommandSnowing.swift; sourceTree = "<group>"; };
		8D966E4521C031C5009AF6E6 /* AssembleCommandProfile.swift */ = {isa = PBXFileReference; lastKnownFileType = sourcecode.swift; path = AssembleCommandProfile.swift; sourceTree = "<group>"; };
		8D966E4721C035C8009AF6E6 /* PrettyColors.framework */ = {isa = PBXFileReference; lastKnownFileType = wrapper.framework; name = PrettyColors.framework; path = ../Carthage/Build/Mac/PrettyColors.framework; sourceTree = "<group>"; };
		8D966E4921C0375F009AF6E6 /* Terminal.swift */ = {isa = PBXFileReference; lastKnownFileType = sourcecode.swift; name = Terminal.swift; path = cli/Terminal.swift; sourceTree = "<group>"; };
		8D966E4B21C18425009AF6E6 /* Commandant.framework */ = {isa = PBXFileReference; lastKnownFileType = wrapper.framework; name = Commandant.framework; path = ../Carthage/Build/Mac/Commandant.framework; sourceTree = "<group>"; };
		8D966E4F21C1859C009AF6E6 /* Result.framework */ = {isa = PBXFileReference; lastKnownFileType = wrapper.framework; name = Result.framework; path = ../Carthage/Build/Mac/Result.framework; sourceTree = "<group>"; };
		8D966E5321C186A3009AF6E6 /* VersionCommand.swift */ = {isa = PBXFileReference; lastKnownFileType = sourcecode.swift; name = VersionCommand.swift; path = cli/VersionCommand.swift; sourceTree = "<group>"; };
		8D966E5521C18B79009AF6E6 /* MonitorCommand.swift */ = {isa = PBXFileReference; lastKnownFileType = sourcecode.swift; name = MonitorCommand.swift; path = cli/MonitorCommand.swift; sourceTree = "<group>"; };
		8D966E5721C19993009AF6E6 /* Curry.framework */ = {isa = PBXFileReference; lastKnownFileType = wrapper.framework; name = Curry.framework; path = ../Carthage/Build/Mac/Curry.framework; sourceTree = "<group>"; };
		8D966E5A21C19A75009AF6E6 /* CustomizationCommand.swift */ = {isa = PBXFileReference; lastKnownFileType = sourcecode.swift; name = CustomizationCommand.swift; path = cli/CustomizationCommand.swift; sourceTree = "<group>"; };
		8D966E5C21C1A60A009AF6E6 /* CLI.swift */ = {isa = PBXFileReference; lastKnownFileType = sourcecode.swift; name = CLI.swift; path = cli/CLI.swift; sourceTree = "<group>"; };
		8D966E5E21C1B65E009AF6E6 /* ColorCycleCommand.swift */ = {isa = PBXFileReference; lastKnownFileType = sourcecode.swift; name = ColorCycleCommand.swift; path = cli/ColorCycleCommand.swift; sourceTree = "<group>"; };
		8D966E6021C1BD8D009AF6E6 /* BreathingCommand.swift */ = {isa = PBXFileReference; lastKnownFileType = sourcecode.swift; name = BreathingCommand.swift; path = cli/BreathingCommand.swift; sourceTree = "<group>"; };
		8DFD0D0421BDADCB009905CD /* ck550-cli.entitlements */ = {isa = PBXFileReference; lastKnownFileType = text.plist.entitlements; path = "ck550-cli.entitlements"; sourceTree = "<group>"; };
		8DFD0D0521BDB105009905CD /* AssembleCommandCustomization.swift */ = {isa = PBXFileReference; lastKnownFileType = sourcecode.swift; path = AssembleCommandCustomization.swift; sourceTree = "<group>"; };
		8DFD0D0721BDB765009905CD /* AssembleCommand.swift */ = {isa = PBXFileReference; lastKnownFileType = sourcecode.swift; path = AssembleCommand.swift; sourceTree = "<group>"; };
/* End PBXFileReference section */

/* Begin PBXFrameworksBuildPhase section */
		8D20653021BC72CF000FF8E4 /* Frameworks */ = {
			isa = PBXFrameworksBuildPhase;
			buildActionMask = 2147483647;
			files = (
				8D966E4C21C18425009AF6E6 /* Commandant.framework in Frameworks */,
				8D966E4821C035C8009AF6E6 /* PrettyColors.framework in Frameworks */,
				8D109A3821BC80D9007F2C30 /* SwiftyJSON.framework in Frameworks */,
				8D966E5021C1859C009AF6E6 /* Result.framework in Frameworks */,
				8D966E5821C19993009AF6E6 /* Curry.framework in Frameworks */,
			);
			runOnlyForDeploymentPostprocessing = 0;
		};
		8D34C6EC21AD7A85007746B6 /* Frameworks */ = {
			isa = PBXFrameworksBuildPhase;
			buildActionMask = 2147483647;
			files = (
			);
			runOnlyForDeploymentPostprocessing = 0;
		};
/* End PBXFrameworksBuildPhase section */

/* Begin PBXGroup section */
		8D34C6A521AD62E1007746B6 /* lib */ = {
			isa = PBXGroup;
			children = (
				8D34C6AA21AD631F007746B6 /* bridging */,
				8D34C6A621AD62F6007746B6 /* ck550 */,
				8D34C70F21AEDBCF007746B6 /* data structures */,
				8D34C6A721AD6300007746B6 /* hid */,
				8D34C6A821AD6308007746B6 /* notifications */,
				8D34C6A921AD6315007746B6 /* utils */,
			);
			name = lib;
			sourceTree = "<group>";
		};
		8D34C6A621AD62F6007746B6 /* ck550 */ = {
			isa = PBXGroup;
			children = (
				8D34C70421ADF3FF007746B6 /* commands */,
				8D34C70521ADF40E007746B6 /* hid */,
			);
			name = ck550;
			sourceTree = "<group>";
		};
		8D34C6A721AD6300007746B6 /* hid */ = {
			isa = PBXGroup;
			children = (
				8D34C71721AF1A23007746B6 /* protocols */,
				8D34C6BF21AD63A6007746B6 /* HIDDevice.swift */,
				8D34C6BE21AD63A6007746B6 /* HIDRaw.swift */,
			);
			name = hid;
			sourceTree = "<group>";
		};
		8D34C6A821AD6308007746B6 /* notifications */ = {
			isa = PBXGroup;
			children = (
				8D34C6C221AD63B2007746B6 /* HIDEnumerationNotification.swift */,
			);
			name = notifications;
			sourceTree = "<group>";
		};
		8D34C6A921AD6315007746B6 /* utils */ = {
			isa = PBXGroup;
			children = (
				8D34C6C421AD63BB007746B6 /* Data.swift */,
				8D34C6C521AD63BB007746B6 /* Logging.swift */,
			);
			name = utils;
			sourceTree = "<group>";
		};
		8D34C6AA21AD631F007746B6 /* bridging */ = {
			isa = PBXGroup;
			children = (
				8D34C6C821AD63CA007746B6 /* Bridging-Header.h */,
			);
			name = bridging;
			sourceTree = "<group>";
		};
		8D34C6CC21AD646C007746B6 /* Frameworks */ = {
			isa = PBXGroup;
			children = (
				8D966E4B21C18425009AF6E6 /* Commandant.framework */,
				8D966E5721C19993009AF6E6 /* Curry.framework */,
				8D966E4721C035C8009AF6E6 /* PrettyColors.framework */,
				8D966E4F21C1859C009AF6E6 /* Result.framework */,
				8D109A2821BC7794007F2C30 /* SwiftyJSON.framework */,
			);
			name = Frameworks;
			sourceTree = "<group>";
		};
		8D34C6CE21AD648B007746B6 /* cli */ = {
			isa = PBXGroup;
			children = (
				8D966E5221C1866D009AF6E6 /* command */,
				8DFD0D0421BDADCB009905CD /* ck550-cli.entitlements */,
				8D966E5C21C1A60A009AF6E6 /* CLI.swift */,
				8D20654221BC7359000FF8E4 /* Info.plist */,
				8D34C6CF21AD64A7007746B6 /* main.swift */,
				8D966E4921C0375F009AF6E6 /* Terminal.swift */,
			);
			name = cli;
			sourceTree = "<group>";
		};
		8D34C70421ADF3FF007746B6 /* commands */ = {
			isa = PBXGroup;
			children = (
				8D34C71821B1E0AA007746B6 /* off effect overrides */,
				8D34C6B521AD6393007746B6 /* CK550Command.swift */,
				8D34C6B621AD6393007746B6 /* CK550CommandEffects.swift */,
				8D34C6B421AD6393007746B6 /* CK550CommandFirmware.swift */,
				8D34C6B821AD6393007746B6 /* CK550CommandProfiles.swift */,
			);
			name = commands;
			sourceTree = "<group>";
		};
		8D34C70521ADF40E007746B6 /* hid */ = {
			isa = PBXGroup;
			children = (
				8D34C71621AF19FF007746B6 /* protocols */,
				8D34C70921AED604007746B6 /* CK550HIDCommand.swift */,
				8D34C70721ADF458007746B6 /* CK550HIDDevice.swift */,
			);
			name = hid;
			sourceTree = "<group>";
		};
		8D34C70F21AEDBCF007746B6 /* data structures */ = {
			isa = PBXGroup;
			children = (
				8D34C71021AEDC19007746B6 /* Queue.swift */,
			);
			name = "data structures";
			sourceTree = "<group>";
		};
		8D34C71621AF19FF007746B6 /* protocols */ = {
			isa = PBXGroup;
			children = (
				8D34C71221AF168F007746B6 /* CK550HIDDeviceCommand.swift */,
				8D34C71421AF173C007746B6 /* CK550HIDClientCommand.swift */,
			);
			name = protocols;
			sourceTree = "<group>";
		};
		8D34C71721AF1A23007746B6 /* protocols */ = {
			isa = PBXGroup;
			children = (
				8D34C70221ADE932007746B6 /* HIDDeviceProtocol.swift */,
			);
			name = protocols;
			sourceTree = "<group>";
		};
		8D34C71821B1E0AA007746B6 /* off effect overrides */ = {
			isa = PBXGroup;
			children = (
				8D49DCA521B5BD1500BAC6F8 /* CK550CommandBreathing.swift */,
				8D4281FF21B4842100EB1F76 /* CK550CommandCircleSpectrum.swift */,
				8D4281F721B4684500EB1F76 /* CK550CommandColorCycle.swift */,
				8D34C6B721AD6393007746B6 /* CK550CommandCustomization.swift */,
				8D49DCA321B5A9AC00BAC6F8 /* CK550CommandOff.swift */,
				8D4281FD21B47F9D00EB1F76 /* CK550CommandReactiveTornado.swift */,
				8D34C71D21B32665007746B6 /* CK550CommandRipple.swift */,
				8D34C71921B1E125007746B6 /* CK550CommandSingleKey.swift */,
				8D4281F921B46B2D00EB1F76 /* CK550CommandSnowing.swift */,
				8D4281FB21B4738E00EB1F76 /* CK550CommandStars.swift */,
				8D49DCA121B5A8B900BAC6F8 /* CK550CommandStatic.swift */,
				8D34C71B21B315A1007746B6 /* CK550CommandWave.swift */,
			);
			name = "off effect overrides";
			sourceTree = "<group>";
		};
		8D72819221C2F28900963B1D /* utils */ = {
			isa = PBXGroup;
			children = (
				8D72819421C307B100963B1D /* CommonArguments.swift */,
				8D72819921C3CEBD00963B1D /* CommonColors.swift */,
				8D72819021C2F27A00963B1D /* EvaluationSupport.swift */,
			);
			name = utils;
			sourceTree = "<group>";
		};
		8D72819B21C3D0B600963B1D /* effects */ = {
			isa = PBXGroup;
			children = (
				8D966E6021C1BD8D009AF6E6 /* BreathingCommand.swift */,
				8D7281AF21C4323300963B1D /* CircleSpectrumCommand.swift */,
				8D966E5E21C1B65E009AF6E6 /* ColorCycleCommand.swift */,
				8D966E5A21C19A75009AF6E6 /* CustomizationCommand.swift */,
				8D7281A321C3EB5600963B1D /* OffCommand.swift */,
				8D7281AD21C42FE500963B1D /* ReactiveTornadoCommand.swift */,
				8D72819F21C3E98700963B1D /* RippleCommand.swift */,
				8D72819721C30EA900963B1D /* SingleKeyCommand.swift */,
				8D7281A521C3EC8900963B1D /* SnowingCommand.swift */,
				8D7281B121C4346300963B1D /* StarsCommand.swift */,
				8D7281A121C3EA8B00963B1D /* StaticCommand.swift */,
				8D72819D21C3D13E00963B1D /* WaveCommand.swift */,
			);
			name = effects;
			sourceTree = "<group>";
		};
		8D966E5221C1866D009AF6E6 /* command */ = {
			isa = PBXGroup;
			children = (
				8D72819B21C3D0B600963B1D /* effects */,
				8D72819221C2F28900963B1D /* utils */,
				8D966E5521C18B79009AF6E6 /* MonitorCommand.swift */,
				8D966E5321C186A3009AF6E6 /* VersionCommand.swift */,
			);
			name = command;
			sourceTree = "<group>";
		};
		8DADC2A0219857FA008F0641 = {
			isa = PBXGroup;
			children = (
				8DFD0D0121BDAC59009905CD /* app */,
				8D34C6A521AD62E1007746B6 /* lib */,
				8DADC2AA219857FA008F0641 /* Products */,
				8D34C6CC21AD646C007746B6 /* Frameworks */,
			);
			sourceTree = "<group>";
		};
		8DADC2AA219857FA008F0641 /* Products */ = {
			isa = PBXGroup;
			children = (
				8D34C6EF21AD7A85007746B6 /* ck550-cli-dev */,
				8D20653321BC72CF000FF8E4 /* ck550-cli.app */,
			);
			name = Products;
			sourceTree = "<group>";
		};
		8DFD0D0121BDAC59009905CD /* app */ = {
			isa = PBXGroup;
			children = (
				8DFD0D0221BDAC94009905CD /* shared */,
				8D34C6CE21AD648B007746B6 /* cli */,
			);
			name = app;
			sourceTree = "<group>";
		};
		8DFD0D0221BDAC94009905CD /* shared */ = {
			isa = PBXGroup;
			children = (
				8DFD0D0721BDB765009905CD /* AssembleCommand.swift */,
				8D966E3321BF03A5009AF6E6 /* AssembleCommandBreathing.swift */,
				8D7281A921C4289F00963B1D /* AssembleCommandCircleSpectrum.swift */,
				8D966E3D21BF0A68009AF6E6 /* AssembleCommandColorCycle.swift */,
				8DFD0D0521BDB105009905CD /* AssembleCommandCustomization.swift */,
				8D966E3B21BF0826009AF6E6 /* AssembleCommandFirmwareVersion.swift */,
				8D966E4121BF0C07009AF6E6 /* AssembleCommandOff.swift */,
				8D966E4521C031C5009AF6E6 /* AssembleCommandProfile.swift */,
				8D7281A721C4269000963B1D /* AssembleCommandReactiveTornado.swift */,
				8D966E3521BF0535009AF6E6 /* AssembleCommandRipple.swift */,
				8D966E3921BF0745009AF6E6 /* AssembleCommandSingleKey.swift */,
				8D966E4321BF0C93009AF6E6 /* AssembleCommandSnowing.swift */,
				8D7281AB21C429BD00963B1D /* AssembleCommandStars.swift */,
				8D966E3F21BF0B8A009AF6E6 /* AssembleCommandStatic.swift */,
				8D966E3721BF0667009AF6E6 /* AssembleCommandWave.swift */,
			);
			name = shared;
			sourceTree = "<group>";
		};
/* End PBXGroup section */

/* Begin PBXNativeTarget section */
		8D20653221BC72CF000FF8E4 /* ck550-cli */ = {
			isa = PBXNativeTarget;
			buildConfigurationList = 8D20653E21BC72D1000FF8E4 /* Build configuration list for PBXNativeTarget "ck550-cli" */;
			buildPhases = (
				8D20652F21BC72CF000FF8E4 /* Sources */,
				8D20653021BC72CF000FF8E4 /* Frameworks */,
				8D20653121BC72CF000FF8E4 /* Resources */,
				8D109A2A21BC77C2007F2C30 /* Carthage Frameworks Handling */,
				8D109A2D21BC7D8D007F2C30 /* Extract CLI */,
				8D109A3A21BC80D9007F2C30 /* Embed Frameworks */,
			);
			buildRules = (
			);
			dependencies = (
			);
			name = "ck550-cli";
			productName = "ck550-cli";
			productReference = 8D20653321BC72CF000FF8E4 /* ck550-cli.app */;
			productType = "com.apple.product-type.application";
		};
		8D34C6EE21AD7A85007746B6 /* ck550-cli-dev */ = {
			isa = PBXNativeTarget;
			buildConfigurationList = 8D34C6F321AD7A85007746B6 /* Build configuration list for PBXNativeTarget "ck550-cli-dev" */;
			buildPhases = (
				8D34C6EB21AD7A85007746B6 /* Sources */,
				8D34C6EC21AD7A85007746B6 /* Frameworks */,
				8D34C6ED21AD7A85007746B6 /* CopyFiles */,
			);
			buildRules = (
			);
			dependencies = (
			);
			name = "ck550-cli-dev";
			productName = "ck550-cli";
			productReference = 8D34C6EF21AD7A85007746B6 /* ck550-cli-dev */;
			productType = "com.apple.product-type.tool";
		};
/* End PBXNativeTarget section */

/* Begin PBXProject section */
		8DADC2A1219857FA008F0641 /* Project object */ = {
			isa = PBXProject;
			attributes = {
				LastSwiftUpdateCheck = 1000;
				LastUpgradeCheck = 1000;
				ORGANIZATIONNAME = "Michal Duda";
				TargetAttributes = {
					8D20653221BC72CF000FF8E4 = {
						CreatedOnToolsVersion = 10.0;
						LastSwiftMigration = 1000;
						SystemCapabilities = {
							com.apple.Sandbox = {
								enabled = 0;
							};
						};
					};
					8D34C6EE21AD7A85007746B6 = {
						CreatedOnToolsVersion = 10.0;
					};
				};
			};
			buildConfigurationList = 8DADC2A4219857FA008F0641 /* Build configuration list for PBXProject "ck550" */;
			compatibilityVersion = "Xcode 9.3";
			developmentRegion = en;
			hasScannedForEncodings = 0;
			knownRegions = (
				en,
				Base,
			);
			mainGroup = 8DADC2A0219857FA008F0641;
			productRefGroup = 8DADC2AA219857FA008F0641 /* Products */;
			projectDirPath = "";
			projectRoot = "";
			targets = (
				8D34C6EE21AD7A85007746B6 /* ck550-cli-dev */,
				8D20653221BC72CF000FF8E4 /* ck550-cli */,
			);
		};
/* End PBXProject section */

/* Begin PBXResourcesBuildPhase section */
		8D20653121BC72CF000FF8E4 /* Resources */ = {
			isa = PBXResourcesBuildPhase;
			buildActionMask = 2147483647;
			files = (
			);
			runOnlyForDeploymentPostprocessing = 0;
		};
/* End PBXResourcesBuildPhase section */

/* Begin PBXShellScriptBuildPhase section */
		8D109A2A21BC77C2007F2C30 /* Carthage Frameworks Handling */ = {
			isa = PBXShellScriptBuildPhase;
			buildActionMask = 2147483647;
			files = (
			);
			inputFileListPaths = (
			);
			inputPaths = (
				"$(SRCROOT)/../Carthage/Build/Mac/SwiftyJSON.framework",
				"$(SRCROOT)/../Carthage/Build/Mac/PrettyColors.framework",
				"$(SRCROOT)/../Carthage/Build/Mac/Commandant.framework",
				"$(SRCROOT)/../Carthage/Build/Mac/Result.framework",
				"$(SRCROOT)/../Carthage/Build/Mac/Curry.framework",
			);
			name = "Carthage Frameworks Handling";
			outputFileListPaths = (
			);
			outputPaths = (
				"$(BUILT_PRODUCTS_DIR)/$(FRAMEWORKS_FOLDER_PATH)/Carthage/Build/Mac/SwiftyJSON.framework",
				"$(BUILT_PRODUCTS_DIR)/$(FRAMEWORKS_FOLDER_PATH)/Carthage/Build/Mac/PrettyColors.framework",
				"$(BUILT_PRODUCTS_DIR)/$(FRAMEWORKS_FOLDER_PATH)/Carthage/Build/Mac/Commandant.framework",
				"$(BUILT_PRODUCTS_DIR)/$(FRAMEWORKS_FOLDER_PATH)/Carthage/Build/Mac/Result.framework",
				"$(BUILT_PRODUCTS_DIR)/$(FRAMEWORKS_FOLDER_PATH)/Carthage/Build/Mac/Curry.framework",
			);
			runOnlyForDeploymentPostprocessing = 0;
			shellPath = /bin/sh;
			shellScript = "/usr/local/bin/carthage copy-frameworks\n";
		};
		8D109A2D21BC7D8D007F2C30 /* Extract CLI */ = {
			isa = PBXShellScriptBuildPhase;
			buildActionMask = 2147483647;
			files = (
			);
			inputFileListPaths = (
			);
			inputPaths = (
				"${BUILT_PRODUCTS_DIR}/${EXECUTABLE_PATH}",
			);
			name = "Extract CLI";
			outputFileListPaths = (
			);
			outputPaths = (
				"${BUILT_PRODUCTS_DIR}/${EXECUTABLE_NAME}",
			);
			runOnlyForDeploymentPostprocessing = 0;
			shellPath = /bin/sh;
			shellScript = "cp -v \"${BUILT_PRODUCTS_DIR}/${EXECUTABLE_PATH}\" \"${BUILT_PRODUCTS_DIR}/${EXECUTABLE_NAME}\"\n";
		};
/* End PBXShellScriptBuildPhase section */

/* Begin PBXSourcesBuildPhase section */
		8D20652F21BC72CF000FF8E4 /* Sources */ = {
			isa = PBXSourcesBuildPhase;
			buildActionMask = 2147483647;
			files = (
				8D72819621C307CD00963B1D /* CommonArguments.swift in Sources */,
				8D72819321C2F5DB00963B1D /* EvaluationSupport.swift in Sources */,
				8D20656521BC7469000FF8E4 /* main.swift in Sources */,
				8D7281A621C3EC8900963B1D /* SnowingCommand.swift in Sources */,
				8D7281A421C3EB5600963B1D /* OffCommand.swift in Sources */,
				8DFD0D0621BDB105009905CD /* AssembleCommandCustomization.swift in Sources */,
				8D7281A821C4269000963B1D /* AssembleCommandReactiveTornado.swift in Sources */,
				8D20654A21BC7394000FF8E4 /* CK550CommandBreathing.swift in Sources */,
				8D20654B21BC7394000FF8E4 /* CK550CommandCircleSpectrum.swift in Sources */,
				8D20654C21BC7394000FF8E4 /* CK550CommandColorCycle.swift in Sources */,
				8D20654D21BC7394000FF8E4 /* CK550CommandCustomization.swift in Sources */,
				8D20654E21BC7394000FF8E4 /* CK550CommandOff.swift in Sources */,
				8D20654F21BC7394000FF8E4 /* CK550CommandReactiveTornado.swift in Sources */,
				8D72819A21C3CEBD00963B1D /* CommonColors.swift in Sources */,
				8D20655021BC7394000FF8E4 /* CK550CommandRipple.swift in Sources */,
				8D7281B021C4323300963B1D /* CircleSpectrumCommand.swift in Sources */,
				8D20655121BC7394000FF8E4 /* CK550CommandSingleKey.swift in Sources */,
				8D20655221BC7394000FF8E4 /* CK550CommandSnowing.swift in Sources */,
				8D7281A021C3E98700963B1D /* RippleCommand.swift in Sources */,
				8DFD0D0821BDB765009905CD /* AssembleCommand.swift in Sources */,
				8D966E3421BF03A5009AF6E6 /* AssembleCommandBreathing.swift in Sources */,
				8D7281AE21C42FE500963B1D /* ReactiveTornadoCommand.swift in Sources */,
				8D966E3621BF0535009AF6E6 /* AssembleCommandRipple.swift in Sources */,
				8D966E5621C18B79009AF6E6 /* MonitorCommand.swift in Sources */,
				8D72819821C30EA900963B1D /* SingleKeyCommand.swift in Sources */,
				8D20655321BC7394000FF8E4 /* CK550CommandStars.swift in Sources */,
				8D20655421BC7394000FF8E4 /* CK550CommandStatic.swift in Sources */,
				8D20655521BC7394000FF8E4 /* CK550CommandWave.swift in Sources */,
				8D7281A221C3EA8B00963B1D /* StaticCommand.swift in Sources */,
				8D7281B221C4346300963B1D /* StarsCommand.swift in Sources */,
				8D20655621BC7394000FF8E4 /* CK550Command.swift in Sources */,
				8D966E5421C186A3009AF6E6 /* VersionCommand.swift in Sources */,
				8D20655721BC7394000FF8E4 /* CK550CommandEffects.swift in Sources */,
				8D966E5B21C19A75009AF6E6 /* CustomizationCommand.swift in Sources */,
				8D966E4021BF0B8A009AF6E6 /* AssembleCommandStatic.swift in Sources */,
				8D7281AC21C429BD00963B1D /* AssembleCommandStars.swift in Sources */,
				8D20655821BC7394000FF8E4 /* CK550CommandFirmware.swift in Sources */,
				8D20655921BC7394000FF8E4 /* CK550CommandProfiles.swift in Sources */,
				8D20655A21BC7394000FF8E4 /* CK550HIDDeviceCommand.swift in Sources */,
				8D20655B21BC7394000FF8E4 /* CK550HIDClientCommand.swift in Sources */,
				8D966E3A21BF0745009AF6E6 /* AssembleCommandSingleKey.swift in Sources */,
				8D966E3E21BF0A68009AF6E6 /* AssembleCommandColorCycle.swift in Sources */,
				8D966E3821BF0667009AF6E6 /* AssembleCommandWave.swift in Sources */,
				8D72819E21C3D13E00963B1D /* WaveCommand.swift in Sources */,
				8D7281AA21C4289F00963B1D /* AssembleCommandCircleSpectrum.swift in Sources */,
				8D966E4621C031C5009AF6E6 /* AssembleCommandProfile.swift in Sources */,
				8D966E6121C1BD8D009AF6E6 /* BreathingCommand.swift in Sources */,
				8D20655C21BC7394000FF8E4 /* CK550HIDCommand.swift in Sources */,
				8D966E5D21C1A60A009AF6E6 /* CLI.swift in Sources */,
				8D20655D21BC7394000FF8E4 /* CK550HIDDevice.swift in Sources */,
				8D966E4221BF0C07009AF6E6 /* AssembleCommandOff.swift in Sources */,
				8D20655E21BC7394000FF8E4 /* Queue.swift in Sources */,
				8D966E5F21C1B65E009AF6E6 /* ColorCycleCommand.swift in Sources */,
				8D966E4421BF0C93009AF6E6 /* AssembleCommandSnowing.swift in Sources */,
				8D20655F21BC7394000FF8E4 /* HIDDeviceProtocol.swift in Sources */,
				8D20656021BC7394000FF8E4 /* HIDDevice.swift in Sources */,
				8D20656121BC7394000FF8E4 /* HIDRaw.swift in Sources */,
				8D20656221BC7394000FF8E4 /* HIDEnumerationNotification.swift in Sources */,
				8D966E4A21C0375F009AF6E6 /* Terminal.swift in Sources */,
				8D966E3C21BF0826009AF6E6 /* AssembleCommandFirmwareVersion.swift in Sources */,
				8D20656321BC7394000FF8E4 /* Data.swift in Sources */,
				8D20656421BC7394000FF8E4 /* Logging.swift in Sources */,
			);
			runOnlyForDeploymentPostprocessing = 0;
		};
		8D34C6EB21AD7A85007746B6 /* Sources */ = {
			isa = PBXSourcesBuildPhase;
			buildActionMask = 2147483647;
			files = (
				8D42820021B4842100EB1F76 /* CK550CommandCircleSpectrum.swift in Sources */,
				8D34C70321ADE932007746B6 /* HIDDeviceProtocol.swift in Sources */,
				8D49DCA421B5A9AC00BAC6F8 /* CK550CommandOff.swift in Sources */,
				8D34C6F621AD7B11007746B6 /* main.swift in Sources */,
				8D34C6F721AD7B11007746B6 /* Bridging-Header.h in Sources */,
				8D4281FE21B47F9D00EB1F76 /* CK550CommandReactiveTornado.swift in Sources */,
				8D34C71C21B315A1007746B6 /* CK550CommandWave.swift in Sources */,
				8D34C71321AF168F007746B6 /* CK550HIDDeviceCommand.swift in Sources */,
				8D34C6F821AD7B11007746B6 /* CK550Command.swift in Sources */,
				8D4281FC21B4738E00EB1F76 /* CK550CommandStars.swift in Sources */,
				8D34C71521AF173C007746B6 /* CK550HIDClientCommand.swift in Sources */,
				8D34C6F921AD7B11007746B6 /* CK550CommandEffects.swift in Sources */,
				8D34C6FA21AD7B11007746B6 /* CK550CommandCustomization.swift in Sources */,
				8D34C71A21B1E125007746B6 /* CK550CommandSingleKey.swift in Sources */,
				8D34C70821ADF458007746B6 /* CK550HIDDevice.swift in Sources */,
				8D34C6FB21AD7B11007746B6 /* CK550CommandFirmware.swift in Sources */,
				8D34C6FC21AD7B11007746B6 /* CK550CommandProfiles.swift in Sources */,
				8D34C6FD21AD7B11007746B6 /* HIDDevice.swift in Sources */,
				8D34C6FE21AD7B11007746B6 /* HIDRaw.swift in Sources */,
				8D4281FA21B46B2D00EB1F76 /* CK550CommandSnowing.swift in Sources */,
				8D34C71121AEDC19007746B6 /* Queue.swift in Sources */,
				8D49DCA621B5BD1500BAC6F8 /* CK550CommandBreathing.swift in Sources */,
				8D34C6FF21AD7B11007746B6 /* HIDEnumerationNotification.swift in Sources */,
				8D34C70021AD7B11007746B6 /* Data.swift in Sources */,
				8D49DCA221B5A8B900BAC6F8 /* CK550CommandStatic.swift in Sources */,
				8D34C70121AD7B11007746B6 /* Logging.swift in Sources */,
				8D34C70A21AED604007746B6 /* CK550HIDCommand.swift in Sources */,
				8D34C71E21B32665007746B6 /* CK550CommandRipple.swift in Sources */,
				8D4281F821B4684500EB1F76 /* CK550CommandColorCycle.swift in Sources */,
			);
			runOnlyForDeploymentPostprocessing = 0;
		};
/* End PBXSourcesBuildPhase section */

/* Begin XCBuildConfiguration section */
		8D20653F21BC72D1000FF8E4 /* Debug */ = {
			isa = XCBuildConfiguration;
			buildSettings = {
				CLANG_ENABLE_MODULES = YES;
				CODE_SIGN_STYLE = Automatic;
				COMBINE_HIDPI_IMAGES = YES;
				DEVELOPMENT_TEAM = 3HRQ8E2SZ4;
				FRAMEWORK_SEARCH_PATHS = "$(SRCROOT)/../Carthage/Build/Mac/";
				INFOPLIST_FILE = "$(SRCROOT)/cli/Info.plist";
				LD_RUNPATH_SEARCH_PATHS = (
					"$(inherited)",
					"@executable_path/../Frameworks",
					"@executable_path/ck550-cli.app/Contents/Frameworks",
				);
				PRODUCT_BUNDLE_IDENTIFIER = "cz.vookimedlo.coolmaster.hid.ck550-cli";
				PRODUCT_NAME = "$(TARGET_NAME)";
				SWIFT_OPTIMIZATION_LEVEL = "-Onone";
				SWIFT_VERSION = 4.2;
			};
			name = Debug;
		};
		8D20654021BC72D1000FF8E4 /* Release */ = {
			isa = XCBuildConfiguration;
			buildSettings = {
				CLANG_ENABLE_MODULES = YES;
				CODE_SIGN_STYLE = Automatic;
				COMBINE_HIDPI_IMAGES = YES;
				DEVELOPMENT_TEAM = 3HRQ8E2SZ4;
				FRAMEWORK_SEARCH_PATHS = "$(SRCROOT)/../Carthage/Build/Mac/";
				INFOPLIST_FILE = "$(SRCROOT)/cli/Info.plist";
				LD_RUNPATH_SEARCH_PATHS = (
					"$(inherited)",
					"@executable_path/ck550-cli.app/Contents/Frameworks",
				);
				PRODUCT_BUNDLE_IDENTIFIER = "cz.vookimedlo.coolmaster.hid.ck550-cli";
				PRODUCT_NAME = "$(TARGET_NAME)";
				SWIFT_VERSION = 4.2;
			};
			name = Release;
		};
		8D34C6F421AD7A85007746B6 /* Debug */ = {
			isa = XCBuildConfiguration;
			buildSettings = {
				CODE_SIGN_STYLE = Automatic;
				DEVELOPMENT_TEAM = 3HRQ8E2SZ4;
				PRODUCT_NAME = "$(TARGET_NAME)";
				SWIFT_VERSION = 4.2;
			};
			name = Debug;
		};
		8D34C6F521AD7A85007746B6 /* Release */ = {
			isa = XCBuildConfiguration;
			buildSettings = {
				CODE_SIGN_STYLE = Automatic;
				DEVELOPMENT_TEAM = 3HRQ8E2SZ4;
				PRODUCT_NAME = "$(TARGET_NAME)";
				SWIFT_VERSION = 4.2;
			};
			name = Release;
		};
		8DADC2AE219857FA008F0641 /* Debug */ = {
			isa = XCBuildConfiguration;
			buildSettings = {
				ALWAYS_SEARCH_USER_PATHS = NO;
				CLANG_ANALYZER_NONNULL = YES;
				CLANG_ANALYZER_NUMBER_OBJECT_CONVERSION = YES_AGGRESSIVE;
				CLANG_CXX_LANGUAGE_STANDARD = "gnu++14";
				CLANG_CXX_LIBRARY = "libc++";
				CLANG_ENABLE_MODULES = YES;
				CLANG_ENABLE_OBJC_ARC = YES;
				CLANG_ENABLE_OBJC_WEAK = YES;
				CLANG_WARN_BLOCK_CAPTURE_AUTORELEASING = YES;
				CLANG_WARN_BOOL_CONVERSION = YES;
				CLANG_WARN_COMMA = YES;
				CLANG_WARN_CONSTANT_CONVERSION = YES;
				CLANG_WARN_DEPRECATED_OBJC_IMPLEMENTATIONS = YES;
				CLANG_WARN_DIRECT_OBJC_ISA_USAGE = YES_ERROR;
				CLANG_WARN_DOCUMENTATION_COMMENTS = YES;
				CLANG_WARN_EMPTY_BODY = YES;
				CLANG_WARN_ENUM_CONVERSION = YES;
				CLANG_WARN_INFINITE_RECURSION = YES;
				CLANG_WARN_INT_CONVERSION = YES;
				CLANG_WARN_NON_LITERAL_NULL_CONVERSION = YES;
				CLANG_WARN_OBJC_IMPLICIT_RETAIN_SELF = YES;
				CLANG_WARN_OBJC_LITERAL_CONVERSION = YES;
				CLANG_WARN_OBJC_ROOT_CLASS = YES_ERROR;
				CLANG_WARN_RANGE_LOOP_ANALYSIS = YES;
				CLANG_WARN_STRICT_PROTOTYPES = YES;
				CLANG_WARN_SUSPICIOUS_MOVE = YES;
				CLANG_WARN_UNGUARDED_AVAILABILITY = YES_AGGRESSIVE;
				CLANG_WARN_UNREACHABLE_CODE = YES;
				CLANG_WARN__DUPLICATE_METHOD_MATCH = YES;
				CODE_SIGN_IDENTITY = "Mac Developer";
				COPY_PHASE_STRIP = NO;
				DEBUG_INFORMATION_FORMAT = dwarf;
				ENABLE_STRICT_OBJC_MSGSEND = YES;
				ENABLE_TESTABILITY = YES;
				GCC_C_LANGUAGE_STANDARD = gnu11;
				GCC_DYNAMIC_NO_PIC = NO;
				GCC_NO_COMMON_BLOCKS = YES;
				GCC_OPTIMIZATION_LEVEL = 0;
				GCC_PREPROCESSOR_DEFINITIONS = (
					"DEBUG=1",
					"$(inherited)",
				);
				GCC_WARN_64_TO_32_BIT_CONVERSION = YES;
				GCC_WARN_ABOUT_RETURN_TYPE = YES_ERROR;
				GCC_WARN_UNDECLARED_SELECTOR = YES;
				GCC_WARN_UNINITIALIZED_AUTOS = YES_AGGRESSIVE;
				GCC_WARN_UNUSED_FUNCTION = YES;
				GCC_WARN_UNUSED_VARIABLE = YES;
				MACOSX_DEPLOYMENT_TARGET = 10.14;
				MTL_ENABLE_DEBUG_INFO = INCLUDE_SOURCE;
				MTL_FAST_MATH = YES;
				ONLY_ACTIVE_ARCH = YES;
				SDKROOT = macosx;
				SWIFT_ACTIVE_COMPILATION_CONDITIONS = DEBUG;
				SWIFT_OBJC_BRIDGING_HEADER = "Bridging-Header.h";
				SWIFT_OPTIMIZATION_LEVEL = "-Onone";
			};
			name = Debug;
		};
		8DADC2AF219857FA008F0641 /* Release */ = {
			isa = XCBuildConfiguration;
			buildSettings = {
				ALWAYS_SEARCH_USER_PATHS = NO;
				CLANG_ANALYZER_NONNULL = YES;
				CLANG_ANALYZER_NUMBER_OBJECT_CONVERSION = YES_AGGRESSIVE;
				CLANG_CXX_LANGUAGE_STANDARD = "gnu++14";
				CLANG_CXX_LIBRARY = "libc++";
				CLANG_ENABLE_MODULES = YES;
				CLANG_ENABLE_OBJC_ARC = YES;
				CLANG_ENABLE_OBJC_WEAK = YES;
				CLANG_WARN_BLOCK_CAPTURE_AUTORELEASING = YES;
				CLANG_WARN_BOOL_CONVERSION = YES;
				CLANG_WARN_COMMA = YES;
				CLANG_WARN_CONSTANT_CONVERSION = YES;
				CLANG_WARN_DEPRECATED_OBJC_IMPLEMENTATIONS = YES;
				CLANG_WARN_DIRECT_OBJC_ISA_USAGE = YES_ERROR;
				CLANG_WARN_DOCUMENTATION_COMMENTS = YES;
				CLANG_WARN_EMPTY_BODY = YES;
				CLANG_WARN_ENUM_CONVERSION = YES;
				CLANG_WARN_INFINITE_RECURSION = YES;
				CLANG_WARN_INT_CONVERSION = YES;
				CLANG_WARN_NON_LITERAL_NULL_CONVERSION = YES;
				CLANG_WARN_OBJC_IMPLICIT_RETAIN_SELF = YES;
				CLANG_WARN_OBJC_LITERAL_CONVERSION = YES;
				CLANG_WARN_OBJC_ROOT_CLASS = YES_ERROR;
				CLANG_WARN_RANGE_LOOP_ANALYSIS = YES;
				CLANG_WARN_STRICT_PROTOTYPES = YES;
				CLANG_WARN_SUSPICIOUS_MOVE = YES;
				CLANG_WARN_UNGUARDED_AVAILABILITY = YES_AGGRESSIVE;
				CLANG_WARN_UNREACHABLE_CODE = YES;
				CLANG_WARN__DUPLICATE_METHOD_MATCH = YES;
				CODE_SIGN_IDENTITY = "Mac Developer";
				COPY_PHASE_STRIP = NO;
				DEBUG_INFORMATION_FORMAT = "dwarf-with-dsym";
				ENABLE_NS_ASSERTIONS = NO;
				ENABLE_STRICT_OBJC_MSGSEND = YES;
				GCC_C_LANGUAGE_STANDARD = gnu11;
				GCC_NO_COMMON_BLOCKS = YES;
				GCC_WARN_64_TO_32_BIT_CONVERSION = YES;
				GCC_WARN_ABOUT_RETURN_TYPE = YES_ERROR;
				GCC_WARN_UNDECLARED_SELECTOR = YES;
				GCC_WARN_UNINITIALIZED_AUTOS = YES_AGGRESSIVE;
				GCC_WARN_UNUSED_FUNCTION = YES;
				GCC_WARN_UNUSED_VARIABLE = YES;
				MACOSX_DEPLOYMENT_TARGET = 10.14;
				MTL_ENABLE_DEBUG_INFO = NO;
				MTL_FAST_MATH = YES;
				SDKROOT = macosx;
				SWIFT_COMPILATION_MODE = wholemodule;
				SWIFT_OBJC_BRIDGING_HEADER = "Bridging-Header.h";
				SWIFT_OPTIMIZATION_LEVEL = "-O";
			};
			name = Release;
		};
/* End XCBuildConfiguration section */

/* Begin XCConfigurationList section */
		8D20653E21BC72D1000FF8E4 /* Build configuration list for PBXNativeTarget "ck550-cli" */ = {
			isa = XCConfigurationList;
			buildConfigurations = (
				8D20653F21BC72D1000FF8E4 /* Debug */,
				8D20654021BC72D1000FF8E4 /* Release */,
			);
			defaultConfigurationIsVisible = 0;
			defaultConfigurationName = Release;
		};
		8D34C6F321AD7A85007746B6 /* Build configuration list for PBXNativeTarget "ck550-cli-dev" */ = {
			isa = XCConfigurationList;
			buildConfigurations = (
				8D34C6F421AD7A85007746B6 /* Debug */,
				8D34C6F521AD7A85007746B6 /* Release */,
			);
			defaultConfigurationIsVisible = 0;
			defaultConfigurationName = Release;
		};
		8DADC2A4219857FA008F0641 /* Build configuration list for PBXProject "ck550" */ = {
			isa = XCConfigurationList;
			buildConfigurations = (
				8DADC2AE219857FA008F0641 /* Debug */,
				8DADC2AF219857FA008F0641 /* Release */,
			);
			defaultConfigurationIsVisible = 0;
			defaultConfigurationName = Release;
		};
/* End XCConfigurationList section */
	};
	rootObject = 8DADC2A1219857FA008F0641 /* Project object */;
}
